// !$*UTF8*$!
{
	archiveVersion = 1;
	classes = {
	};
	objectVersion = 77;
	objects = {

/* Begin PBXBuildFile section */
		A0313C5A2E2EEFF600B91D90 /* Algorithms in Frameworks */ = {isa = PBXBuildFile; productRef = A0313C592E2EEFF600B91D90 /* Algorithms */; };
/* End PBXBuildFile section */

/* Begin PBXCopyFilesBuildPhase section */
		A0313C462E2EECB800B91D90 /* CopyFiles */ = {
			isa = PBXCopyFilesBuildPhase;
			buildActionMask = 12;
			dstPath = "";
			dstSubfolderSpec = 16;
			files = (
			);
			runOnlyForDeploymentPostprocessing = 0;
		};
		A0313C5D2E2EF19100B91D90 /* CopyFiles */ = {
			isa = PBXCopyFilesBuildPhase;
			buildActionMask = 12;
			dstPath = "";
			dstSubfolderSpec = 16;
			files = (
			);
			runOnlyForDeploymentPostprocessing = 0;
		};
		A0313C6E2E2EF69300B91D90 /* CopyFiles */ = {
			isa = PBXCopyFilesBuildPhase;
			buildActionMask = 12;
			dstPath = "";
			dstSubfolderSpec = 16;
			files = (
			);
			runOnlyForDeploymentPostprocessing = 0;
		};
/* End PBXCopyFilesBuildPhase section */

/* Begin PBXFileReference section */
		A0313C482E2EECB800B91D90 /* Day 1 */ = {isa = PBXFileReference; explicitFileType = "compiled.mach-o.executable"; includeInIndex = 0; path = "Day 1"; sourceTree = BUILT_PRODUCTS_DIR; };
		A0313C5F2E2EF19100B91D90 /* Day 2 */ = {isa = PBXFileReference; explicitFileType = "compiled.mach-o.executable"; includeInIndex = 0; path = "Day 2"; sourceTree = BUILT_PRODUCTS_DIR; };
		A0313C702E2EF69300B91D90 /* Day 3 */ = {isa = PBXFileReference; explicitFileType = "compiled.mach-o.executable"; includeInIndex = 0; path = "Day 3"; sourceTree = BUILT_PRODUCTS_DIR; };
/* End PBXFileReference section */

/* Begin PBXFileSystemSynchronizedGroupBuildPhaseMembershipExceptionSet section */
		A0313C572E2EEDAE00B91D90 /* Exceptions for "Day 1" folder in "Copy Files" phase from "Day 1" target */ = {
			isa = PBXFileSystemSynchronizedGroupBuildPhaseMembershipExceptionSet;
			buildPhase = A0313C462E2EECB800B91D90 /* CopyFiles */;
			membershipExceptions = (
				input.txt,
				spec.txt,
			);
		};
		A0313C6B2E2EF58900B91D90 /* Exceptions for "Day 2" folder in "Copy Files" phase from "Day 2" target */ = {
			isa = PBXFileSystemSynchronizedGroupBuildPhaseMembershipExceptionSet;
			buildPhase = A0313C5D2E2EF19100B91D90 /* CopyFiles */;
			membershipExceptions = (
				input.txt,
				spec.txt,
			);
		};
		A0313C7C2E2EF72000B91D90 /* Exceptions for "Day 3" folder in "Copy Files" phase from "Day 3" target */ = {
			isa = PBXFileSystemSynchronizedGroupBuildPhaseMembershipExceptionSet;
			buildPhase = A0313C6E2E2EF69300B91D90 /* CopyFiles */;
			membershipExceptions = (
				input.txt,
				spec.txt,
			);
		};
/* End PBXFileSystemSynchronizedGroupBuildPhaseMembershipExceptionSet section */

/* Begin PBXFileSystemSynchronizedRootGroup section */
		A0313C4A2E2EECB800B91D90 /* Day 1 */ = {
			isa = PBXFileSystemSynchronizedRootGroup;
			exceptions = (
				A0313C572E2EEDAE00B91D90 /* Exceptions for "Day 1" folder in "Copy Files" phase from "Day 1" target */,
			);
			path = "Day 1";
			sourceTree = "<group>";
		};
		A0313C602E2EF19100B91D90 /* Day 2 */ = {
			isa = PBXFileSystemSynchronizedRootGroup;
			exceptions = (
				A0313C6B2E2EF58900B91D90 /* Exceptions for "Day 2" folder in "Copy Files" phase from "Day 2" target */,
			);
			path = "Day 2";
			sourceTree = "<group>";
		};
		A0313C712E2EF69300B91D90 /* Day 3 */ = {
			isa = PBXFileSystemSynchronizedRootGroup;
			exceptions = (
				A0313C7C2E2EF72000B91D90 /* Exceptions for "Day 3" folder in "Copy Files" phase from "Day 3" target */,
			);
			path = "Day 3";
			sourceTree = "<group>";
		};
/* End PBXFileSystemSynchronizedRootGroup section */

/* Begin PBXFrameworksBuildPhase section */
		A0313C452E2EECB800B91D90 /* Frameworks */ = {
			isa = PBXFrameworksBuildPhase;
			buildActionMask = 2147483647;
			files = (
				A0313C5A2E2EEFF600B91D90 /* Algorithms in Frameworks */,
			);
			runOnlyForDeploymentPostprocessing = 0;
		};
		A0313C5C2E2EF19100B91D90 /* Frameworks */ = {
			isa = PBXFrameworksBuildPhase;
			buildActionMask = 2147483647;
			files = (
			);
			runOnlyForDeploymentPostprocessing = 0;
		};
		A0313C6D2E2EF69300B91D90 /* Frameworks */ = {
			isa = PBXFrameworksBuildPhase;
			buildActionMask = 2147483647;
			files = (
			);
			runOnlyForDeploymentPostprocessing = 0;
		};
/* End PBXFrameworksBuildPhase section */

/* Begin PBXGroup section */
		A0313C3F2E2EECB800B91D90 = {
			isa = PBXGroup;
			children = (
				A0313C4A2E2EECB800B91D90 /* Day 1 */,
				A0313C602E2EF19100B91D90 /* Day 2 */,
				A0313C712E2EF69300B91D90 /* Day 3 */,
				A0313C492E2EECB800B91D90 /* Products */,
			);
			sourceTree = "<group>";
		};
		A0313C492E2EECB800B91D90 /* Products */ = {
			isa = PBXGroup;
			children = (
				A0313C482E2EECB800B91D90 /* Day 1 */,
				A0313C5F2E2EF19100B91D90 /* Day 2 */,
				A0313C702E2EF69300B91D90 /* Day 3 */,
			);
			name = Products;
			sourceTree = "<group>";
		};
/* End PBXGroup section */

/* Begin PBXNativeTarget section */
		A0313C472E2EECB800B91D90 /* Day 1 */ = {
			isa = PBXNativeTarget;
			buildConfigurationList = A0313C4F2E2EECB800B91D90 /* Build configuration list for PBXNativeTarget "Day 1" */;
			buildPhases = (
				A0313C442E2EECB800B91D90 /* Sources */,
				A0313C452E2EECB800B91D90 /* Frameworks */,
				A0313C462E2EECB800B91D90 /* CopyFiles */,
			);
			buildRules = (
			);
			dependencies = (
			);
			fileSystemSynchronizedGroups = (
				A0313C4A2E2EECB800B91D90 /* Day 1 */,
			);
			name = "Day 1";
			packageProductDependencies = (
				A0313C592E2EEFF600B91D90 /* Algorithms */,
			);
			productName = "Advent of Code 2021";
			productReference = A0313C482E2EECB800B91D90 /* Day 1 */;
			productType = "com.apple.product-type.tool";
		};
		A0313C5E2E2EF19100B91D90 /* Day 2 */ = {
			isa = PBXNativeTarget;
			buildConfigurationList = A0313C632E2EF19100B91D90 /* Build configuration list for PBXNativeTarget "Day 2" */;
			buildPhases = (
				A0313C5B2E2EF19100B91D90 /* Sources */,
				A0313C5C2E2EF19100B91D90 /* Frameworks */,
				A0313C5D2E2EF19100B91D90 /* CopyFiles */,
			);
			buildRules = (
			);
			dependencies = (
			);
			fileSystemSynchronizedGroups = (
				A0313C602E2EF19100B91D90 /* Day 2 */,
			);
			name = "Day 2";
			packageProductDependencies = (
			);
			productName = "Day 2";
			productReference = A0313C5F2E2EF19100B91D90 /* Day 2 */;
			productType = "com.apple.product-type.tool";
		};
		A0313C6F2E2EF69300B91D90 /* Day 3 */ = {
			isa = PBXNativeTarget;
			buildConfigurationList = A0313C742E2EF69300B91D90 /* Build configuration list for PBXNativeTarget "Day 3" */;
			buildPhases = (
				A0313C6C2E2EF69300B91D90 /* Sources */,
				A0313C6D2E2EF69300B91D90 /* Frameworks */,
				A0313C6E2E2EF69300B91D90 /* CopyFiles */,
			);
			buildRules = (
			);
			dependencies = (
			);
			fileSystemSynchronizedGroups = (
				A0313C712E2EF69300B91D90 /* Day 3 */,
			);
			name = "Day 3";
			packageProductDependencies = (
			);
			productName = "Day 3";
			productReference = A0313C702E2EF69300B91D90 /* Day 3 */;
			productType = "com.apple.product-type.tool";
		};
/* End PBXNativeTarget section */

/* Begin PBXProject section */
		A0313C402E2EECB800B91D90 /* Project object */ = {
			isa = PBXProject;
			attributes = {
				BuildIndependentTargetsInParallel = 1;
				LastSwiftUpdateCheck = 1640;
				LastUpgradeCheck = 1640;
				TargetAttributes = {
					A0313C472E2EECB800B91D90 = {
						CreatedOnToolsVersion = 16.4;
					};
					A0313C5E2E2EF19100B91D90 = {
						CreatedOnToolsVersion = 16.4;
					};
					A0313C6F2E2EF69300B91D90 = {
						CreatedOnToolsVersion = 16.4;
					};
				};
			};
			buildConfigurationList = A0313C432E2EECB800B91D90 /* Build configuration list for PBXProject "Advent of Code 2021" */;
			developmentRegion = en;
			hasScannedForEncodings = 0;
			knownRegions = (
				en,
				Base,
			);
			mainGroup = A0313C3F2E2EECB800B91D90;
			minimizedProjectReferenceProxies = 1;
			packageReferences = (
				A0313C582E2EEFF600B91D90 /* XCRemoteSwiftPackageReference "swift-algorithms" */,
			);
			preferredProjectObjectVersion = 77;
			productRefGroup = A0313C492E2EECB800B91D90 /* Products */;
			projectDirPath = "";
			projectRoot = "";
			targets = (
				A0313C472E2EECB800B91D90 /* Day 1 */,
				A0313C5E2E2EF19100B91D90 /* Day 2 */,
				A0313C6F2E2EF69300B91D90 /* Day 3 */,
			);
		};
/* End PBXProject section */

/* Begin PBXSourcesBuildPhase section */
		A0313C442E2EECB800B91D90 /* Sources */ = {
			isa = PBXSourcesBuildPhase;
			buildActionMask = 2147483647;
			files = (
			);
			runOnlyForDeploymentPostprocessing = 0;
		};
		A0313C5B2E2EF19100B91D90 /* Sources */ = {
			isa = PBXSourcesBuildPhase;
			buildActionMask = 2147483647;
			files = (
			);
			runOnlyForDeploymentPostprocessing = 0;
		};
		A0313C6C2E2EF69300B91D90 /* Sources */ = {
			isa = PBXSourcesBuildPhase;
			buildActionMask = 2147483647;
			files = (
			);
			runOnlyForDeploymentPostprocessing = 0;
		};
/* End PBXSourcesBuildPhase section */

/* Begin XCBuildConfiguration section */
		A0313C4D2E2EECB800B91D90 /* Debug */ = {
			isa = XCBuildConfiguration;
			buildSettings = {
				ALWAYS_SEARCH_USER_PATHS = NO;
				ASSETCATALOG_COMPILER_GENERATE_SWIFT_ASSET_SYMBOL_EXTENSIONS = YES;
				CLANG_ANALYZER_NONNULL = YES;
				CLANG_ANALYZER_NUMBER_OBJECT_CONVERSION = YES_AGGRESSIVE;
				CLANG_CXX_LANGUAGE_STANDARD = "gnu++20";
				CLANG_ENABLE_MODULES = YES;
				CLANG_ENABLE_OBJC_ARC = YES;
				CLANG_ENABLE_OBJC_WEAK = YES;
				CLANG_WARN_BLOCK_CAPTURE_AUTORELEASING = YES;
				CLANG_WARN_BOOL_CONVERSION = YES;
				CLANG_WARN_COMMA = YES;
				CLANG_WARN_CONSTANT_CONVERSION = YES;
				CLANG_WARN_DEPRECATED_OBJC_IMPLEMENTATIONS = YES;
				CLANG_WARN_DIRECT_OBJC_ISA_USAGE = YES_ERROR;
				CLANG_WARN_DOCUMENTATION_COMMENTS = YES;
				CLANG_WARN_EMPTY_BODY = YES;
				CLANG_WARN_ENUM_CONVERSION = YES;
				CLANG_WARN_INFINITE_RECURSION = YES;
				CLANG_WARN_INT_CONVERSION = YES;
				CLANG_WARN_NON_LITERAL_NULL_CONVERSION = YES;
				CLANG_WARN_OBJC_IMPLICIT_RETAIN_SELF = YES;
				CLANG_WARN_OBJC_LITERAL_CONVERSION = YES;
				CLANG_WARN_OBJC_ROOT_CLASS = YES_ERROR;
				CLANG_WARN_QUOTED_INCLUDE_IN_FRAMEWORK_HEADER = YES;
				CLANG_WARN_RANGE_LOOP_ANALYSIS = YES;
				CLANG_WARN_STRICT_PROTOTYPES = YES;
				CLANG_WARN_SUSPICIOUS_MOVE = YES;
				CLANG_WARN_UNGUARDED_AVAILABILITY = YES_AGGRESSIVE;
				CLANG_WARN_UNREACHABLE_CODE = YES;
				CLANG_WARN__DUPLICATE_METHOD_MATCH = YES;
				COPY_PHASE_STRIP = NO;
				DEBUG_INFORMATION_FORMAT = dwarf;
				ENABLE_STRICT_OBJC_MSGSEND = YES;
				ENABLE_TESTABILITY = YES;
				ENABLE_USER_SCRIPT_SANDBOXING = YES;
				GCC_C_LANGUAGE_STANDARD = gnu17;
				GCC_DYNAMIC_NO_PIC = NO;
				GCC_NO_COMMON_BLOCKS = YES;
				GCC_OPTIMIZATION_LEVEL = 0;
				GCC_PREPROCESSOR_DEFINITIONS = (
					"DEBUG=1",
					"$(inherited)",
				);
				GCC_WARN_64_TO_32_BIT_CONVERSION = YES;
				GCC_WARN_ABOUT_RETURN_TYPE = YES_ERROR;
				GCC_WARN_UNDECLARED_SELECTOR = YES;
				GCC_WARN_UNINITIALIZED_AUTOS = YES_AGGRESSIVE;
				GCC_WARN_UNUSED_FUNCTION = YES;
				GCC_WARN_UNUSED_VARIABLE = YES;
				LOCALIZATION_PREFERS_STRING_CATALOGS = YES;
				MACOSX_DEPLOYMENT_TARGET = 15.5;
				MTL_ENABLE_DEBUG_INFO = INCLUDE_SOURCE;
				MTL_FAST_MATH = YES;
				ONLY_ACTIVE_ARCH = YES;
				SDKROOT = macosx;
				SWIFT_ACTIVE_COMPILATION_CONDITIONS = "DEBUG $(inherited)";
				SWIFT_OPTIMIZATION_LEVEL = "-Onone";
			};
			name = Debug;
		};
		A0313C4E2E2EECB800B91D90 /* Release */ = {
			isa = XCBuildConfiguration;
			buildSettings = {
				ALWAYS_SEARCH_USER_PATHS = NO;
				ASSETCATALOG_COMPILER_GENERATE_SWIFT_ASSET_SYMBOL_EXTENSIONS = YES;
				CLANG_ANALYZER_NONNULL = YES;
				CLANG_ANALYZER_NUMBER_OBJECT_CONVERSION = YES_AGGRESSIVE;
				CLANG_CXX_LANGUAGE_STANDARD = "gnu++20";
				CLANG_ENABLE_MODULES = YES;
				CLANG_ENABLE_OBJC_ARC = YES;
				CLANG_ENABLE_OBJC_WEAK = YES;
				CLANG_WARN_BLOCK_CAPTURE_AUTORELEASING = YES;
				CLANG_WARN_BOOL_CONVERSION = YES;
				CLANG_WARN_COMMA = YES;
				CLANG_WARN_CONSTANT_CONVERSION = YES;
				CLANG_WARN_DEPRECATED_OBJC_IMPLEMENTATIONS = YES;
				CLANG_WARN_DIRECT_OBJC_ISA_USAGE = YES_ERROR;
				CLANG_WARN_DOCUMENTATION_COMMENTS = YES;
				CLANG_WARN_EMPTY_BODY = YES;
				CLANG_WARN_ENUM_CONVERSION = YES;
				CLANG_WARN_INFINITE_RECURSION = YES;
				CLANG_WARN_INT_CONVERSION = YES;
				CLANG_WARN_NON_LITERAL_NULL_CONVERSION = YES;
				CLANG_WARN_OBJC_IMPLICIT_RETAIN_SELF = YES;
				CLANG_WARN_OBJC_LITERAL_CONVERSION = YES;
				CLANG_WARN_OBJC_ROOT_CLASS = YES_ERROR;
				CLANG_WARN_QUOTED_INCLUDE_IN_FRAMEWORK_HEADER = YES;
				CLANG_WARN_RANGE_LOOP_ANALYSIS = YES;
				CLANG_WARN_STRICT_PROTOTYPES = YES;
				CLANG_WARN_SUSPICIOUS_MOVE = YES;
				CLANG_WARN_UNGUARDED_AVAILABILITY = YES_AGGRESSIVE;
				CLANG_WARN_UNREACHABLE_CODE = YES;
				CLANG_WARN__DUPLICATE_METHOD_MATCH = YES;
				COPY_PHASE_STRIP = NO;
				DEBUG_INFORMATION_FORMAT = "dwarf-with-dsym";
				ENABLE_NS_ASSERTIONS = NO;
				ENABLE_STRICT_OBJC_MSGSEND = YES;
				ENABLE_USER_SCRIPT_SANDBOXING = YES;
				GCC_C_LANGUAGE_STANDARD = gnu17;
				GCC_NO_COMMON_BLOCKS = YES;
				GCC_WARN_64_TO_32_BIT_CONVERSION = YES;
				GCC_WARN_ABOUT_RETURN_TYPE = YES_ERROR;
				GCC_WARN_UNDECLARED_SELECTOR = YES;
				GCC_WARN_UNINITIALIZED_AUTOS = YES_AGGRESSIVE;
				GCC_WARN_UNUSED_FUNCTION = YES;
				GCC_WARN_UNUSED_VARIABLE = YES;
				LOCALIZATION_PREFERS_STRING_CATALOGS = YES;
				MACOSX_DEPLOYMENT_TARGET = 15.5;
				MTL_ENABLE_DEBUG_INFO = NO;
				MTL_FAST_MATH = YES;
				SDKROOT = macosx;
				SWIFT_COMPILATION_MODE = wholemodule;
			};
			name = Release;
		};
		A0313C502E2EECB800B91D90 /* Debug */ = {
			isa = XCBuildConfiguration;
			buildSettings = {
				CODE_SIGN_STYLE = Automatic;
				PRODUCT_NAME = "$(TARGET_NAME)";
				SWIFT_VERSION = 5.0;
			};
			name = Debug;
		};
		A0313C512E2EECB800B91D90 /* Release */ = {
			isa = XCBuildConfiguration;
			buildSettings = {
				CODE_SIGN_STYLE = Automatic;
				PRODUCT_NAME = "$(TARGET_NAME)";
				SWIFT_VERSION = 5.0;
			};
			name = Release;
		};
		A0313C642E2EF19100B91D90 /* Debug */ = {
			isa = XCBuildConfiguration;
			buildSettings = {
				CODE_SIGN_STYLE = Automatic;
				PRODUCT_NAME = "$(TARGET_NAME)";
				SWIFT_VERSION = 5.0;
			};
			name = Debug;
		};
		A0313C652E2EF19100B91D90 /* Release */ = {
			isa = XCBuildConfiguration;
			buildSettings = {
				CODE_SIGN_STYLE = Automatic;
				PRODUCT_NAME = "$(TARGET_NAME)";
				SWIFT_VERSION = 5.0;
			};
			name = Release;
		};
		A0313C752E2EF69300B91D90 /* Debug */ = {
			isa = XCBuildConfiguration;
			buildSettings = {
				CODE_SIGN_STYLE = Automatic;
				PRODUCT_NAME = "$(TARGET_NAME)";
				SWIFT_VERSION = 5.0;
			};
			name = Debug;
		};
		A0313C762E2EF69300B91D90 /* Release */ = {
			isa = XCBuildConfiguration;
			buildSettings = {
				CODE_SIGN_STYLE = Automatic;
				PRODUCT_NAME = "$(TARGET_NAME)";
				SWIFT_VERSION = 5.0;
			};
			name = Release;
		};
/* End XCBuildConfiguration section */

/* Begin XCConfigurationList section */
		A0313C432E2EECB800B91D90 /* Build configuration list for PBXProject "Advent of Code 2021" */ = {
			isa = XCConfigurationList;
			buildConfigurations = (
				A0313C4D2E2EECB800B91D90 /* Debug */,
				A0313C4E2E2EECB800B91D90 /* Release */,
			);
			defaultConfigurationIsVisible = 0;
			defaultConfigurationName = Release;
		};
		A0313C4F2E2EECB800B91D90 /* Build configuration list for PBXNativeTarget "Day 1" */ = {
			isa = XCConfigurationList;
			buildConfigurations = (
				A0313C502E2EECB800B91D90 /* Debug */,
				A0313C512E2EECB800B91D90 /* Release */,
			);
			defaultConfigurationIsVisible = 0;
			defaultConfigurationName = Release;
		};
		A0313C632E2EF19100B91D90 /* Build configuration list for PBXNativeTarget "Day 2" */ = {
			isa = XCConfigurationList;
			buildConfigurations = (
				A0313C642E2EF19100B91D90 /* Debug */,
				A0313C652E2EF19100B91D90 /* Release */,
			);
			defaultConfigurationIsVisible = 0;
			defaultConfigurationName = Release;
		};
		A0313C742E2EF69300B91D90 /* Build configuration list for PBXNativeTarget "Day 3" */ = {
			isa = XCConfigurationList;
			buildConfigurations = (
				A0313C752E2EF69300B91D90 /* Debug */,
				A0313C762E2EF69300B91D90 /* Release */,
			);
			defaultConfigurationIsVisible = 0;
			defaultConfigurationName = Release;
		};
/* End XCConfigurationList section */

/* Begin XCRemoteSwiftPackageReference section */
		A0313C582E2EEFF600B91D90 /* XCRemoteSwiftPackageReference "swift-algorithms" */ = {
			isa = XCRemoteSwiftPackageReference;
			repositoryURL = "https://github.com/apple/swift-algorithms.git";
			requirement = {
				kind = upToNextMajorVersion;
				minimumVersion = 1.2.1;
			};
		};
/* End XCRemoteSwiftPackageReference section */

/* Begin XCSwiftPackageProductDependency section */
		A0313C592E2EEFF600B91D90 /* Algorithms */ = {
			isa = XCSwiftPackageProductDependency;
			package = A0313C582E2EEFF600B91D90 /* XCRemoteSwiftPackageReference "swift-algorithms" */;
			productName = Algorithms;
		};
/* End XCSwiftPackageProductDependency section */
	};
	rootObject = A0313C402E2EECB800B91D90 /* Project object */;
}
