// !$*UTF8*$!
{
	archiveVersion = 1;
	classes = {
	};
	objectVersion = 56;
	objects = {

/* Begin PBXBuildFile section */
		A090837E2C6ED23A00E2425B /* main.swift in Sources */ = {isa = PBXBuildFile; fileRef = A090837D2C6ED23A00E2425B /* main.swift */; };
		A09083812C6FB37000E2425B /* input.txt in CopyFiles */ = {isa = PBXBuildFile; fileRef = A09083802C6ED26D00E2425B /* input.txt */; };
		A09083822C6FB37000E2425B /* spec.txt in CopyFiles */ = {isa = PBXBuildFile; fileRef = A090837F2C6ED25900E2425B /* spec.txt */; };
		A090838A2C6FB3D000E2425B /* main.swift in Sources */ = {isa = PBXBuildFile; fileRef = A09083892C6FB3D000E2425B /* main.swift */; };
		A09083902C6FB41500E2425B /* spec.txt in CopyFiles */ = {isa = PBXBuildFile; fileRef = A090838E2C6FB40200E2425B /* spec.txt */; };
		A09083912C6FB41500E2425B /* input.txt in CopyFiles */ = {isa = PBXBuildFile; fileRef = A090838F2C6FB40E00E2425B /* input.txt */; };
		A0B486752C6DAD4600B3141E /* spec.txt in CopyFiles */ = {isa = PBXBuildFile; fileRef = A0B486732C6DAD2100B3141E /* spec.txt */; };
		A0B486762C6DAD4600B3141E /* input.txt in CopyFiles */ = {isa = PBXBuildFile; fileRef = A0B486742C6DAD3100B3141E /* input.txt */; };
		A0B4867E2C6DB0A800B3141E /* main.swift in Sources */ = {isa = PBXBuildFile; fileRef = A0B4867D2C6DB0A800B3141E /* main.swift */; };
		A0B486842C6DB0C100B3141E /* spec.txt in CopyFiles */ = {isa = PBXBuildFile; fileRef = A0B486822C6DB0B400B3141E /* spec.txt */; };
		A0B486852C6DB0C100B3141E /* input.txt in CopyFiles */ = {isa = PBXBuildFile; fileRef = A0B486832C6DB0BA00B3141E /* input.txt */; };
		A0C133C22C6DACBD001DB31C /* main.swift in Sources */ = {isa = PBXBuildFile; fileRef = A0C133C12C6DACBD001DB31C /* main.swift */; };
/* End PBXBuildFile section */

/* Begin PBXCopyFilesBuildPhase section */
		A09083742C6ED21D00E2425B /* CopyFiles */ = {
			isa = PBXCopyFilesBuildPhase;
			buildActionMask = 12;
			dstPath = "";
			dstSubfolderSpec = 16;
			files = (
				A09083812C6FB37000E2425B /* input.txt in CopyFiles */,
				A09083822C6FB37000E2425B /* spec.txt in CopyFiles */,
			);
			runOnlyForDeploymentPostprocessing = 0;
		};
		A09083852C6FB3D000E2425B /* CopyFiles */ = {
			isa = PBXCopyFilesBuildPhase;
			buildActionMask = 12;
			dstPath = "";
			dstSubfolderSpec = 16;
			files = (
				A09083902C6FB41500E2425B /* spec.txt in CopyFiles */,
				A09083912C6FB41500E2425B /* input.txt in CopyFiles */,
			);
			runOnlyForDeploymentPostprocessing = 0;
		};
		A0B486792C6DB0A800B3141E /* CopyFiles */ = {
			isa = PBXCopyFilesBuildPhase;
			buildActionMask = 12;
			dstPath = "";
			dstSubfolderSpec = 16;
			files = (
				A0B486842C6DB0C100B3141E /* spec.txt in CopyFiles */,
				A0B486852C6DB0C100B3141E /* input.txt in CopyFiles */,
			);
			runOnlyForDeploymentPostprocessing = 0;
		};
		A0C133BC2C6DACBD001DB31C /* CopyFiles */ = {
			isa = PBXCopyFilesBuildPhase;
			buildActionMask = 12;
			dstPath = "";
			dstSubfolderSpec = 16;
			files = (
				A0B486752C6DAD4600B3141E /* spec.txt in CopyFiles */,
				A0B486762C6DAD4600B3141E /* input.txt in CopyFiles */,
			);
			runOnlyForDeploymentPostprocessing = 0;
		};
/* End PBXCopyFilesBuildPhase section */

/* Begin PBXFileReference section */
		A09083762C6ED21D00E2425B /* Day 3 */ = {isa = PBXFileReference; explicitFileType = "compiled.mach-o.executable"; includeInIndex = 0; path = "Day 3"; sourceTree = BUILT_PRODUCTS_DIR; };
		A090837D2C6ED23A00E2425B /* main.swift */ = {isa = PBXFileReference; fileEncoding = 4; lastKnownFileType = sourcecode.swift; path = main.swift; sourceTree = "<group>"; };
		A090837F2C6ED25900E2425B /* spec.txt */ = {isa = PBXFileReference; lastKnownFileType = text; path = spec.txt; sourceTree = "<group>"; };
		A09083802C6ED26D00E2425B /* input.txt */ = {isa = PBXFileReference; lastKnownFileType = text; path = input.txt; sourceTree = "<group>"; };
		A09083872C6FB3D000E2425B /* Day 4 */ = {isa = PBXFileReference; explicitFileType = "compiled.mach-o.executable"; includeInIndex = 0; path = "Day 4"; sourceTree = BUILT_PRODUCTS_DIR; };
		A09083892C6FB3D000E2425B /* main.swift */ = {isa = PBXFileReference; lastKnownFileType = sourcecode.swift; path = main.swift; sourceTree = "<group>"; };
		A090838E2C6FB40200E2425B /* spec.txt */ = {isa = PBXFileReference; lastKnownFileType = text; path = spec.txt; sourceTree = "<group>"; };
		A090838F2C6FB40E00E2425B /* input.txt */ = {isa = PBXFileReference; lastKnownFileType = text; path = input.txt; sourceTree = "<group>"; };
		A0B486732C6DAD2100B3141E /* spec.txt */ = {isa = PBXFileReference; lastKnownFileType = text; path = spec.txt; sourceTree = "<group>"; };
		A0B486742C6DAD3100B3141E /* input.txt */ = {isa = PBXFileReference; lastKnownFileType = text; path = input.txt; sourceTree = "<group>"; };
		A0B4867B2C6DB0A800B3141E /* Day 2 */ = {isa = PBXFileReference; explicitFileType = "compiled.mach-o.executable"; includeInIndex = 0; path = "Day 2"; sourceTree = BUILT_PRODUCTS_DIR; };
		A0B4867D2C6DB0A800B3141E /* main.swift */ = {isa = PBXFileReference; lastKnownFileType = sourcecode.swift; path = main.swift; sourceTree = "<group>"; };
		A0B486822C6DB0B400B3141E /* spec.txt */ = {isa = PBXFileReference; lastKnownFileType = text; path = spec.txt; sourceTree = "<group>"; };
		A0B486832C6DB0BA00B3141E /* input.txt */ = {isa = PBXFileReference; lastKnownFileType = text; path = input.txt; sourceTree = "<group>"; };
		A0C133BE2C6DACBD001DB31C /* Day 1 */ = {isa = PBXFileReference; explicitFileType = "compiled.mach-o.executable"; includeInIndex = 0; path = "Day 1"; sourceTree = BUILT_PRODUCTS_DIR; };
		A0C133C12C6DACBD001DB31C /* main.swift */ = {isa = PBXFileReference; lastKnownFileType = sourcecode.swift; path = main.swift; sourceTree = "<group>"; };
/* End PBXFileReference section */

/* Begin PBXFrameworksBuildPhase section */
		A09083732C6ED21D00E2425B /* Frameworks */ = {
			isa = PBXFrameworksBuildPhase;
			buildActionMask = 2147483647;
			files = (
			);
			runOnlyForDeploymentPostprocessing = 0;
		};
		A09083842C6FB3D000E2425B /* Frameworks */ = {
			isa = PBXFrameworksBuildPhase;
			buildActionMask = 2147483647;
			files = (
			);
			runOnlyForDeploymentPostprocessing = 0;
		};
		A0B486782C6DB0A800B3141E /* Frameworks */ = {
			isa = PBXFrameworksBuildPhase;
			buildActionMask = 2147483647;
			files = (
			);
			runOnlyForDeploymentPostprocessing = 0;
		};
		A0C133BB2C6DACBD001DB31C /* Frameworks */ = {
			isa = PBXFrameworksBuildPhase;
			buildActionMask = 2147483647;
			files = (
			);
			runOnlyForDeploymentPostprocessing = 0;
		};
/* End PBXFrameworksBuildPhase section */

/* Begin PBXGroup section */
		A09083772C6ED21D00E2425B /* Day 3 */ = {
			isa = PBXGroup;
			children = (
				A090837D2C6ED23A00E2425B /* main.swift */,
				A09083802C6ED26D00E2425B /* input.txt */,
				A090837F2C6ED25900E2425B /* spec.txt */,
			);
			path = "Day 3";
			sourceTree = "<group>";
		};
		A09083882C6FB3D000E2425B /* Day 4 */ = {
			isa = PBXGroup;
			children = (
				A09083892C6FB3D000E2425B /* main.swift */,
				A090838E2C6FB40200E2425B /* spec.txt */,
				A090838F2C6FB40E00E2425B /* input.txt */,
			);
			path = "Day 4";
			sourceTree = "<group>";
		};
		A0B4867C2C6DB0A800B3141E /* Day 2 */ = {
			isa = PBXGroup;
			children = (
				A0B4867D2C6DB0A800B3141E /* main.swift */,
				A0B486822C6DB0B400B3141E /* spec.txt */,
				A0B486832C6DB0BA00B3141E /* input.txt */,
			);
			path = "Day 2";
			sourceTree = "<group>";
		};
		A0C133B52C6DACBD001DB31C = {
			isa = PBXGroup;
			children = (
				A0C133C02C6DACBD001DB31C /* Day 1 */,
				A0B4867C2C6DB0A800B3141E /* Day 2 */,
				A09083772C6ED21D00E2425B /* Day 3 */,
				A09083882C6FB3D000E2425B /* Day 4 */,
				A0C133BF2C6DACBD001DB31C /* Products */,
			);
			sourceTree = "<group>";
		};
		A0C133BF2C6DACBD001DB31C /* Products */ = {
			isa = PBXGroup;
			children = (
				A0C133BE2C6DACBD001DB31C /* Day 1 */,
				A0B4867B2C6DB0A800B3141E /* Day 2 */,
				A09083762C6ED21D00E2425B /* Day 3 */,
				A09083872C6FB3D000E2425B /* Day 4 */,
			);
			name = Products;
			sourceTree = "<group>";
		};
		A0C133C02C6DACBD001DB31C /* Day 1 */ = {
			isa = PBXGroup;
			children = (
				A0C133C12C6DACBD001DB31C /* main.swift */,
				A0B486732C6DAD2100B3141E /* spec.txt */,
				A0B486742C6DAD3100B3141E /* input.txt */,
			);
			path = "Day 1";
			sourceTree = "<group>";
		};
/* End PBXGroup section */

/* Begin PBXNativeTarget section */
		A09083752C6ED21D00E2425B /* Day 3 */ = {
			isa = PBXNativeTarget;
			buildConfigurationList = A090837A2C6ED21D00E2425B /* Build configuration list for PBXNativeTarget "Day 3" */;
			buildPhases = (
				A09083722C6ED21D00E2425B /* Sources */,
				A09083732C6ED21D00E2425B /* Frameworks */,
				A09083742C6ED21D00E2425B /* CopyFiles */,
			);
			buildRules = (
			);
			dependencies = (
			);
			name = "Day 3";
			productName = "Day 3";
			productReference = A09083762C6ED21D00E2425B /* Day 3 */;
			productType = "com.apple.product-type.tool";
		};
		A09083862C6FB3D000E2425B /* Day 4 */ = {
			isa = PBXNativeTarget;
			buildConfigurationList = A090838B2C6FB3D000E2425B /* Build configuration list for PBXNativeTarget "Day 4" */;
			buildPhases = (
				A09083832C6FB3D000E2425B /* Sources */,
				A09083842C6FB3D000E2425B /* Frameworks */,
				A09083852C6FB3D000E2425B /* CopyFiles */,
			);
			buildRules = (
			);
			dependencies = (
			);
			name = "Day 4";
			productName = "Day 4";
			productReference = A09083872C6FB3D000E2425B /* Day 4 */;
			productType = "com.apple.product-type.tool";
		};
		A0B4867A2C6DB0A800B3141E /* Day 2 */ = {
			isa = PBXNativeTarget;
			buildConfigurationList = A0B4867F2C6DB0A800B3141E /* Build configuration list for PBXNativeTarget "Day 2" */;
			buildPhases = (
				A0B486772C6DB0A800B3141E /* Sources */,
				A0B486782C6DB0A800B3141E /* Frameworks */,
				A0B486792C6DB0A800B3141E /* CopyFiles */,
			);
			buildRules = (
			);
			dependencies = (
			);
			name = "Day 2";
			productName = "Day 2";
			productReference = A0B4867B2C6DB0A800B3141E /* Day 2 */;
			productType = "com.apple.product-type.tool";
		};
		A0C133BD2C6DACBD001DB31C /* Day 1 */ = {
			isa = PBXNativeTarget;
			buildConfigurationList = A0C133C52C6DACBD001DB31C /* Build configuration list for PBXNativeTarget "Day 1" */;
			buildPhases = (
				A0C133BA2C6DACBD001DB31C /* Sources */,
				A0C133BB2C6DACBD001DB31C /* Frameworks */,
				A0C133BC2C6DACBD001DB31C /* CopyFiles */,
			);
			buildRules = (
			);
			dependencies = (
			);
			name = "Day 1";
			productName = "Advent of Code 2022";
			productReference = A0C133BE2C6DACBD001DB31C /* Day 1 */;
			productType = "com.apple.product-type.tool";
		};
/* End PBXNativeTarget section */

/* Begin PBXProject section */
		A0C133B62C6DACBD001DB31C /* Project object */ = {
			isa = PBXProject;
			attributes = {
				BuildIndependentTargetsInParallel = 1;
				LastSwiftUpdateCheck = 1540;
				LastUpgradeCheck = 1540;
				TargetAttributes = {
					A09083752C6ED21D00E2425B = {
						CreatedOnToolsVersion = 15.4;
						LastSwiftMigration = 1540;
					};
					A09083862C6FB3D000E2425B = {
						CreatedOnToolsVersion = 15.4;
					};
					A0B4867A2C6DB0A800B3141E = {
						CreatedOnToolsVersion = 15.4;
					};
					A0C133BD2C6DACBD001DB31C = {
						CreatedOnToolsVersion = 15.4;
					};
				};
			};
			buildConfigurationList = A0C133B92C6DACBD001DB31C /* Build configuration list for PBXProject "Advent of Code 2022" */;
			compatibilityVersion = "Xcode 14.0";
			developmentRegion = en;
			hasScannedForEncodings = 0;
			knownRegions = (
				en,
				Base,
			);
			mainGroup = A0C133B52C6DACBD001DB31C;
			productRefGroup = A0C133BF2C6DACBD001DB31C /* Products */;
			projectDirPath = "";
			projectRoot = "";
			targets = (
				A0C133BD2C6DACBD001DB31C /* Day 1 */,
				A0B4867A2C6DB0A800B3141E /* Day 2 */,
				A09083752C6ED21D00E2425B /* Day 3 */,
				A09083862C6FB3D000E2425B /* Day 4 */,
			);
		};
/* End PBXProject section */

/* Begin PBXSourcesBuildPhase section */
		A09083722C6ED21D00E2425B /* Sources */ = {
			isa = PBXSourcesBuildPhase;
			buildActionMask = 2147483647;
			files = (
				A090837E2C6ED23A00E2425B /* main.swift in Sources */,
			);
			runOnlyForDeploymentPostprocessing = 0;
		};
		A09083832C6FB3D000E2425B /* Sources */ = {
			isa = PBXSourcesBuildPhase;
			buildActionMask = 2147483647;
			files = (
				A090838A2C6FB3D000E2425B /* main.swift in Sources */,
			);
			runOnlyForDeploymentPostprocessing = 0;
		};
		A0B486772C6DB0A800B3141E /* Sources */ = {
			isa = PBXSourcesBuildPhase;
			buildActionMask = 2147483647;
			files = (
				A0B4867E2C6DB0A800B3141E /* main.swift in Sources */,
			);
			runOnlyForDeploymentPostprocessing = 0;
		};
		A0C133BA2C6DACBD001DB31C /* Sources */ = {
			isa = PBXSourcesBuildPhase;
			buildActionMask = 2147483647;
			files = (
				A0C133C22C6DACBD001DB31C /* main.swift in Sources */,
			);
			runOnlyForDeploymentPostprocessing = 0;
		};
/* End PBXSourcesBuildPhase section */

/* Begin XCBuildConfiguration section */
		A090837B2C6ED21D00E2425B /* Debug */ = {
			isa = XCBuildConfiguration;
			buildSettings = {
				CLANG_ENABLE_MODULES = YES;
				CODE_SIGN_STYLE = Automatic;
				DEVELOPMENT_TEAM = 27888865CT;
				ENABLE_HARDENED_RUNTIME = YES;
				PRODUCT_NAME = "$(TARGET_NAME)";
				SWIFT_OPTIMIZATION_LEVEL = "-Onone";
				SWIFT_VERSION = 5.0;
			};
			name = Debug;
		};
		A090837C2C6ED21D00E2425B /* Release */ = {
			isa = XCBuildConfiguration;
			buildSettings = {
				CLANG_ENABLE_MODULES = YES;
				CODE_SIGN_STYLE = Automatic;
				DEVELOPMENT_TEAM = 27888865CT;
				ENABLE_HARDENED_RUNTIME = YES;
				PRODUCT_NAME = "$(TARGET_NAME)";
				SWIFT_VERSION = 5.0;
			};
			name = Release;
		};
		A090838C2C6FB3D000E2425B /* Debug */ = {
			isa = XCBuildConfiguration;
			buildSettings = {
				CODE_SIGN_STYLE = Automatic;
				DEVELOPMENT_TEAM = 27888865CT;
				ENABLE_HARDENED_RUNTIME = YES;
				PRODUCT_NAME = "$(TARGET_NAME)";
				SWIFT_VERSION = 5.0;
			};
			name = Debug;
		};
		A090838D2C6FB3D000E2425B /* Release */ = {
			isa = XCBuildConfiguration;
			buildSettings = {
				CODE_SIGN_STYLE = Automatic;
				DEVELOPMENT_TEAM = 27888865CT;
				ENABLE_HARDENED_RUNTIME = YES;
				PRODUCT_NAME = "$(TARGET_NAME)";
				SWIFT_VERSION = 5.0;
			};
			name = Release;
		};
		A0B486802C6DB0A800B3141E /* Debug */ = {
			isa = XCBuildConfiguration;
			buildSettings = {
				CODE_SIGN_STYLE = Automatic;
				DEVELOPMENT_TEAM = 27888865CT;
				ENABLE_HARDENED_RUNTIME = YES;
				PRODUCT_NAME = "$(TARGET_NAME)";
				SWIFT_VERSION = 5.0;
			};
			name = Debug;
		};
		A0B486812C6DB0A800B3141E /* Release */ = {
			isa = XCBuildConfiguration;
			buildSettings = {
				CODE_SIGN_STYLE = Automatic;
				DEVELOPMENT_TEAM = 27888865CT;
				ENABLE_HARDENED_RUNTIME = YES;
				PRODUCT_NAME = "$(TARGET_NAME)";
				SWIFT_VERSION = 5.0;
			};
			name = Release;
		};
		A0C133C32C6DACBD001DB31C /* Debug */ = {
			isa = XCBuildConfiguration;
			buildSettings = {
				ALWAYS_SEARCH_USER_PATHS = NO;
				ASSETCATALOG_COMPILER_GENERATE_SWIFT_ASSET_SYMBOL_EXTENSIONS = YES;
				CLANG_ANALYZER_NONNULL = YES;
				CLANG_ANALYZER_NUMBER_OBJECT_CONVERSION = YES_AGGRESSIVE;
				CLANG_CXX_LANGUAGE_STANDARD = "gnu++20";
				CLANG_ENABLE_MODULES = YES;
				CLANG_ENABLE_OBJC_ARC = YES;
				CLANG_ENABLE_OBJC_WEAK = YES;
				CLANG_WARN_BLOCK_CAPTURE_AUTORELEASING = YES;
				CLANG_WARN_BOOL_CONVERSION = YES;
				CLANG_WARN_COMMA = YES;
				CLANG_WARN_CONSTANT_CONVERSION = YES;
				CLANG_WARN_DEPRECATED_OBJC_IMPLEMENTATIONS = YES;
				CLANG_WARN_DIRECT_OBJC_ISA_USAGE = YES_ERROR;
				CLANG_WARN_DOCUMENTATION_COMMENTS = YES;
				CLANG_WARN_EMPTY_BODY = YES;
				CLANG_WARN_ENUM_CONVERSION = YES;
				CLANG_WARN_INFINITE_RECURSION = YES;
				CLANG_WARN_INT_CONVERSION = YES;
				CLANG_WARN_NON_LITERAL_NULL_CONVERSION = YES;
				CLANG_WARN_OBJC_IMPLICIT_RETAIN_SELF = YES;
				CLANG_WARN_OBJC_LITERAL_CONVERSION = YES;
				CLANG_WARN_OBJC_ROOT_CLASS = YES_ERROR;
				CLANG_WARN_QUOTED_INCLUDE_IN_FRAMEWORK_HEADER = YES;
				CLANG_WARN_RANGE_LOOP_ANALYSIS = YES;
				CLANG_WARN_STRICT_PROTOTYPES = YES;
				CLANG_WARN_SUSPICIOUS_MOVE = YES;
				CLANG_WARN_UNGUARDED_AVAILABILITY = YES_AGGRESSIVE;
				CLANG_WARN_UNREACHABLE_CODE = YES;
				CLANG_WARN__DUPLICATE_METHOD_MATCH = YES;
				COPY_PHASE_STRIP = NO;
				DEBUG_INFORMATION_FORMAT = dwarf;
				ENABLE_STRICT_OBJC_MSGSEND = YES;
				ENABLE_TESTABILITY = YES;
				ENABLE_USER_SCRIPT_SANDBOXING = YES;
				GCC_C_LANGUAGE_STANDARD = gnu17;
				GCC_DYNAMIC_NO_PIC = NO;
				GCC_NO_COMMON_BLOCKS = YES;
				GCC_OPTIMIZATION_LEVEL = 0;
				GCC_PREPROCESSOR_DEFINITIONS = (
					"DEBUG=1",
					"$(inherited)",
				);
				GCC_WARN_64_TO_32_BIT_CONVERSION = YES;
				GCC_WARN_ABOUT_RETURN_TYPE = YES_ERROR;
				GCC_WARN_UNDECLARED_SELECTOR = YES;
				GCC_WARN_UNINITIALIZED_AUTOS = YES_AGGRESSIVE;
				GCC_WARN_UNUSED_FUNCTION = YES;
				GCC_WARN_UNUSED_VARIABLE = YES;
				LOCALIZATION_PREFERS_STRING_CATALOGS = YES;
				MACOSX_DEPLOYMENT_TARGET = 14.5;
				MTL_ENABLE_DEBUG_INFO = INCLUDE_SOURCE;
				MTL_FAST_MATH = YES;
				ONLY_ACTIVE_ARCH = YES;
				SDKROOT = macosx;
				SWIFT_ACTIVE_COMPILATION_CONDITIONS = "DEBUG $(inherited)";
				SWIFT_OPTIMIZATION_LEVEL = "-Onone";
			};
			name = Debug;
		};
		A0C133C42C6DACBD001DB31C /* Release */ = {
			isa = XCBuildConfiguration;
			buildSettings = {
				ALWAYS_SEARCH_USER_PATHS = NO;
				ASSETCATALOG_COMPILER_GENERATE_SWIFT_ASSET_SYMBOL_EXTENSIONS = YES;
				CLANG_ANALYZER_NONNULL = YES;
				CLANG_ANALYZER_NUMBER_OBJECT_CONVERSION = YES_AGGRESSIVE;
				CLANG_CXX_LANGUAGE_STANDARD = "gnu++20";
				CLANG_ENABLE_MODULES = YES;
				CLANG_ENABLE_OBJC_ARC = YES;
				CLANG_ENABLE_OBJC_WEAK = YES;
				CLANG_WARN_BLOCK_CAPTURE_AUTORELEASING = YES;
				CLANG_WARN_BOOL_CONVERSION = YES;
				CLANG_WARN_COMMA = YES;
				CLANG_WARN_CONSTANT_CONVERSION = YES;
				CLANG_WARN_DEPRECATED_OBJC_IMPLEMENTATIONS = YES;
				CLANG_WARN_DIRECT_OBJC_ISA_USAGE = YES_ERROR;
				CLANG_WARN_DOCUMENTATION_COMMENTS = YES;
				CLANG_WARN_EMPTY_BODY = YES;
				CLANG_WARN_ENUM_CONVERSION = YES;
				CLANG_WARN_INFINITE_RECURSION = YES;
				CLANG_WARN_INT_CONVERSION = YES;
				CLANG_WARN_NON_LITERAL_NULL_CONVERSION = YES;
				CLANG_WARN_OBJC_IMPLICIT_RETAIN_SELF = YES;
				CLANG_WARN_OBJC_LITERAL_CONVERSION = YES;
				CLANG_WARN_OBJC_ROOT_CLASS = YES_ERROR;
				CLANG_WARN_QUOTED_INCLUDE_IN_FRAMEWORK_HEADER = YES;
				CLANG_WARN_RANGE_LOOP_ANALYSIS = YES;
				CLANG_WARN_STRICT_PROTOTYPES = YES;
				CLANG_WARN_SUSPICIOUS_MOVE = YES;
				CLANG_WARN_UNGUARDED_AVAILABILITY = YES_AGGRESSIVE;
				CLANG_WARN_UNREACHABLE_CODE = YES;
				CLANG_WARN__DUPLICATE_METHOD_MATCH = YES;
				COPY_PHASE_STRIP = NO;
				DEBUG_INFORMATION_FORMAT = "dwarf-with-dsym";
				ENABLE_NS_ASSERTIONS = NO;
				ENABLE_STRICT_OBJC_MSGSEND = YES;
				ENABLE_USER_SCRIPT_SANDBOXING = YES;
				GCC_C_LANGUAGE_STANDARD = gnu17;
				GCC_NO_COMMON_BLOCKS = YES;
				GCC_WARN_64_TO_32_BIT_CONVERSION = YES;
				GCC_WARN_ABOUT_RETURN_TYPE = YES_ERROR;
				GCC_WARN_UNDECLARED_SELECTOR = YES;
				GCC_WARN_UNINITIALIZED_AUTOS = YES_AGGRESSIVE;
				GCC_WARN_UNUSED_FUNCTION = YES;
				GCC_WARN_UNUSED_VARIABLE = YES;
				LOCALIZATION_PREFERS_STRING_CATALOGS = YES;
				MACOSX_DEPLOYMENT_TARGET = 14.5;
				MTL_ENABLE_DEBUG_INFO = NO;
				MTL_FAST_MATH = YES;
				SDKROOT = macosx;
				SWIFT_COMPILATION_MODE = wholemodule;
			};
			name = Release;
		};
		A0C133C62C6DACBD001DB31C /* Debug */ = {
			isa = XCBuildConfiguration;
			buildSettings = {
				CODE_SIGN_STYLE = Automatic;
				DEVELOPMENT_TEAM = 27888865CT;
				ENABLE_HARDENED_RUNTIME = YES;
				PRODUCT_NAME = "$(TARGET_NAME)";
				SWIFT_VERSION = 5.0;
			};
			name = Debug;
		};
		A0C133C72C6DACBD001DB31C /* Release */ = {
			isa = XCBuildConfiguration;
			buildSettings = {
				CODE_SIGN_STYLE = Automatic;
				DEVELOPMENT_TEAM = 27888865CT;
				ENABLE_HARDENED_RUNTIME = YES;
				PRODUCT_NAME = "$(TARGET_NAME)";
				SWIFT_VERSION = 5.0;
			};
			name = Release;
		};
/* End XCBuildConfiguration section */

/* Begin XCConfigurationList section */
		A090837A2C6ED21D00E2425B /* Build configuration list for PBXNativeTarget "Day 3" */ = {
			isa = XCConfigurationList;
			buildConfigurations = (
				A090837B2C6ED21D00E2425B /* Debug */,
				A090837C2C6ED21D00E2425B /* Release */,
			);
			defaultConfigurationIsVisible = 0;
			defaultConfigurationName = Release;
		};
		A090838B2C6FB3D000E2425B /* Build configuration list for PBXNativeTarget "Day 4" */ = {
			isa = XCConfigurationList;
			buildConfigurations = (
				A090838C2C6FB3D000E2425B /* Debug */,
				A090838D2C6FB3D000E2425B /* Release */,
			);
			defaultConfigurationIsVisible = 0;
			defaultConfigurationName = Release;
		};
		A0B4867F2C6DB0A800B3141E /* Build configuration list for PBXNativeTarget "Day 2" */ = {
			isa = XCConfigurationList;
			buildConfigurations = (
				A0B486802C6DB0A800B3141E /* Debug */,
				A0B486812C6DB0A800B3141E /* Release */,
			);
			defaultConfigurationIsVisible = 0;
			defaultConfigurationName = Release;
		};
		A0C133B92C6DACBD001DB31C /* Build configuration list for PBXProject "Advent of Code 2022" */ = {
			isa = XCConfigurationList;
			buildConfigurations = (
				A0C133C32C6DACBD001DB31C /* Debug */,
				A0C133C42C6DACBD001DB31C /* Release */,
			);
			defaultConfigurationIsVisible = 0;
			defaultConfigurationName = Release;
		};
		A0C133C52C6DACBD001DB31C /* Build configuration list for PBXNativeTarget "Day 1" */ = {
			isa = XCConfigurationList;
			buildConfigurations = (
				A0C133C62C6DACBD001DB31C /* Debug */,
				A0C133C72C6DACBD001DB31C /* Release */,
			);
			defaultConfigurationIsVisible = 0;
			defaultConfigurationName = Release;
		};
/* End XCConfigurationList section */
	};
	rootObject = A0C133B62C6DACBD001DB31C /* Project object */;
}
