// !$*UTF8*$!
{
	archiveVersion = 1;
	classes = {
	};
	objectVersion = 77;
	objects = {

/* Begin PBXCopyFilesBuildPhase section */
		A025261B2D00B04D00B0FB1F /* CopyFiles */ = {
			isa = PBXCopyFilesBuildPhase;
			buildActionMask = 12;
			dstPath = "";
			dstSubfolderSpec = 16;
			files = (
			);
			runOnlyForDeploymentPostprocessing = 0;
		};
		A075BFCC2CFE0B0000D32068 /* CopyFiles */ = {
			isa = PBXCopyFilesBuildPhase;
			buildActionMask = 12;
			dstPath = "";
			dstSubfolderSpec = 16;
			files = (
			);
			runOnlyForDeploymentPostprocessing = 0;
		};
		A0EFDBC32CFC89F8006B6AD2 /* CopyFiles */ = {
			isa = PBXCopyFilesBuildPhase;
			buildActionMask = 12;
			dstPath = "";
			dstSubfolderSpec = 16;
			files = (
			);
			runOnlyForDeploymentPostprocessing = 0;
		};
		A0FE7D9D2CFEC7DC003F233C /* CopyFiles */ = {
			isa = PBXCopyFilesBuildPhase;
			buildActionMask = 12;
			dstPath = "";
			dstSubfolderSpec = 16;
			files = (
			);
			runOnlyForDeploymentPostprocessing = 0;
		};
/* End PBXCopyFilesBuildPhase section */

/* Begin PBXFileReference section */
		A025261D2D00B04D00B0FB1F /* Day 4 */ = {isa = PBXFileReference; explicitFileType = "compiled.mach-o.executable"; includeInIndex = 0; path = "Day 4"; sourceTree = BUILT_PRODUCTS_DIR; };
		A075BFCE2CFE0B0000D32068 /* Day 2 */ = {isa = PBXFileReference; explicitFileType = "compiled.mach-o.executable"; includeInIndex = 0; path = "Day 2"; sourceTree = BUILT_PRODUCTS_DIR; };
		A0EFDBC52CFC89F8006B6AD2 /* Day 1 */ = {isa = PBXFileReference; explicitFileType = "compiled.mach-o.executable"; includeInIndex = 0; path = "Day 1"; sourceTree = BUILT_PRODUCTS_DIR; };
		A0FE7D9F2CFEC7DC003F233C /* Day 3 */ = {isa = PBXFileReference; explicitFileType = "compiled.mach-o.executable"; includeInIndex = 0; path = "Day 3"; sourceTree = BUILT_PRODUCTS_DIR; };
/* End PBXFileReference section */

/* Begin PBXFileSystemSynchronizedGroupBuildPhaseMembershipExceptionSet section */
		A0414B342D00F46500CF68E1 /* Exceptions for "Day 4" folder in "Copy Files" phase from "Day 4" target */ = {
			isa = PBXFileSystemSynchronizedGroupBuildPhaseMembershipExceptionSet;
			buildPhase = A025261B2D00B04D00B0FB1F /* CopyFiles */;
			membershipExceptions = (
				input.txt,
				spec.txt,
			);
		};
		A075BFD92CFE0B3F00D32068 /* Exceptions for "Day 2" folder in "Copy Files" phase from "Day 2" target */ = {
			isa = PBXFileSystemSynchronizedGroupBuildPhaseMembershipExceptionSet;
			buildPhase = A075BFCC2CFE0B0000D32068 /* CopyFiles */;
			membershipExceptions = (
				input.txt,
				spec.txt,
			);
		};
		A0EFDBD32CFC8B5A006B6AD2 /* Exceptions for "Day 1" folder in "Copy Files" phase from "Day 1" target */ = {
			isa = PBXFileSystemSynchronizedGroupBuildPhaseMembershipExceptionSet;
			buildPhase = A0EFDBC32CFC89F8006B6AD2 /* CopyFiles */;
			membershipExceptions = (
				input.txt,
				spec.txt,
			);
		};
		A0FE7DAA2CFEC847003F233C /* Exceptions for "Day 3" folder in "Copy Files" phase from "Day 3" target */ = {
			isa = PBXFileSystemSynchronizedGroupBuildPhaseMembershipExceptionSet;
			buildPhase = A0FE7D9D2CFEC7DC003F233C /* CopyFiles */;
			membershipExceptions = (
				input.txt,
				spec_two.txt,
				spec.txt,
			);
		};
/* End PBXFileSystemSynchronizedGroupBuildPhaseMembershipExceptionSet section */

/* Begin PBXFileSystemSynchronizedRootGroup section */
		A025261E2D00B04D00B0FB1F /* Day 4 */ = {
			isa = PBXFileSystemSynchronizedRootGroup;
			exceptions = (
				A0414B342D00F46500CF68E1 /* Exceptions for "Day 4" folder in "Copy Files" phase from "Day 4" target */,
			);
			path = "Day 4";
			sourceTree = "<group>";
		};
		A075BFCF2CFE0B0000D32068 /* Day 2 */ = {
			isa = PBXFileSystemSynchronizedRootGroup;
			exceptions = (
				A075BFD92CFE0B3F00D32068 /* Exceptions for "Day 2" folder in "Copy Files" phase from "Day 2" target */,
			);
			path = "Day 2";
			sourceTree = "<group>";
		};
		A0EFDBC62CFC89F8006B6AD2 /* Day 1 */ = {
			isa = PBXFileSystemSynchronizedRootGroup;
			exceptions = (
				A0EFDBD32CFC8B5A006B6AD2 /* Exceptions for "Day 1" folder in "Copy Files" phase from "Day 1" target */,
			);
			path = "Day 1";
			sourceTree = "<group>";
		};
		A0FE7DA02CFEC7DC003F233C /* Day 3 */ = {
			isa = PBXFileSystemSynchronizedRootGroup;
			exceptions = (
				A0FE7DAA2CFEC847003F233C /* Exceptions for "Day 3" folder in "Copy Files" phase from "Day 3" target */,
			);
			path = "Day 3";
			sourceTree = "<group>";
		};
/* End PBXFileSystemSynchronizedRootGroup section */

/* Begin PBXFrameworksBuildPhase section */
		A025261A2D00B04D00B0FB1F /* Frameworks */ = {
			isa = PBXFrameworksBuildPhase;
			buildActionMask = 2147483647;
			files = (
			);
			runOnlyForDeploymentPostprocessing = 0;
		};
		A075BFCB2CFE0B0000D32068 /* Frameworks */ = {
			isa = PBXFrameworksBuildPhase;
			buildActionMask = 2147483647;
			files = (
			);
			runOnlyForDeploymentPostprocessing = 0;
		};
		A0EFDBC22CFC89F8006B6AD2 /* Frameworks */ = {
			isa = PBXFrameworksBuildPhase;
			buildActionMask = 2147483647;
			files = (
			);
			runOnlyForDeploymentPostprocessing = 0;
		};
		A0FE7D9C2CFEC7DC003F233C /* Frameworks */ = {
			isa = PBXFrameworksBuildPhase;
			buildActionMask = 2147483647;
			files = (
			);
			runOnlyForDeploymentPostprocessing = 0;
		};
/* End PBXFrameworksBuildPhase section */

/* Begin PBXGroup section */
		A05EB3922CFC89AD00FE96C0 = {
			isa = PBXGroup;
			children = (
				A0EFDBC62CFC89F8006B6AD2 /* Day 1 */,
				A075BFCF2CFE0B0000D32068 /* Day 2 */,
				A0FE7DA02CFEC7DC003F233C /* Day 3 */,
				A025261E2D00B04D00B0FB1F /* Day 4 */,
				A05EB39C2CFC89AD00FE96C0 /* Products */,
			);
			sourceTree = "<group>";
		};
		A05EB39C2CFC89AD00FE96C0 /* Products */ = {
			isa = PBXGroup;
			children = (
				A0EFDBC52CFC89F8006B6AD2 /* Day 1 */,
				A075BFCE2CFE0B0000D32068 /* Day 2 */,
				A0FE7D9F2CFEC7DC003F233C /* Day 3 */,
				A025261D2D00B04D00B0FB1F /* Day 4 */,
			);
			name = Products;
			sourceTree = "<group>";
		};
/* End PBXGroup section */

/* Begin PBXNativeTarget section */
		A025261C2D00B04D00B0FB1F /* Day 4 */ = {
			isa = PBXNativeTarget;
			buildConfigurationList = A02526232D00B04D00B0FB1F /* Build configuration list for PBXNativeTarget "Day 4" */;
			buildPhases = (
				A02526192D00B04D00B0FB1F /* Sources */,
				A025261A2D00B04D00B0FB1F /* Frameworks */,
				A025261B2D00B04D00B0FB1F /* CopyFiles */,
			);
			buildRules = (
			);
			dependencies = (
			);
			fileSystemSynchronizedGroups = (
				A025261E2D00B04D00B0FB1F /* Day 4 */,
			);
			name = "Day 4";
			packageProductDependencies = (
			);
			productName = "Day 4";
			productReference = A025261D2D00B04D00B0FB1F /* Day 4 */;
			productType = "com.apple.product-type.tool";
		};
		A075BFCD2CFE0B0000D32068 /* Day 2 */ = {
			isa = PBXNativeTarget;
			buildConfigurationList = A075BFD42CFE0B0000D32068 /* Build configuration list for PBXNativeTarget "Day 2" */;
			buildPhases = (
				A075BFCA2CFE0B0000D32068 /* Sources */,
				A075BFCB2CFE0B0000D32068 /* Frameworks */,
				A075BFCC2CFE0B0000D32068 /* CopyFiles */,
			);
			buildRules = (
			);
			dependencies = (
			);
			fileSystemSynchronizedGroups = (
				A075BFCF2CFE0B0000D32068 /* Day 2 */,
			);
			name = "Day 2";
			packageProductDependencies = (
			);
			productName = "Day 2";
			productReference = A075BFCE2CFE0B0000D32068 /* Day 2 */;
			productType = "com.apple.product-type.tool";
		};
		A0EFDBC42CFC89F8006B6AD2 /* Day 1 */ = {
			isa = PBXNativeTarget;
			buildConfigurationList = A0EFDBC92CFC89F8006B6AD2 /* Build configuration list for PBXNativeTarget "Day 1" */;
			buildPhases = (
				A0EFDBC12CFC89F8006B6AD2 /* Sources */,
				A0EFDBC22CFC89F8006B6AD2 /* Frameworks */,
				A0EFDBC32CFC89F8006B6AD2 /* CopyFiles */,
			);
			buildRules = (
			);
			dependencies = (
			);
			fileSystemSynchronizedGroups = (
				A0EFDBC62CFC89F8006B6AD2 /* Day 1 */,
			);
			name = "Day 1";
			packageProductDependencies = (
			);
			productName = "Day 1";
			productReference = A0EFDBC52CFC89F8006B6AD2 /* Day 1 */;
			productType = "com.apple.product-type.tool";
		};
		A0FE7D9E2CFEC7DC003F233C /* Day 3 */ = {
			isa = PBXNativeTarget;
			buildConfigurationList = A0FE7DA52CFEC7DC003F233C /* Build configuration list for PBXNativeTarget "Day 3" */;
			buildPhases = (
				A0FE7D9B2CFEC7DC003F233C /* Sources */,
				A0FE7D9C2CFEC7DC003F233C /* Frameworks */,
				A0FE7D9D2CFEC7DC003F233C /* CopyFiles */,
			);
			buildRules = (
			);
			dependencies = (
			);
			fileSystemSynchronizedGroups = (
				A0FE7DA02CFEC7DC003F233C /* Day 3 */,
			);
			name = "Day 3";
			packageProductDependencies = (
			);
			productName = "Day 3";
			productReference = A0FE7D9F2CFEC7DC003F233C /* Day 3 */;
			productType = "com.apple.product-type.tool";
		};
/* End PBXNativeTarget section */

/* Begin PBXProject section */
		A05EB3932CFC89AD00FE96C0 /* Project object */ = {
			isa = PBXProject;
			attributes = {
				BuildIndependentTargetsInParallel = 1;
				LastSwiftUpdateCheck = 1610;
				LastUpgradeCheck = 1610;
				TargetAttributes = {
					A025261C2D00B04D00B0FB1F = {
						CreatedOnToolsVersion = 16.1;
					};
					A075BFCD2CFE0B0000D32068 = {
						CreatedOnToolsVersion = 16.1;
					};
					A0EFDBC42CFC89F8006B6AD2 = {
						CreatedOnToolsVersion = 16.1;
					};
					A0FE7D9E2CFEC7DC003F233C = {
						CreatedOnToolsVersion = 16.1;
					};
				};
			};
			buildConfigurationList = A05EB3962CFC89AD00FE96C0 /* Build configuration list for PBXProject "Advent of Code 2024" */;
			developmentRegion = en;
			hasScannedForEncodings = 0;
			knownRegions = (
				en,
				Base,
			);
			mainGroup = A05EB3922CFC89AD00FE96C0;
			minimizedProjectReferenceProxies = 1;
			preferredProjectObjectVersion = 77;
			productRefGroup = A05EB39C2CFC89AD00FE96C0 /* Products */;
			projectDirPath = "";
			projectRoot = "";
			targets = (
				A0EFDBC42CFC89F8006B6AD2 /* Day 1 */,
				A075BFCD2CFE0B0000D32068 /* Day 2 */,
				A0FE7D9E2CFEC7DC003F233C /* Day 3 */,
				A025261C2D00B04D00B0FB1F /* Day 4 */,
			);
		};
/* End PBXProject section */

/* Begin PBXSourcesBuildPhase section */
		A02526192D00B04D00B0FB1F /* Sources */ = {
			isa = PBXSourcesBuildPhase;
			buildActionMask = 2147483647;
			files = (
			);
			runOnlyForDeploymentPostprocessing = 0;
		};
		A075BFCA2CFE0B0000D32068 /* Sources */ = {
			isa = PBXSourcesBuildPhase;
			buildActionMask = 2147483647;
			files = (
			);
			runOnlyForDeploymentPostprocessing = 0;
		};
		A0EFDBC12CFC89F8006B6AD2 /* Sources */ = {
			isa = PBXSourcesBuildPhase;
			buildActionMask = 2147483647;
			files = (
			);
			runOnlyForDeploymentPostprocessing = 0;
		};
		A0FE7D9B2CFEC7DC003F233C /* Sources */ = {
			isa = PBXSourcesBuildPhase;
			buildActionMask = 2147483647;
			files = (
			);
			runOnlyForDeploymentPostprocessing = 0;
		};
/* End PBXSourcesBuildPhase section */

/* Begin XCBuildConfiguration section */
		A02526212D00B04D00B0FB1F /* Debug */ = {
			isa = XCBuildConfiguration;
			buildSettings = {
				CODE_SIGN_STYLE = Automatic;
				DEVELOPMENT_TEAM = 27888865CT;
				ENABLE_HARDENED_RUNTIME = YES;
				PRODUCT_NAME = "$(TARGET_NAME)";
				SWIFT_VERSION = 5.0;
			};
			name = Debug;
		};
		A02526222D00B04D00B0FB1F /* Release */ = {
			isa = XCBuildConfiguration;
			buildSettings = {
				CODE_SIGN_STYLE = Automatic;
				DEVELOPMENT_TEAM = 27888865CT;
				ENABLE_HARDENED_RUNTIME = YES;
				PRODUCT_NAME = "$(TARGET_NAME)";
				SWIFT_VERSION = 5.0;
			};
			name = Release;
		};
		A05EB3A02CFC89AD00FE96C0 /* Debug */ = {
			isa = XCBuildConfiguration;
			buildSettings = {
				ALWAYS_SEARCH_USER_PATHS = NO;
				ASSETCATALOG_COMPILER_GENERATE_SWIFT_ASSET_SYMBOL_EXTENSIONS = YES;
				CLANG_ANALYZER_NONNULL = YES;
				CLANG_ANALYZER_NUMBER_OBJECT_CONVERSION = YES_AGGRESSIVE;
				CLANG_CXX_LANGUAGE_STANDARD = "gnu++20";
				CLANG_ENABLE_MODULES = YES;
				CLANG_ENABLE_OBJC_ARC = YES;
				CLANG_ENABLE_OBJC_WEAK = YES;
				CLANG_WARN_BLOCK_CAPTURE_AUTORELEASING = YES;
				CLANG_WARN_BOOL_CONVERSION = YES;
				CLANG_WARN_COMMA = YES;
				CLANG_WARN_CONSTANT_CONVERSION = YES;
				CLANG_WARN_DEPRECATED_OBJC_IMPLEMENTATIONS = YES;
				CLANG_WARN_DIRECT_OBJC_ISA_USAGE = YES_ERROR;
				CLANG_WARN_DOCUMENTATION_COMMENTS = YES;
				CLANG_WARN_EMPTY_BODY = YES;
				CLANG_WARN_ENUM_CONVERSION = YES;
				CLANG_WARN_INFINITE_RECURSION = YES;
				CLANG_WARN_INT_CONVERSION = YES;
				CLANG_WARN_NON_LITERAL_NULL_CONVERSION = YES;
				CLANG_WARN_OBJC_IMPLICIT_RETAIN_SELF = YES;
				CLANG_WARN_OBJC_LITERAL_CONVERSION = YES;
				CLANG_WARN_OBJC_ROOT_CLASS = YES_ERROR;
				CLANG_WARN_QUOTED_INCLUDE_IN_FRAMEWORK_HEADER = YES;
				CLANG_WARN_RANGE_LOOP_ANALYSIS = YES;
				CLANG_WARN_STRICT_PROTOTYPES = YES;
				CLANG_WARN_SUSPICIOUS_MOVE = YES;
				CLANG_WARN_UNGUARDED_AVAILABILITY = YES_AGGRESSIVE;
				CLANG_WARN_UNREACHABLE_CODE = YES;
				CLANG_WARN__DUPLICATE_METHOD_MATCH = YES;
				COPY_PHASE_STRIP = NO;
				DEBUG_INFORMATION_FORMAT = dwarf;
				ENABLE_STRICT_OBJC_MSGSEND = YES;
				ENABLE_TESTABILITY = YES;
				ENABLE_USER_SCRIPT_SANDBOXING = YES;
				GCC_C_LANGUAGE_STANDARD = gnu17;
				GCC_DYNAMIC_NO_PIC = NO;
				GCC_NO_COMMON_BLOCKS = YES;
				GCC_OPTIMIZATION_LEVEL = 0;
				GCC_PREPROCESSOR_DEFINITIONS = (
					"DEBUG=1",
					"$(inherited)",
				);
				GCC_WARN_64_TO_32_BIT_CONVERSION = YES;
				GCC_WARN_ABOUT_RETURN_TYPE = YES_ERROR;
				GCC_WARN_UNDECLARED_SELECTOR = YES;
				GCC_WARN_UNINITIALIZED_AUTOS = YES_AGGRESSIVE;
				GCC_WARN_UNUSED_FUNCTION = YES;
				GCC_WARN_UNUSED_VARIABLE = YES;
				LOCALIZATION_PREFERS_STRING_CATALOGS = YES;
				MACOSX_DEPLOYMENT_TARGET = 15.1;
				MTL_ENABLE_DEBUG_INFO = INCLUDE_SOURCE;
				MTL_FAST_MATH = YES;
				ONLY_ACTIVE_ARCH = YES;
				SDKROOT = macosx;
				SWIFT_ACTIVE_COMPILATION_CONDITIONS = "DEBUG $(inherited)";
				SWIFT_OPTIMIZATION_LEVEL = "-Onone";
			};
			name = Debug;
		};
		A05EB3A12CFC89AD00FE96C0 /* Release */ = {
			isa = XCBuildConfiguration;
			buildSettings = {
				ALWAYS_SEARCH_USER_PATHS = NO;
				ASSETCATALOG_COMPILER_GENERATE_SWIFT_ASSET_SYMBOL_EXTENSIONS = YES;
				CLANG_ANALYZER_NONNULL = YES;
				CLANG_ANALYZER_NUMBER_OBJECT_CONVERSION = YES_AGGRESSIVE;
				CLANG_CXX_LANGUAGE_STANDARD = "gnu++20";
				CLANG_ENABLE_MODULES = YES;
				CLANG_ENABLE_OBJC_ARC = YES;
				CLANG_ENABLE_OBJC_WEAK = YES;
				CLANG_WARN_BLOCK_CAPTURE_AUTORELEASING = YES;
				CLANG_WARN_BOOL_CONVERSION = YES;
				CLANG_WARN_COMMA = YES;
				CLANG_WARN_CONSTANT_CONVERSION = YES;
				CLANG_WARN_DEPRECATED_OBJC_IMPLEMENTATIONS = YES;
				CLANG_WARN_DIRECT_OBJC_ISA_USAGE = YES_ERROR;
				CLANG_WARN_DOCUMENTATION_COMMENTS = YES;
				CLANG_WARN_EMPTY_BODY = YES;
				CLANG_WARN_ENUM_CONVERSION = YES;
				CLANG_WARN_INFINITE_RECURSION = YES;
				CLANG_WARN_INT_CONVERSION = YES;
				CLANG_WARN_NON_LITERAL_NULL_CONVERSION = YES;
				CLANG_WARN_OBJC_IMPLICIT_RETAIN_SELF = YES;
				CLANG_WARN_OBJC_LITERAL_CONVERSION = YES;
				CLANG_WARN_OBJC_ROOT_CLASS = YES_ERROR;
				CLANG_WARN_QUOTED_INCLUDE_IN_FRAMEWORK_HEADER = YES;
				CLANG_WARN_RANGE_LOOP_ANALYSIS = YES;
				CLANG_WARN_STRICT_PROTOTYPES = YES;
				CLANG_WARN_SUSPICIOUS_MOVE = YES;
				CLANG_WARN_UNGUARDED_AVAILABILITY = YES_AGGRESSIVE;
				CLANG_WARN_UNREACHABLE_CODE = YES;
				CLANG_WARN__DUPLICATE_METHOD_MATCH = YES;
				COPY_PHASE_STRIP = NO;
				DEBUG_INFORMATION_FORMAT = "dwarf-with-dsym";
				ENABLE_NS_ASSERTIONS = NO;
				ENABLE_STRICT_OBJC_MSGSEND = YES;
				ENABLE_USER_SCRIPT_SANDBOXING = YES;
				GCC_C_LANGUAGE_STANDARD = gnu17;
				GCC_NO_COMMON_BLOCKS = YES;
				GCC_WARN_64_TO_32_BIT_CONVERSION = YES;
				GCC_WARN_ABOUT_RETURN_TYPE = YES_ERROR;
				GCC_WARN_UNDECLARED_SELECTOR = YES;
				GCC_WARN_UNINITIALIZED_AUTOS = YES_AGGRESSIVE;
				GCC_WARN_UNUSED_FUNCTION = YES;
				GCC_WARN_UNUSED_VARIABLE = YES;
				LOCALIZATION_PREFERS_STRING_CATALOGS = YES;
				MACOSX_DEPLOYMENT_TARGET = 15.1;
				MTL_ENABLE_DEBUG_INFO = NO;
				MTL_FAST_MATH = YES;
				SDKROOT = macosx;
				SWIFT_COMPILATION_MODE = wholemodule;
			};
			name = Release;
		};
		A075BFD22CFE0B0000D32068 /* Debug */ = {
			isa = XCBuildConfiguration;
			buildSettings = {
				CODE_SIGN_STYLE = Automatic;
				DEVELOPMENT_TEAM = 27888865CT;
				ENABLE_HARDENED_RUNTIME = YES;
				PRODUCT_NAME = "$(TARGET_NAME)";
				SWIFT_VERSION = 5.0;
			};
			name = Debug;
		};
		A075BFD32CFE0B0000D32068 /* Release */ = {
			isa = XCBuildConfiguration;
			buildSettings = {
				CODE_SIGN_STYLE = Automatic;
				DEVELOPMENT_TEAM = 27888865CT;
				ENABLE_HARDENED_RUNTIME = YES;
				PRODUCT_NAME = "$(TARGET_NAME)";
				SWIFT_VERSION = 5.0;
			};
			name = Release;
		};
		A0EFDBCA2CFC89F8006B6AD2 /* Debug */ = {
			isa = XCBuildConfiguration;
			buildSettings = {
				CODE_SIGN_STYLE = Automatic;
				DEVELOPMENT_TEAM = 27888865CT;
				ENABLE_HARDENED_RUNTIME = YES;
				PRODUCT_NAME = "$(TARGET_NAME)";
				SWIFT_VERSION = 5.0;
			};
			name = Debug;
		};
		A0EFDBCB2CFC89F8006B6AD2 /* Release */ = {
			isa = XCBuildConfiguration;
			buildSettings = {
				CODE_SIGN_STYLE = Automatic;
				DEVELOPMENT_TEAM = 27888865CT;
				ENABLE_HARDENED_RUNTIME = YES;
				PRODUCT_NAME = "$(TARGET_NAME)";
				SWIFT_VERSION = 5.0;
			};
			name = Release;
		};
		A0FE7DA32CFEC7DC003F233C /* Debug */ = {
			isa = XCBuildConfiguration;
			buildSettings = {
				CODE_SIGN_STYLE = Automatic;
				DEVELOPMENT_TEAM = 27888865CT;
				ENABLE_HARDENED_RUNTIME = YES;
				PRODUCT_NAME = "$(TARGET_NAME)";
				SWIFT_VERSION = 5.0;
			};
			name = Debug;
		};
		A0FE7DA42CFEC7DC003F233C /* Release */ = {
			isa = XCBuildConfiguration;
			buildSettings = {
				CODE_SIGN_STYLE = Automatic;
				DEVELOPMENT_TEAM = 27888865CT;
				ENABLE_HARDENED_RUNTIME = YES;
				PRODUCT_NAME = "$(TARGET_NAME)";
				SWIFT_VERSION = 5.0;
			};
			name = Release;
		};
/* End XCBuildConfiguration section */

/* Begin XCConfigurationList section */
		A02526232D00B04D00B0FB1F /* Build configuration list for PBXNativeTarget "Day 4" */ = {
			isa = XCConfigurationList;
			buildConfigurations = (
				A02526212D00B04D00B0FB1F /* Debug */,
				A02526222D00B04D00B0FB1F /* Release */,
			);
			defaultConfigurationIsVisible = 0;
			defaultConfigurationName = Release;
		};
		A05EB3962CFC89AD00FE96C0 /* Build configuration list for PBXProject "Advent of Code 2024" */ = {
			isa = XCConfigurationList;
			buildConfigurations = (
				A05EB3A02CFC89AD00FE96C0 /* Debug */,
				A05EB3A12CFC89AD00FE96C0 /* Release */,
			);
			defaultConfigurationIsVisible = 0;
			defaultConfigurationName = Release;
		};
		A075BFD42CFE0B0000D32068 /* Build configuration list for PBXNativeTarget "Day 2" */ = {
			isa = XCConfigurationList;
			buildConfigurations = (
				A075BFD22CFE0B0000D32068 /* Debug */,
				A075BFD32CFE0B0000D32068 /* Release */,
			);
			defaultConfigurationIsVisible = 0;
			defaultConfigurationName = Release;
		};
		A0EFDBC92CFC89F8006B6AD2 /* Build configuration list for PBXNativeTarget "Day 1" */ = {
			isa = XCConfigurationList;
			buildConfigurations = (
				A0EFDBCA2CFC89F8006B6AD2 /* Debug */,
				A0EFDBCB2CFC89F8006B6AD2 /* Release */,
			);
			defaultConfigurationIsVisible = 0;
			defaultConfigurationName = Release;
		};
		A0FE7DA52CFEC7DC003F233C /* Build configuration list for PBXNativeTarget "Day 3" */ = {
			isa = XCConfigurationList;
			buildConfigurations = (
				A0FE7DA32CFEC7DC003F233C /* Debug */,
				A0FE7DA42CFEC7DC003F233C /* Release */,
			);
			defaultConfigurationIsVisible = 0;
			defaultConfigurationName = Release;
		};
/* End XCConfigurationList section */
	};
	rootObject = A05EB3932CFC89AD00FE96C0 /* Project object */;
}
