// !$*UTF8*$!
{
	archiveVersion = 1;
	classes = {
	};
	objectVersion = 77;
	objects = {

/* Begin PBXBuildFile section */
		A00917222DDA763800561AD0 /* DequeModule in Frameworks */ = {isa = PBXBuildFile; productRef = A00917212DDA763800561AD0 /* DequeModule */; };
		A0F0507D2D17776000719B4B /* HeapModule in Frameworks */ = {isa = PBXBuildFile; productRef = A0F0507C2D17776000719B4B /* HeapModule */; };
/* End PBXBuildFile section */

/* Begin PBXCopyFilesBuildPhase section */
		A005FD8A2D0A0D61002BAF19 /* CopyFiles */ = {
			isa = PBXCopyFilesBuildPhase;
			buildActionMask = 12;
			dstPath = "";
			dstSubfolderSpec = 16;
			files = (
			);
			runOnlyForDeploymentPostprocessing = 0;
		};
		A00917122DDA694000561AD0 /* CopyFiles */ = {
			isa = PBXCopyFilesBuildPhase;
			buildActionMask = 12;
			dstPath = "";
			dstSubfolderSpec = 16;
			files = (
			);
			runOnlyForDeploymentPostprocessing = 0;
		};
		A00A46B22D12331700CB4A60 /* CopyFiles */ = {
			isa = PBXCopyFilesBuildPhase;
			buildActionMask = 12;
			dstPath = "";
			dstSubfolderSpec = 16;
			files = (
			);
			runOnlyForDeploymentPostprocessing = 0;
		};
		A0238D412D016D660064B042 /* CopyFiles */ = {
			isa = PBXCopyFilesBuildPhase;
			buildActionMask = 12;
			dstPath = "";
			dstSubfolderSpec = 16;
			files = (
			);
			runOnlyForDeploymentPostprocessing = 0;
		};
		A024B6F12D08EDDE00D676C2 /* CopyFiles */ = {
			isa = PBXCopyFilesBuildPhase;
			buildActionMask = 12;
			dstPath = "";
			dstSubfolderSpec = 16;
			files = (
			);
			runOnlyForDeploymentPostprocessing = 0;
		};
		A025261B2D00B04D00B0FB1F /* CopyFiles */ = {
			isa = PBXCopyFilesBuildPhase;
			buildActionMask = 12;
			dstPath = "";
			dstSubfolderSpec = 16;
			files = (
			);
			runOnlyForDeploymentPostprocessing = 0;
		};
		A028C4FE2D02C75100470FD0 /* CopyFiles */ = {
			isa = PBXCopyFilesBuildPhase;
			buildActionMask = 12;
			dstPath = "";
			dstSubfolderSpec = 16;
			files = (
			);
			runOnlyForDeploymentPostprocessing = 0;
		};
		A037DC622D17CE8700D8BD71 /* CopyFiles */ = {
			isa = PBXCopyFilesBuildPhase;
			buildActionMask = 12;
			dstPath = "";
			dstSubfolderSpec = 16;
			files = (
			);
			runOnlyForDeploymentPostprocessing = 0;
		};
		A03C27362D040E9B00AA5A8D /* CopyFiles */ = {
			isa = PBXCopyFilesBuildPhase;
			buildActionMask = 12;
			dstPath = "";
			dstSubfolderSpec = 16;
			files = (
			);
			runOnlyForDeploymentPostprocessing = 0;
		};
		A075BFCC2CFE0B0000D32068 /* CopyFiles */ = {
			isa = PBXCopyFilesBuildPhase;
			buildActionMask = 12;
			dstPath = "";
			dstSubfolderSpec = 16;
			files = (
			);
			runOnlyForDeploymentPostprocessing = 0;
		};
		A08831832D0BC95F00C9CA31 /* CopyFiles */ = {
			isa = PBXCopyFilesBuildPhase;
			buildActionMask = 12;
			dstPath = "";
			dstSubfolderSpec = 16;
			files = (
			);
			runOnlyForDeploymentPostprocessing = 0;
		};
		A0EBDB602D0CF77E00053B82 /* CopyFiles */ = {
			isa = PBXCopyFilesBuildPhase;
			buildActionMask = 12;
			dstPath = "";
			dstSubfolderSpec = 16;
			files = (
			);
			runOnlyForDeploymentPostprocessing = 0;
		};
		A0EBDB702D0F79A800053B82 /* CopyFiles */ = {
			isa = PBXCopyFilesBuildPhase;
			buildActionMask = 12;
			dstPath = "";
			dstSubfolderSpec = 16;
			files = (
			);
			runOnlyForDeploymentPostprocessing = 0;
		};
		A0EE5DC42D0699FB0060F774 /* CopyFiles */ = {
			isa = PBXCopyFilesBuildPhase;
			buildActionMask = 12;
			dstPath = "";
			dstSubfolderSpec = 16;
			files = (
			);
			runOnlyForDeploymentPostprocessing = 0;
		};
		A0EE5DD62D06AEA10060F774 /* CopyFiles */ = {
			isa = PBXCopyFilesBuildPhase;
			buildActionMask = 12;
			dstPath = "";
			dstSubfolderSpec = 16;
			files = (
			);
			runOnlyForDeploymentPostprocessing = 0;
		};
		A0EFDBC32CFC89F8006B6AD2 /* CopyFiles */ = {
			isa = PBXCopyFilesBuildPhase;
			buildActionMask = 12;
			dstPath = "";
			dstSubfolderSpec = 16;
			files = (
			);
			runOnlyForDeploymentPostprocessing = 0;
		};
		A0F050702D176DF400719B4B /* CopyFiles */ = {
			isa = PBXCopyFilesBuildPhase;
			buildActionMask = 12;
			dstPath = "";
			dstSubfolderSpec = 16;
			files = (
			);
			runOnlyForDeploymentPostprocessing = 0;
		};
		A0FE7D9D2CFEC7DC003F233C /* CopyFiles */ = {
			isa = PBXCopyFilesBuildPhase;
			buildActionMask = 12;
			dstPath = "";
			dstSubfolderSpec = 16;
			files = (
			);
			runOnlyForDeploymentPostprocessing = 0;
		};
/* End PBXCopyFilesBuildPhase section */

/* Begin PBXFileReference section */
		A005FD8C2D0A0D61002BAF19 /* Day 11 */ = {isa = PBXFileReference; explicitFileType = "compiled.mach-o.executable"; includeInIndex = 0; path = "Day 11"; sourceTree = BUILT_PRODUCTS_DIR; };
		A00917142DDA694000561AD0 /* Day 18 */ = {isa = PBXFileReference; explicitFileType = "compiled.mach-o.executable"; includeInIndex = 0; path = "Day 18"; sourceTree = BUILT_PRODUCTS_DIR; };
		A00A46B42D12331700CB4A60 /* Day 15 */ = {isa = PBXFileReference; explicitFileType = "compiled.mach-o.executable"; includeInIndex = 0; path = "Day 15"; sourceTree = BUILT_PRODUCTS_DIR; };
		A0238D432D016D660064B042 /* Day 5 */ = {isa = PBXFileReference; explicitFileType = "compiled.mach-o.executable"; includeInIndex = 0; path = "Day 5"; sourceTree = BUILT_PRODUCTS_DIR; };
		A024B6F32D08EDDE00D676C2 /* Day 10 */ = {isa = PBXFileReference; explicitFileType = "compiled.mach-o.executable"; includeInIndex = 0; path = "Day 10"; sourceTree = BUILT_PRODUCTS_DIR; };
		A025261D2D00B04D00B0FB1F /* Day 4 */ = {isa = PBXFileReference; explicitFileType = "compiled.mach-o.executable"; includeInIndex = 0; path = "Day 4"; sourceTree = BUILT_PRODUCTS_DIR; };
		A028C5002D02C75100470FD0 /* Day 6 */ = {isa = PBXFileReference; explicitFileType = "compiled.mach-o.executable"; includeInIndex = 0; path = "Day 6"; sourceTree = BUILT_PRODUCTS_DIR; };
		A037DC642D17CE8700D8BD71 /* Day 17 */ = {isa = PBXFileReference; explicitFileType = "compiled.mach-o.executable"; includeInIndex = 0; path = "Day 17"; sourceTree = BUILT_PRODUCTS_DIR; };
		A03C27382D040E9B00AA5A8D /* Day 7 */ = {isa = PBXFileReference; explicitFileType = "compiled.mach-o.executable"; includeInIndex = 0; path = "Day 7"; sourceTree = BUILT_PRODUCTS_DIR; };
		A075BFCE2CFE0B0000D32068 /* Day 2 */ = {isa = PBXFileReference; explicitFileType = "compiled.mach-o.executable"; includeInIndex = 0; path = "Day 2"; sourceTree = BUILT_PRODUCTS_DIR; };
		A08831852D0BC95F00C9CA31 /* Day 12 */ = {isa = PBXFileReference; explicitFileType = "compiled.mach-o.executable"; includeInIndex = 0; path = "Day 12"; sourceTree = BUILT_PRODUCTS_DIR; };
		A0EBDB622D0CF77E00053B82 /* Day 13 */ = {isa = PBXFileReference; explicitFileType = "compiled.mach-o.executable"; includeInIndex = 0; path = "Day 13"; sourceTree = BUILT_PRODUCTS_DIR; };
		A0EBDB722D0F79A800053B82 /* Day 14 */ = {isa = PBXFileReference; explicitFileType = "compiled.mach-o.executable"; includeInIndex = 0; path = "Day 14"; sourceTree = BUILT_PRODUCTS_DIR; };
		A0EE5DC62D0699FB0060F774 /* Day 8 */ = {isa = PBXFileReference; explicitFileType = "compiled.mach-o.executable"; includeInIndex = 0; path = "Day 8"; sourceTree = BUILT_PRODUCTS_DIR; };
		A0EE5DD82D06AEA10060F774 /* Day 9 */ = {isa = PBXFileReference; explicitFileType = "compiled.mach-o.executable"; includeInIndex = 0; path = "Day 9"; sourceTree = BUILT_PRODUCTS_DIR; };
		A0EFDBC52CFC89F8006B6AD2 /* Day 1 */ = {isa = PBXFileReference; explicitFileType = "compiled.mach-o.executable"; includeInIndex = 0; path = "Day 1"; sourceTree = BUILT_PRODUCTS_DIR; };
		A0F050722D176DF400719B4B /* Day 16 */ = {isa = PBXFileReference; explicitFileType = "compiled.mach-o.executable"; includeInIndex = 0; path = "Day 16"; sourceTree = BUILT_PRODUCTS_DIR; };
		A0FE7D9F2CFEC7DC003F233C /* Day 3 */ = {isa = PBXFileReference; explicitFileType = "compiled.mach-o.executable"; includeInIndex = 0; path = "Day 3"; sourceTree = BUILT_PRODUCTS_DIR; };
/* End PBXFileReference section */

/* Begin PBXFileSystemSynchronizedGroupBuildPhaseMembershipExceptionSet section */
		A005FD972D0A0D89002BAF19 /* Exceptions for "Day 11" folder in "Copy Files" phase from "Day 11" target */ = {
			isa = PBXFileSystemSynchronizedGroupBuildPhaseMembershipExceptionSet;
			buildPhase = A005FD8A2D0A0D61002BAF19 /* CopyFiles */;
			membershipExceptions = (
				input.txt,
				spec.txt,
			);
		};
		A009171F2DDA714F00561AD0 /* Exceptions for "Day 18" folder in "Copy Files" phase from "Day 18" target */ = {
			isa = PBXFileSystemSynchronizedGroupBuildPhaseMembershipExceptionSet;
			buildPhase = A00917122DDA694000561AD0 /* CopyFiles */;
			membershipExceptions = (
				input.txt,
				spec.txt,
			);
		};
		A00917322DDA7B6500561AD0 /* Exceptions for "Day 19" folder in "Copy Files" phase from "Day 13" target */ = {
			isa = PBXFileSystemSynchronizedGroupBuildPhaseMembershipExceptionSet;
			buildPhase = A0EBDB602D0CF77E00053B82 /* CopyFiles */;
			membershipExceptions = (
				input.txt,
				spec.txt,
			);
		};
		A00A46C22D12334600CB4A60 /* Exceptions for "Day 15" folder in "Copy Files" phase from "Day 15" target */ = {
			isa = PBXFileSystemSynchronizedGroupBuildPhaseMembershipExceptionSet;
			buildPhase = A00A46B22D12331700CB4A60 /* CopyFiles */;
			membershipExceptions = (
				input.txt,
				spec_large.txt,
				spec_three.txt,
				spec_two.txt,
				spec.txt,
			);
		};
		A00C988D2D081BCF00BBC0FC /* Exceptions for "Day 9" folder in "Copy Files" phase from "Day 9" target */ = {
			isa = PBXFileSystemSynchronizedGroupBuildPhaseMembershipExceptionSet;
			buildPhase = A0EE5DD62D06AEA10060F774 /* CopyFiles */;
			membershipExceptions = (
				input.txt,
				spec.txt,
			);
		};
		A0238D4E2D016D9C0064B042 /* Exceptions for "Day 5" folder in "Copy Files" phase from "Day 5" target */ = {
			isa = PBXFileSystemSynchronizedGroupBuildPhaseMembershipExceptionSet;
			buildPhase = A0238D412D016D660064B042 /* CopyFiles */;
			membershipExceptions = (
				input.txt,
				spec.txt,
			);
		};
		A024B6FE2D08EE0C00D676C2 /* Exceptions for "Day 10" folder in "Copy Files" phase from "Day 10" target */ = {
			isa = PBXFileSystemSynchronizedGroupBuildPhaseMembershipExceptionSet;
			buildPhase = A024B6F12D08EDDE00D676C2 /* CopyFiles */;
			membershipExceptions = (
				input.txt,
				spec_small.txt,
				spec.txt,
			);
		};
		A028C50B2D02C77400470FD0 /* Exceptions for "Day 6" folder in "Copy Files" phase from "Day 6" target */ = {
			isa = PBXFileSystemSynchronizedGroupBuildPhaseMembershipExceptionSet;
			buildPhase = A028C4FE2D02C75100470FD0 /* CopyFiles */;
			membershipExceptions = (
				input.txt,
				spec.txt,
			);
		};
		A037DC702D17D86700D8BD71 /* Exceptions for "Day 17" folder in "Copy Files" phase from "Day 17" target */ = {
			isa = PBXFileSystemSynchronizedGroupBuildPhaseMembershipExceptionSet;
			buildPhase = A037DC622D17CE8700D8BD71 /* CopyFiles */;
			membershipExceptions = (
				input.txt,
				spec_two.txt,
				spec.txt,
			);
		};
		A03C27432D040EB300AA5A8D /* Exceptions for "Day 7" folder in "Copy Files" phase from "Day 7" target */ = {
			isa = PBXFileSystemSynchronizedGroupBuildPhaseMembershipExceptionSet;
			buildPhase = A03C27362D040E9B00AA5A8D /* CopyFiles */;
			membershipExceptions = (
				input.txt,
				spec.txt,
			);
		};
		A0414B342D00F46500CF68E1 /* Exceptions for "Day 4" folder in "Copy Files" phase from "Day 4" target */ = {
			isa = PBXFileSystemSynchronizedGroupBuildPhaseMembershipExceptionSet;
			buildPhase = A025261B2D00B04D00B0FB1F /* CopyFiles */;
			membershipExceptions = (
				input.txt,
				spec.txt,
			);
		};
		A075BFD92CFE0B3F00D32068 /* Exceptions for "Day 2" folder in "Copy Files" phase from "Day 2" target */ = {
			isa = PBXFileSystemSynchronizedGroupBuildPhaseMembershipExceptionSet;
			buildPhase = A075BFCC2CFE0B0000D32068 /* CopyFiles */;
			membershipExceptions = (
				input.txt,
				spec.txt,
			);
		};
		A08831902D0BEA5800C9CA31 /* Exceptions for "Day 12" folder in "Copy Files" phase from "Day 12" target */ = {
			isa = PBXFileSystemSynchronizedGroupBuildPhaseMembershipExceptionSet;
			buildPhase = A08831832D0BC95F00C9CA31 /* CopyFiles */;
			membershipExceptions = (
				input.txt,
				spec_one.txt,
				spec_three.txt,
				spec_two.txt,
				spec.txt,
			);
		};
		A0EBDB7D2D0F79C900053B82 /* Exceptions for "Day 14" folder in "Copy Files" phase from "Day 14" target */ = {
			isa = PBXFileSystemSynchronizedGroupBuildPhaseMembershipExceptionSet;
			buildPhase = A0EBDB702D0F79A800053B82 /* CopyFiles */;
			membershipExceptions = (
				input.txt,
				spec.txt,
			);
		};
		A0EE5DD22D06A7740060F774 /* Exceptions for "Day 8" folder in "Copy Files" phase from "Day 8" target */ = {
			isa = PBXFileSystemSynchronizedGroupBuildPhaseMembershipExceptionSet;
			buildPhase = A0EE5DC42D0699FB0060F774 /* CopyFiles */;
			membershipExceptions = (
				input.txt,
				spec.txt,
			);
		};
		A0EFDBD32CFC8B5A006B6AD2 /* Exceptions for "Day 1" folder in "Copy Files" phase from "Day 1" target */ = {
			isa = PBXFileSystemSynchronizedGroupBuildPhaseMembershipExceptionSet;
			buildPhase = A0EFDBC32CFC89F8006B6AD2 /* CopyFiles */;
			membershipExceptions = (
				input.txt,
				spec.txt,
			);
		};
		A0F050802D1786D900719B4B /* Exceptions for "Day 16" folder in "Copy Files" phase from "Day 16" target */ = {
			isa = PBXFileSystemSynchronizedGroupBuildPhaseMembershipExceptionSet;
			buildPhase = A0F050702D176DF400719B4B /* CopyFiles */;
			membershipExceptions = (
				input.txt,
				spec_two.txt,
				spec.txt,
			);
		};
		A0FE7DAA2CFEC847003F233C /* Exceptions for "Day 3" folder in "Copy Files" phase from "Day 3" target */ = {
			isa = PBXFileSystemSynchronizedGroupBuildPhaseMembershipExceptionSet;
			buildPhase = A0FE7D9D2CFEC7DC003F233C /* CopyFiles */;
			membershipExceptions = (
				input.txt,
				spec_two.txt,
				spec.txt,
			);
		};
/* End PBXFileSystemSynchronizedGroupBuildPhaseMembershipExceptionSet section */

/* Begin PBXFileSystemSynchronizedRootGroup section */
		A005FD8D2D0A0D61002BAF19 /* Day 11 */ = {
			isa = PBXFileSystemSynchronizedRootGroup;
			exceptions = (
				A005FD972D0A0D89002BAF19 /* Exceptions for "Day 11" folder in "Copy Files" phase from "Day 11" target */,
			);
			path = "Day 11";
			sourceTree = "<group>";
		};
		A00917152DDA694000561AD0 /* Day 18 */ = {
			isa = PBXFileSystemSynchronizedRootGroup;
			exceptions = (
				A009171F2DDA714F00561AD0 /* Exceptions for "Day 18" folder in "Copy Files" phase from "Day 18" target */,
			);
			path = "Day 18";
			sourceTree = "<group>";
		};
		A009172F2DDA7B6500561AD0 /* Day 19 */ = {
			isa = PBXFileSystemSynchronizedRootGroup;
			exceptions = (
				A00917322DDA7B6500561AD0 /* Exceptions for "Day 19" folder in "Copy Files" phase from "Day 13" target */,
			);
			path = "Day 19";
			sourceTree = "<group>";
		};
		A00A46B52D12331700CB4A60 /* Day 15 */ = {
			isa = PBXFileSystemSynchronizedRootGroup;
			exceptions = (
				A00A46C22D12334600CB4A60 /* Exceptions for "Day 15" folder in "Copy Files" phase from "Day 15" target */,
			);
			path = "Day 15";
			sourceTree = "<group>";
		};
		A0238D442D016D660064B042 /* Day 5 */ = {
			isa = PBXFileSystemSynchronizedRootGroup;
			exceptions = (
				A0238D4E2D016D9C0064B042 /* Exceptions for "Day 5" folder in "Copy Files" phase from "Day 5" target */,
			);
			path = "Day 5";
			sourceTree = "<group>";
		};
		A024B6F42D08EDDE00D676C2 /* Day 10 */ = {
			isa = PBXFileSystemSynchronizedRootGroup;
			exceptions = (
				A024B6FE2D08EE0C00D676C2 /* Exceptions for "Day 10" folder in "Copy Files" phase from "Day 10" target */,
			);
			path = "Day 10";
			sourceTree = "<group>";
		};
		A025261E2D00B04D00B0FB1F /* Day 4 */ = {
			isa = PBXFileSystemSynchronizedRootGroup;
			exceptions = (
				A0414B342D00F46500CF68E1 /* Exceptions for "Day 4" folder in "Copy Files" phase from "Day 4" target */,
			);
			path = "Day 4";
			sourceTree = "<group>";
		};
		A028C5012D02C75100470FD0 /* Day 6 */ = {
			isa = PBXFileSystemSynchronizedRootGroup;
			exceptions = (
				A028C50B2D02C77400470FD0 /* Exceptions for "Day 6" folder in "Copy Files" phase from "Day 6" target */,
			);
			path = "Day 6";
			sourceTree = "<group>";
		};
		A037DC652D17CE8700D8BD71 /* Day 17 */ = {
			isa = PBXFileSystemSynchronizedRootGroup;
			exceptions = (
				A037DC702D17D86700D8BD71 /* Exceptions for "Day 17" folder in "Copy Files" phase from "Day 17" target */,
			);
			path = "Day 17";
			sourceTree = "<group>";
		};
		A03C27392D040E9C00AA5A8D /* Day 7 */ = {
			isa = PBXFileSystemSynchronizedRootGroup;
			exceptions = (
				A03C27432D040EB300AA5A8D /* Exceptions for "Day 7" folder in "Copy Files" phase from "Day 7" target */,
			);
			path = "Day 7";
			sourceTree = "<group>";
		};
		A075BFCF2CFE0B0000D32068 /* Day 2 */ = {
			isa = PBXFileSystemSynchronizedRootGroup;
			exceptions = (
				A075BFD92CFE0B3F00D32068 /* Exceptions for "Day 2" folder in "Copy Files" phase from "Day 2" target */,
			);
			path = "Day 2";
			sourceTree = "<group>";
		};
		A08831862D0BC95F00C9CA31 /* Day 12 */ = {
			isa = PBXFileSystemSynchronizedRootGroup;
			exceptions = (
				A08831902D0BEA5800C9CA31 /* Exceptions for "Day 12" folder in "Copy Files" phase from "Day 12" target */,
			);
			path = "Day 12";
			sourceTree = "<group>";
		};
		A0EBDB732D0F79A800053B82 /* Day 14 */ = {
			isa = PBXFileSystemSynchronizedRootGroup;
			exceptions = (
				A0EBDB7D2D0F79C900053B82 /* Exceptions for "Day 14" folder in "Copy Files" phase from "Day 14" target */,
			);
			path = "Day 14";
			sourceTree = "<group>";
		};
		A0EE5DC72D0699FB0060F774 /* Day 8 */ = {
			isa = PBXFileSystemSynchronizedRootGroup;
			exceptions = (
				A0EE5DD22D06A7740060F774 /* Exceptions for "Day 8" folder in "Copy Files" phase from "Day 8" target */,
			);
			path = "Day 8";
			sourceTree = "<group>";
		};
		A0EE5DD92D06AEA10060F774 /* Day 9 */ = {
			isa = PBXFileSystemSynchronizedRootGroup;
			exceptions = (
				A00C988D2D081BCF00BBC0FC /* Exceptions for "Day 9" folder in "Copy Files" phase from "Day 9" target */,
			);
			path = "Day 9";
			sourceTree = "<group>";
		};
		A0EFDBC62CFC89F8006B6AD2 /* Day 1 */ = {
			isa = PBXFileSystemSynchronizedRootGroup;
			exceptions = (
				A0EFDBD32CFC8B5A006B6AD2 /* Exceptions for "Day 1" folder in "Copy Files" phase from "Day 1" target */,
			);
			path = "Day 1";
			sourceTree = "<group>";
		};
		A0F050732D176DF400719B4B /* Day 16 */ = {
			isa = PBXFileSystemSynchronizedRootGroup;
			exceptions = (
				A0F050802D1786D900719B4B /* Exceptions for "Day 16" folder in "Copy Files" phase from "Day 16" target */,
			);
			path = "Day 16";
			sourceTree = "<group>";
		};
		A0FE7DA02CFEC7DC003F233C /* Day 3 */ = {
			isa = PBXFileSystemSynchronizedRootGroup;
			exceptions = (
				A0FE7DAA2CFEC847003F233C /* Exceptions for "Day 3" folder in "Copy Files" phase from "Day 3" target */,
			);
			path = "Day 3";
			sourceTree = "<group>";
		};
/* End PBXFileSystemSynchronizedRootGroup section */

/* Begin PBXFrameworksBuildPhase section */
		A005FD892D0A0D61002BAF19 /* Frameworks */ = {
			isa = PBXFrameworksBuildPhase;
			buildActionMask = 2147483647;
			files = (
			);
			runOnlyForDeploymentPostprocessing = 0;
		};
		A00917112DDA694000561AD0 /* Frameworks */ = {
			isa = PBXFrameworksBuildPhase;
			buildActionMask = 2147483647;
			files = (
				A00917222DDA763800561AD0 /* DequeModule in Frameworks */,
			);
			runOnlyForDeploymentPostprocessing = 0;
		};
		A00A46B12D12331700CB4A60 /* Frameworks */ = {
			isa = PBXFrameworksBuildPhase;
			buildActionMask = 2147483647;
			files = (
			);
			runOnlyForDeploymentPostprocessing = 0;
		};
		A0238D402D016D660064B042 /* Frameworks */ = {
			isa = PBXFrameworksBuildPhase;
			buildActionMask = 2147483647;
			files = (
			);
			runOnlyForDeploymentPostprocessing = 0;
		};
		A024B6F02D08EDDE00D676C2 /* Frameworks */ = {
			isa = PBXFrameworksBuildPhase;
			buildActionMask = 2147483647;
			files = (
			);
			runOnlyForDeploymentPostprocessing = 0;
		};
		A025261A2D00B04D00B0FB1F /* Frameworks */ = {
			isa = PBXFrameworksBuildPhase;
			buildActionMask = 2147483647;
			files = (
			);
			runOnlyForDeploymentPostprocessing = 0;
		};
		A028C4FD2D02C75100470FD0 /* Frameworks */ = {
			isa = PBXFrameworksBuildPhase;
			buildActionMask = 2147483647;
			files = (
			);
			runOnlyForDeploymentPostprocessing = 0;
		};
		A037DC612D17CE8700D8BD71 /* Frameworks */ = {
			isa = PBXFrameworksBuildPhase;
			buildActionMask = 2147483647;
			files = (
			);
			runOnlyForDeploymentPostprocessing = 0;
		};
		A03C27352D040E9B00AA5A8D /* Frameworks */ = {
			isa = PBXFrameworksBuildPhase;
			buildActionMask = 2147483647;
			files = (
			);
			runOnlyForDeploymentPostprocessing = 0;
		};
		A075BFCB2CFE0B0000D32068 /* Frameworks */ = {
			isa = PBXFrameworksBuildPhase;
			buildActionMask = 2147483647;
			files = (
			);
			runOnlyForDeploymentPostprocessing = 0;
		};
		A08831822D0BC95F00C9CA31 /* Frameworks */ = {
			isa = PBXFrameworksBuildPhase;
			buildActionMask = 2147483647;
			files = (
			);
			runOnlyForDeploymentPostprocessing = 0;
		};
		A0EBDB5F2D0CF77E00053B82 /* Frameworks */ = {
			isa = PBXFrameworksBuildPhase;
			buildActionMask = 2147483647;
			files = (
			);
			runOnlyForDeploymentPostprocessing = 0;
		};
		A0EBDB6F2D0F79A800053B82 /* Frameworks */ = {
			isa = PBXFrameworksBuildPhase;
			buildActionMask = 2147483647;
			files = (
			);
			runOnlyForDeploymentPostprocessing = 0;
		};
		A0EE5DC32D0699FB0060F774 /* Frameworks */ = {
			isa = PBXFrameworksBuildPhase;
			buildActionMask = 2147483647;
			files = (
			);
			runOnlyForDeploymentPostprocessing = 0;
		};
		A0EE5DD52D06AEA10060F774 /* Frameworks */ = {
			isa = PBXFrameworksBuildPhase;
			buildActionMask = 2147483647;
			files = (
			);
			runOnlyForDeploymentPostprocessing = 0;
		};
		A0EFDBC22CFC89F8006B6AD2 /* Frameworks */ = {
			isa = PBXFrameworksBuildPhase;
			buildActionMask = 2147483647;
			files = (
			);
			runOnlyForDeploymentPostprocessing = 0;
		};
		A0F0506F2D176DF400719B4B /* Frameworks */ = {
			isa = PBXFrameworksBuildPhase;
			buildActionMask = 2147483647;
			files = (
				A0F0507D2D17776000719B4B /* HeapModule in Frameworks */,
			);
			runOnlyForDeploymentPostprocessing = 0;
		};
		A0FE7D9C2CFEC7DC003F233C /* Frameworks */ = {
			isa = PBXFrameworksBuildPhase;
			buildActionMask = 2147483647;
			files = (
			);
			runOnlyForDeploymentPostprocessing = 0;
		};
/* End PBXFrameworksBuildPhase section */

/* Begin PBXGroup section */
		A00917202DDA763800561AD0 /* Frameworks */ = {
			isa = PBXGroup;
			children = (
			);
			name = Frameworks;
			sourceTree = "<group>";
		};
		A05EB3922CFC89AD00FE96C0 = {
			isa = PBXGroup;
			children = (
				A0EFDBC62CFC89F8006B6AD2 /* Day 1 */,
				A075BFCF2CFE0B0000D32068 /* Day 2 */,
				A0FE7DA02CFEC7DC003F233C /* Day 3 */,
				A025261E2D00B04D00B0FB1F /* Day 4 */,
				A0238D442D016D660064B042 /* Day 5 */,
				A028C5012D02C75100470FD0 /* Day 6 */,
				A03C27392D040E9C00AA5A8D /* Day 7 */,
				A0EE5DC72D0699FB0060F774 /* Day 8 */,
				A0EE5DD92D06AEA10060F774 /* Day 9 */,
				A024B6F42D08EDDE00D676C2 /* Day 10 */,
				A005FD8D2D0A0D61002BAF19 /* Day 11 */,
				A08831862D0BC95F00C9CA31 /* Day 12 */,
				A0EBDB732D0F79A800053B82 /* Day 14 */,
				A00A46B52D12331700CB4A60 /* Day 15 */,
				A0F050732D176DF400719B4B /* Day 16 */,
				A037DC652D17CE8700D8BD71 /* Day 17 */,
				A00917152DDA694000561AD0 /* Day 18 */,
				A00917202DDA763800561AD0 /* Frameworks */,
				A05EB39C2CFC89AD00FE96C0 /* Products */,
				A009172F2DDA7B6500561AD0 /* Day 19 */,
			);
			sourceTree = "<group>";
		};
		A05EB39C2CFC89AD00FE96C0 /* Products */ = {
			isa = PBXGroup;
			children = (
				A0EFDBC52CFC89F8006B6AD2 /* Day 1 */,
				A075BFCE2CFE0B0000D32068 /* Day 2 */,
				A0FE7D9F2CFEC7DC003F233C /* Day 3 */,
				A025261D2D00B04D00B0FB1F /* Day 4 */,
				A0238D432D016D660064B042 /* Day 5 */,
				A028C5002D02C75100470FD0 /* Day 6 */,
				A03C27382D040E9B00AA5A8D /* Day 7 */,
				A0EE5DC62D0699FB0060F774 /* Day 8 */,
				A0EE5DD82D06AEA10060F774 /* Day 9 */,
				A024B6F32D08EDDE00D676C2 /* Day 10 */,
				A005FD8C2D0A0D61002BAF19 /* Day 11 */,
				A08831852D0BC95F00C9CA31 /* Day 12 */,
				A0EBDB622D0CF77E00053B82 /* Day 13 */,
				A0EBDB722D0F79A800053B82 /* Day 14 */,
				A00A46B42D12331700CB4A60 /* Day 15 */,
				A0F050722D176DF400719B4B /* Day 16 */,
				A037DC642D17CE8700D8BD71 /* Day 17 */,
				A00917142DDA694000561AD0 /* Day 18 */,
			);
			name = Products;
			sourceTree = "<group>";
		};
/* End PBXGroup section */

/* Begin PBXNativeTarget section */
		A005FD8B2D0A0D61002BAF19 /* Day 11 */ = {
			isa = PBXNativeTarget;
			buildConfigurationList = A005FD922D0A0D61002BAF19 /* Build configuration list for PBXNativeTarget "Day 11" */;
			buildPhases = (
				A005FD882D0A0D61002BAF19 /* Sources */,
				A005FD892D0A0D61002BAF19 /* Frameworks */,
				A005FD8A2D0A0D61002BAF19 /* CopyFiles */,
			);
			buildRules = (
			);
			dependencies = (
			);
			fileSystemSynchronizedGroups = (
				A005FD8D2D0A0D61002BAF19 /* Day 11 */,
			);
			name = "Day 11";
			packageProductDependencies = (
			);
			productName = "Day 11";
			productReference = A005FD8C2D0A0D61002BAF19 /* Day 11 */;
			productType = "com.apple.product-type.tool";
		};
		A00917132DDA694000561AD0 /* Day 18 */ = {
			isa = PBXNativeTarget;
			buildConfigurationList = A009171A2DDA694000561AD0 /* Build configuration list for PBXNativeTarget "Day 18" */;
			buildPhases = (
				A00917102DDA694000561AD0 /* Sources */,
				A00917112DDA694000561AD0 /* Frameworks */,
				A00917122DDA694000561AD0 /* CopyFiles */,
			);
			buildRules = (
			);
			dependencies = (
			);
			fileSystemSynchronizedGroups = (
				A00917152DDA694000561AD0 /* Day 18 */,
			);
			name = "Day 18";
			packageProductDependencies = (
				A00917212DDA763800561AD0 /* DequeModule */,
			);
			productName = "Day 18";
			productReference = A00917142DDA694000561AD0 /* Day 18 */;
			productType = "com.apple.product-type.tool";
		};
		A00A46B32D12331700CB4A60 /* Day 15 */ = {
			isa = PBXNativeTarget;
			buildConfigurationList = A00A46BA2D12331700CB4A60 /* Build configuration list for PBXNativeTarget "Day 15" */;
			buildPhases = (
				A00A46B02D12331700CB4A60 /* Sources */,
				A00A46B12D12331700CB4A60 /* Frameworks */,
				A00A46B22D12331700CB4A60 /* CopyFiles */,
			);
			buildRules = (
			);
			dependencies = (
			);
			fileSystemSynchronizedGroups = (
				A00A46B52D12331700CB4A60 /* Day 15 */,
			);
			name = "Day 15";
			packageProductDependencies = (
			);
			productName = "Day 15";
			productReference = A00A46B42D12331700CB4A60 /* Day 15 */;
			productType = "com.apple.product-type.tool";
		};
		A0238D422D016D660064B042 /* Day 5 */ = {
			isa = PBXNativeTarget;
			buildConfigurationList = A0238D492D016D660064B042 /* Build configuration list for PBXNativeTarget "Day 5" */;
			buildPhases = (
				A0238D3F2D016D660064B042 /* Sources */,
				A0238D402D016D660064B042 /* Frameworks */,
				A0238D412D016D660064B042 /* CopyFiles */,
			);
			buildRules = (
			);
			dependencies = (
			);
			fileSystemSynchronizedGroups = (
				A0238D442D016D660064B042 /* Day 5 */,
			);
			name = "Day 5";
			packageProductDependencies = (
			);
			productName = "Day 5";
			productReference = A0238D432D016D660064B042 /* Day 5 */;
			productType = "com.apple.product-type.tool";
		};
		A024B6F22D08EDDE00D676C2 /* Day 10 */ = {
			isa = PBXNativeTarget;
			buildConfigurationList = A024B6F92D08EDDE00D676C2 /* Build configuration list for PBXNativeTarget "Day 10" */;
			buildPhases = (
				A024B6EF2D08EDDE00D676C2 /* Sources */,
				A024B6F02D08EDDE00D676C2 /* Frameworks */,
				A024B6F12D08EDDE00D676C2 /* CopyFiles */,
			);
			buildRules = (
			);
			dependencies = (
			);
			fileSystemSynchronizedGroups = (
				A024B6F42D08EDDE00D676C2 /* Day 10 */,
			);
			name = "Day 10";
			packageProductDependencies = (
			);
			productName = "Day 10";
			productReference = A024B6F32D08EDDE00D676C2 /* Day 10 */;
			productType = "com.apple.product-type.tool";
		};
		A025261C2D00B04D00B0FB1F /* Day 4 */ = {
			isa = PBXNativeTarget;
			buildConfigurationList = A02526232D00B04D00B0FB1F /* Build configuration list for PBXNativeTarget "Day 4" */;
			buildPhases = (
				A02526192D00B04D00B0FB1F /* Sources */,
				A025261A2D00B04D00B0FB1F /* Frameworks */,
				A025261B2D00B04D00B0FB1F /* CopyFiles */,
			);
			buildRules = (
			);
			dependencies = (
			);
			fileSystemSynchronizedGroups = (
				A025261E2D00B04D00B0FB1F /* Day 4 */,
			);
			name = "Day 4";
			packageProductDependencies = (
			);
			productName = "Day 4";
			productReference = A025261D2D00B04D00B0FB1F /* Day 4 */;
			productType = "com.apple.product-type.tool";
		};
		A028C4FF2D02C75100470FD0 /* Day 6 */ = {
			isa = PBXNativeTarget;
			buildConfigurationList = A028C5062D02C75100470FD0 /* Build configuration list for PBXNativeTarget "Day 6" */;
			buildPhases = (
				A028C4FC2D02C75100470FD0 /* Sources */,
				A028C4FD2D02C75100470FD0 /* Frameworks */,
				A028C4FE2D02C75100470FD0 /* CopyFiles */,
			);
			buildRules = (
			);
			dependencies = (
			);
			fileSystemSynchronizedGroups = (
				A028C5012D02C75100470FD0 /* Day 6 */,
			);
			name = "Day 6";
			packageProductDependencies = (
			);
			productName = "Day 6";
			productReference = A028C5002D02C75100470FD0 /* Day 6 */;
			productType = "com.apple.product-type.tool";
		};
		A037DC632D17CE8700D8BD71 /* Day 17 */ = {
			isa = PBXNativeTarget;
			buildConfigurationList = A037DC682D17CE8700D8BD71 /* Build configuration list for PBXNativeTarget "Day 17" */;
			buildPhases = (
				A037DC602D17CE8700D8BD71 /* Sources */,
				A037DC612D17CE8700D8BD71 /* Frameworks */,
				A037DC622D17CE8700D8BD71 /* CopyFiles */,
			);
			buildRules = (
			);
			dependencies = (
			);
			fileSystemSynchronizedGroups = (
				A037DC652D17CE8700D8BD71 /* Day 17 */,
			);
			name = "Day 17";
			packageProductDependencies = (
			);
			productName = "Day 17";
			productReference = A037DC642D17CE8700D8BD71 /* Day 17 */;
			productType = "com.apple.product-type.tool";
		};
		A03C27372D040E9B00AA5A8D /* Day 7 */ = {
			isa = PBXNativeTarget;
			buildConfigurationList = A03C273E2D040E9C00AA5A8D /* Build configuration list for PBXNativeTarget "Day 7" */;
			buildPhases = (
				A03C27342D040E9B00AA5A8D /* Sources */,
				A03C27352D040E9B00AA5A8D /* Frameworks */,
				A03C27362D040E9B00AA5A8D /* CopyFiles */,
			);
			buildRules = (
			);
			dependencies = (
			);
			fileSystemSynchronizedGroups = (
				A03C27392D040E9C00AA5A8D /* Day 7 */,
			);
			name = "Day 7";
			packageProductDependencies = (
			);
			productName = "Day 7";
			productReference = A03C27382D040E9B00AA5A8D /* Day 7 */;
			productType = "com.apple.product-type.tool";
		};
		A075BFCD2CFE0B0000D32068 /* Day 2 */ = {
			isa = PBXNativeTarget;
			buildConfigurationList = A075BFD42CFE0B0000D32068 /* Build configuration list for PBXNativeTarget "Day 2" */;
			buildPhases = (
				A075BFCA2CFE0B0000D32068 /* Sources */,
				A075BFCB2CFE0B0000D32068 /* Frameworks */,
				A075BFCC2CFE0B0000D32068 /* CopyFiles */,
			);
			buildRules = (
			);
			dependencies = (
			);
			fileSystemSynchronizedGroups = (
				A075BFCF2CFE0B0000D32068 /* Day 2 */,
			);
			name = "Day 2";
			packageProductDependencies = (
			);
			productName = "Day 2";
			productReference = A075BFCE2CFE0B0000D32068 /* Day 2 */;
			productType = "com.apple.product-type.tool";
		};
		A08831842D0BC95F00C9CA31 /* Day 12 */ = {
			isa = PBXNativeTarget;
			buildConfigurationList = A088318B2D0BC95F00C9CA31 /* Build configuration list for PBXNativeTarget "Day 12" */;
			buildPhases = (
				A08831812D0BC95F00C9CA31 /* Sources */,
				A08831822D0BC95F00C9CA31 /* Frameworks */,
				A08831832D0BC95F00C9CA31 /* CopyFiles */,
			);
			buildRules = (
			);
			dependencies = (
			);
			fileSystemSynchronizedGroups = (
				A009172F2DDA7B6500561AD0 /* Day 19 */,
				A08831862D0BC95F00C9CA31 /* Day 12 */,
			);
			name = "Day 12";
			packageProductDependencies = (
			);
			productName = "Day 12";
			productReference = A08831852D0BC95F00C9CA31 /* Day 12 */;
			productType = "com.apple.product-type.tool";
		};
		A0EBDB612D0CF77E00053B82 /* Day 13 */ = {
			isa = PBXNativeTarget;
			buildConfigurationList = A0EBDB682D0CF77E00053B82 /* Build configuration list for PBXNativeTarget "Day 13" */;
			buildPhases = (
				A0EBDB5E2D0CF77E00053B82 /* Sources */,
				A0EBDB5F2D0CF77E00053B82 /* Frameworks */,
				A0EBDB602D0CF77E00053B82 /* CopyFiles */,
			);
			buildRules = (
			);
			dependencies = (
			);
			name = "Day 13";
			packageProductDependencies = (
			);
			productName = "Day 13";
			productReference = A0EBDB622D0CF77E00053B82 /* Day 13 */;
			productType = "com.apple.product-type.tool";
		};
		A0EBDB712D0F79A800053B82 /* Day 14 */ = {
			isa = PBXNativeTarget;
			buildConfigurationList = A0EBDB762D0F79A800053B82 /* Build configuration list for PBXNativeTarget "Day 14" */;
			buildPhases = (
				A0EBDB6E2D0F79A800053B82 /* Sources */,
				A0EBDB6F2D0F79A800053B82 /* Frameworks */,
				A0EBDB702D0F79A800053B82 /* CopyFiles */,
			);
			buildRules = (
			);
			dependencies = (
			);
			fileSystemSynchronizedGroups = (
				A0EBDB732D0F79A800053B82 /* Day 14 */,
			);
			name = "Day 14";
			packageProductDependencies = (
			);
			productName = "Day 14";
			productReference = A0EBDB722D0F79A800053B82 /* Day 14 */;
			productType = "com.apple.product-type.tool";
		};
		A0EE5DC52D0699FB0060F774 /* Day 8 */ = {
			isa = PBXNativeTarget;
			buildConfigurationList = A0EE5DCC2D0699FB0060F774 /* Build configuration list for PBXNativeTarget "Day 8" */;
			buildPhases = (
				A0EE5DC22D0699FB0060F774 /* Sources */,
				A0EE5DC32D0699FB0060F774 /* Frameworks */,
				A0EE5DC42D0699FB0060F774 /* CopyFiles */,
			);
			buildRules = (
			);
			dependencies = (
			);
			fileSystemSynchronizedGroups = (
				A0EE5DC72D0699FB0060F774 /* Day 8 */,
			);
			name = "Day 8";
			packageProductDependencies = (
			);
			productName = "Day 8";
			productReference = A0EE5DC62D0699FB0060F774 /* Day 8 */;
			productType = "com.apple.product-type.tool";
		};
		A0EE5DD72D06AEA10060F774 /* Day 9 */ = {
			isa = PBXNativeTarget;
			buildConfigurationList = A0EE5DDC2D06AEA10060F774 /* Build configuration list for PBXNativeTarget "Day 9" */;
			buildPhases = (
				A0EE5DD42D06AEA10060F774 /* Sources */,
				A0EE5DD52D06AEA10060F774 /* Frameworks */,
				A0EE5DD62D06AEA10060F774 /* CopyFiles */,
			);
			buildRules = (
			);
			dependencies = (
			);
			fileSystemSynchronizedGroups = (
				A0EE5DD92D06AEA10060F774 /* Day 9 */,
			);
			name = "Day 9";
			packageProductDependencies = (
			);
			productName = "Day 9";
			productReference = A0EE5DD82D06AEA10060F774 /* Day 9 */;
			productType = "com.apple.product-type.tool";
		};
		A0EFDBC42CFC89F8006B6AD2 /* Day 1 */ = {
			isa = PBXNativeTarget;
			buildConfigurationList = A0EFDBC92CFC89F8006B6AD2 /* Build configuration list for PBXNativeTarget "Day 1" */;
			buildPhases = (
				A0EFDBC12CFC89F8006B6AD2 /* Sources */,
				A0EFDBC22CFC89F8006B6AD2 /* Frameworks */,
				A0EFDBC32CFC89F8006B6AD2 /* CopyFiles */,
			);
			buildRules = (
			);
			dependencies = (
			);
			fileSystemSynchronizedGroups = (
				A0EFDBC62CFC89F8006B6AD2 /* Day 1 */,
			);
			name = "Day 1";
			packageProductDependencies = (
			);
			productName = "Day 1";
			productReference = A0EFDBC52CFC89F8006B6AD2 /* Day 1 */;
			productType = "com.apple.product-type.tool";
		};
		A0F050712D176DF400719B4B /* Day 16 */ = {
			isa = PBXNativeTarget;
			buildConfigurationList = A0F050762D176DF400719B4B /* Build configuration list for PBXNativeTarget "Day 16" */;
			buildPhases = (
				A0F0506E2D176DF400719B4B /* Sources */,
				A0F0506F2D176DF400719B4B /* Frameworks */,
				A0F050702D176DF400719B4B /* CopyFiles */,
			);
			buildRules = (
			);
			dependencies = (
			);
			fileSystemSynchronizedGroups = (
				A0F050732D176DF400719B4B /* Day 16 */,
			);
			name = "Day 16";
			packageProductDependencies = (
				A0F0507C2D17776000719B4B /* HeapModule */,
			);
			productName = "Day 16";
			productReference = A0F050722D176DF400719B4B /* Day 16 */;
			productType = "com.apple.product-type.tool";
		};
		A0FE7D9E2CFEC7DC003F233C /* Day 3 */ = {
			isa = PBXNativeTarget;
			buildConfigurationList = A0FE7DA52CFEC7DC003F233C /* Build configuration list for PBXNativeTarget "Day 3" */;
			buildPhases = (
				A0FE7D9B2CFEC7DC003F233C /* Sources */,
				A0FE7D9C2CFEC7DC003F233C /* Frameworks */,
				A0FE7D9D2CFEC7DC003F233C /* CopyFiles */,
			);
			buildRules = (
			);
			dependencies = (
			);
			fileSystemSynchronizedGroups = (
				A0FE7DA02CFEC7DC003F233C /* Day 3 */,
			);
			name = "Day 3";
			packageProductDependencies = (
			);
			productName = "Day 3";
			productReference = A0FE7D9F2CFEC7DC003F233C /* Day 3 */;
			productType = "com.apple.product-type.tool";
		};
/* End PBXNativeTarget section */

/* Begin PBXProject section */
		A05EB3932CFC89AD00FE96C0 /* Project object */ = {
			isa = PBXProject;
			attributes = {
				BuildIndependentTargetsInParallel = 1;
				LastSwiftUpdateCheck = 1630;
				LastUpgradeCheck = 1630;
				TargetAttributes = {
					A005FD8B2D0A0D61002BAF19 = {
						CreatedOnToolsVersion = 16.1;
					};
					A00917132DDA694000561AD0 = {
						CreatedOnToolsVersion = 16.3;
					};
					A00A46B32D12331700CB4A60 = {
						CreatedOnToolsVersion = 16.2;
					};
					A0238D422D016D660064B042 = {
						CreatedOnToolsVersion = 16.1;
					};
					A024B6F22D08EDDE00D676C2 = {
						CreatedOnToolsVersion = 16.1;
					};
					A025261C2D00B04D00B0FB1F = {
						CreatedOnToolsVersion = 16.1;
					};
					A028C4FF2D02C75100470FD0 = {
						CreatedOnToolsVersion = 16.1;
					};
					A037DC632D17CE8700D8BD71 = {
						CreatedOnToolsVersion = 16.2;
					};
					A03C27372D040E9B00AA5A8D = {
						CreatedOnToolsVersion = 16.1;
					};
					A075BFCD2CFE0B0000D32068 = {
						CreatedOnToolsVersion = 16.1;
					};
					A08831842D0BC95F00C9CA31 = {
						CreatedOnToolsVersion = 16.1;
					};
					A0EBDB612D0CF77E00053B82 = {
						CreatedOnToolsVersion = 16.2;
					};
					A0EBDB712D0F79A800053B82 = {
						CreatedOnToolsVersion = 16.2;
					};
					A0EE5DC52D0699FB0060F774 = {
						CreatedOnToolsVersion = 16.1;
					};
					A0EE5DD72D06AEA10060F774 = {
						CreatedOnToolsVersion = 16.1;
					};
					A0EFDBC42CFC89F8006B6AD2 = {
						CreatedOnToolsVersion = 16.1;
					};
					A0F050712D176DF400719B4B = {
						CreatedOnToolsVersion = 16.2;
					};
					A0FE7D9E2CFEC7DC003F233C = {
						CreatedOnToolsVersion = 16.1;
					};
				};
			};
			buildConfigurationList = A05EB3962CFC89AD00FE96C0 /* Build configuration list for PBXProject "Advent of Code 2024" */;
			developmentRegion = en;
			hasScannedForEncodings = 0;
			knownRegions = (
				en,
				Base,
			);
			mainGroup = A05EB3922CFC89AD00FE96C0;
			minimizedProjectReferenceProxies = 1;
			packageReferences = (
				A0F0507B2D17776000719B4B /* XCRemoteSwiftPackageReference "swift-collections" */,
			);
			preferredProjectObjectVersion = 77;
			productRefGroup = A05EB39C2CFC89AD00FE96C0 /* Products */;
			projectDirPath = "";
			projectRoot = "";
			targets = (
				A0EFDBC42CFC89F8006B6AD2 /* Day 1 */,
				A075BFCD2CFE0B0000D32068 /* Day 2 */,
				A0FE7D9E2CFEC7DC003F233C /* Day 3 */,
				A025261C2D00B04D00B0FB1F /* Day 4 */,
				A0238D422D016D660064B042 /* Day 5 */,
				A028C4FF2D02C75100470FD0 /* Day 6 */,
				A03C27372D040E9B00AA5A8D /* Day 7 */,
				A0EE5DC52D0699FB0060F774 /* Day 8 */,
				A0EE5DD72D06AEA10060F774 /* Day 9 */,
				A024B6F22D08EDDE00D676C2 /* Day 10 */,
				A005FD8B2D0A0D61002BAF19 /* Day 11 */,
				A08831842D0BC95F00C9CA31 /* Day 12 */,
				A0EBDB612D0CF77E00053B82 /* Day 13 */,
				A0EBDB712D0F79A800053B82 /* Day 14 */,
				A00A46B32D12331700CB4A60 /* Day 15 */,
				A0F050712D176DF400719B4B /* Day 16 */,
				A037DC632D17CE8700D8BD71 /* Day 17 */,
				A00917132DDA694000561AD0 /* Day 18 */,
			);
		};
/* End PBXProject section */

/* Begin PBXSourcesBuildPhase section */
		A005FD882D0A0D61002BAF19 /* Sources */ = {
			isa = PBXSourcesBuildPhase;
			buildActionMask = 2147483647;
			files = (
			);
			runOnlyForDeploymentPostprocessing = 0;
		};
		A00917102DDA694000561AD0 /* Sources */ = {
			isa = PBXSourcesBuildPhase;
			buildActionMask = 2147483647;
			files = (
			);
			runOnlyForDeploymentPostprocessing = 0;
		};
		A00A46B02D12331700CB4A60 /* Sources */ = {
			isa = PBXSourcesBuildPhase;
			buildActionMask = 2147483647;
			files = (
			);
			runOnlyForDeploymentPostprocessing = 0;
		};
		A0238D3F2D016D660064B042 /* Sources */ = {
			isa = PBXSourcesBuildPhase;
			buildActionMask = 2147483647;
			files = (
			);
			runOnlyForDeploymentPostprocessing = 0;
		};
		A024B6EF2D08EDDE00D676C2 /* Sources */ = {
			isa = PBXSourcesBuildPhase;
			buildActionMask = 2147483647;
			files = (
			);
			runOnlyForDeploymentPostprocessing = 0;
		};
		A02526192D00B04D00B0FB1F /* Sources */ = {
			isa = PBXSourcesBuildPhase;
			buildActionMask = 2147483647;
			files = (
			);
			runOnlyForDeploymentPostprocessing = 0;
		};
		A028C4FC2D02C75100470FD0 /* Sources */ = {
			isa = PBXSourcesBuildPhase;
			buildActionMask = 2147483647;
			files = (
			);
			runOnlyForDeploymentPostprocessing = 0;
		};
		A037DC602D17CE8700D8BD71 /* Sources */ = {
			isa = PBXSourcesBuildPhase;
			buildActionMask = 2147483647;
			files = (
			);
			runOnlyForDeploymentPostprocessing = 0;
		};
		A03C27342D040E9B00AA5A8D /* Sources */ = {
			isa = PBXSourcesBuildPhase;
			buildActionMask = 2147483647;
			files = (
			);
			runOnlyForDeploymentPostprocessing = 0;
		};
		A075BFCA2CFE0B0000D32068 /* Sources */ = {
			isa = PBXSourcesBuildPhase;
			buildActionMask = 2147483647;
			files = (
			);
			runOnlyForDeploymentPostprocessing = 0;
		};
		A08831812D0BC95F00C9CA31 /* Sources */ = {
			isa = PBXSourcesBuildPhase;
			buildActionMask = 2147483647;
			files = (
			);
			runOnlyForDeploymentPostprocessing = 0;
		};
		A0EBDB5E2D0CF77E00053B82 /* Sources */ = {
			isa = PBXSourcesBuildPhase;
			buildActionMask = 2147483647;
			files = (
			);
			runOnlyForDeploymentPostprocessing = 0;
		};
		A0EBDB6E2D0F79A800053B82 /* Sources */ = {
			isa = PBXSourcesBuildPhase;
			buildActionMask = 2147483647;
			files = (
			);
			runOnlyForDeploymentPostprocessing = 0;
		};
		A0EE5DC22D0699FB0060F774 /* Sources */ = {
			isa = PBXSourcesBuildPhase;
			buildActionMask = 2147483647;
			files = (
			);
			runOnlyForDeploymentPostprocessing = 0;
		};
		A0EE5DD42D06AEA10060F774 /* Sources */ = {
			isa = PBXSourcesBuildPhase;
			buildActionMask = 2147483647;
			files = (
			);
			runOnlyForDeploymentPostprocessing = 0;
		};
		A0EFDBC12CFC89F8006B6AD2 /* Sources */ = {
			isa = PBXSourcesBuildPhase;
			buildActionMask = 2147483647;
			files = (
			);
			runOnlyForDeploymentPostprocessing = 0;
		};
		A0F0506E2D176DF400719B4B /* Sources */ = {
			isa = PBXSourcesBuildPhase;
			buildActionMask = 2147483647;
			files = (
			);
			runOnlyForDeploymentPostprocessing = 0;
		};
		A0FE7D9B2CFEC7DC003F233C /* Sources */ = {
			isa = PBXSourcesBuildPhase;
			buildActionMask = 2147483647;
			files = (
			);
			runOnlyForDeploymentPostprocessing = 0;
		};
/* End PBXSourcesBuildPhase section */

/* Begin XCBuildConfiguration section */
		A005FD902D0A0D61002BAF19 /* Debug */ = {
			isa = XCBuildConfiguration;
			buildSettings = {
				CODE_SIGN_STYLE = Automatic;
				DEAD_CODE_STRIPPING = YES;
				ENABLE_HARDENED_RUNTIME = YES;
				PRODUCT_NAME = "$(TARGET_NAME)";
				SWIFT_VERSION = 5.0;
			};
			name = Debug;
		};
		A005FD912D0A0D61002BAF19 /* Release */ = {
			isa = XCBuildConfiguration;
			buildSettings = {
				CODE_SIGN_STYLE = Automatic;
				DEAD_CODE_STRIPPING = YES;
				ENABLE_HARDENED_RUNTIME = YES;
				PRODUCT_NAME = "$(TARGET_NAME)";
				SWIFT_VERSION = 5.0;
			};
			name = Release;
		};
		A00917182DDA694000561AD0 /* Debug */ = {
			isa = XCBuildConfiguration;
			buildSettings = {
				CODE_SIGN_STYLE = Automatic;
				ENABLE_HARDENED_RUNTIME = YES;
				MACOSX_DEPLOYMENT_TARGET = 15.4;
				PRODUCT_NAME = "$(TARGET_NAME)";
				SWIFT_VERSION = 5.0;
			};
			name = Debug;
		};
		A00917192DDA694000561AD0 /* Release */ = {
			isa = XCBuildConfiguration;
			buildSettings = {
				CODE_SIGN_STYLE = Automatic;
				ENABLE_HARDENED_RUNTIME = YES;
				MACOSX_DEPLOYMENT_TARGET = 15.4;
				PRODUCT_NAME = "$(TARGET_NAME)";
				SWIFT_VERSION = 5.0;
			};
			name = Release;
		};
		A00A46B82D12331700CB4A60 /* Debug */ = {
			isa = XCBuildConfiguration;
			buildSettings = {
				CODE_SIGN_STYLE = Automatic;
				ENABLE_HARDENED_RUNTIME = YES;
				PRODUCT_NAME = "$(TARGET_NAME)";
				SWIFT_VERSION = 5.0;
			};
			name = Debug;
		};
		A00A46B92D12331700CB4A60 /* Release */ = {
			isa = XCBuildConfiguration;
			buildSettings = {
				CODE_SIGN_STYLE = Automatic;
				ENABLE_HARDENED_RUNTIME = YES;
				PRODUCT_NAME = "$(TARGET_NAME)";
				SWIFT_VERSION = 5.0;
			};
			name = Release;
		};
		A0238D472D016D660064B042 /* Debug */ = {
			isa = XCBuildConfiguration;
			buildSettings = {
				CODE_SIGN_STYLE = Automatic;
				DEAD_CODE_STRIPPING = YES;
				ENABLE_HARDENED_RUNTIME = YES;
				PRODUCT_NAME = "$(TARGET_NAME)";
				SWIFT_VERSION = 5.0;
			};
			name = Debug;
		};
		A0238D482D016D660064B042 /* Release */ = {
			isa = XCBuildConfiguration;
			buildSettings = {
				CODE_SIGN_STYLE = Automatic;
				DEAD_CODE_STRIPPING = YES;
				ENABLE_HARDENED_RUNTIME = YES;
				PRODUCT_NAME = "$(TARGET_NAME)";
				SWIFT_VERSION = 5.0;
			};
			name = Release;
		};
		A024B6F72D08EDDE00D676C2 /* Debug */ = {
			isa = XCBuildConfiguration;
			buildSettings = {
				CODE_SIGN_STYLE = Automatic;
				DEAD_CODE_STRIPPING = YES;
				ENABLE_HARDENED_RUNTIME = YES;
				PRODUCT_NAME = "$(TARGET_NAME)";
				SWIFT_VERSION = 5.0;
			};
			name = Debug;
		};
		A024B6F82D08EDDE00D676C2 /* Release */ = {
			isa = XCBuildConfiguration;
			buildSettings = {
				CODE_SIGN_STYLE = Automatic;
				DEAD_CODE_STRIPPING = YES;
				ENABLE_HARDENED_RUNTIME = YES;
				PRODUCT_NAME = "$(TARGET_NAME)";
				SWIFT_VERSION = 5.0;
			};
			name = Release;
		};
		A02526212D00B04D00B0FB1F /* Debug */ = {
			isa = XCBuildConfiguration;
			buildSettings = {
				CODE_SIGN_STYLE = Automatic;
				DEAD_CODE_STRIPPING = YES;
				ENABLE_HARDENED_RUNTIME = YES;
				PRODUCT_NAME = "$(TARGET_NAME)";
				SWIFT_VERSION = 5.0;
			};
			name = Debug;
		};
		A02526222D00B04D00B0FB1F /* Release */ = {
			isa = XCBuildConfiguration;
			buildSettings = {
				CODE_SIGN_STYLE = Automatic;
				DEAD_CODE_STRIPPING = YES;
				ENABLE_HARDENED_RUNTIME = YES;
				PRODUCT_NAME = "$(TARGET_NAME)";
				SWIFT_VERSION = 5.0;
			};
			name = Release;
		};
		A028C5042D02C75100470FD0 /* Debug */ = {
			isa = XCBuildConfiguration;
			buildSettings = {
				CODE_SIGN_STYLE = Automatic;
				DEAD_CODE_STRIPPING = YES;
				ENABLE_HARDENED_RUNTIME = YES;
				PRODUCT_NAME = "$(TARGET_NAME)";
				SWIFT_VERSION = 5.0;
			};
			name = Debug;
		};
		A028C5052D02C75100470FD0 /* Release */ = {
			isa = XCBuildConfiguration;
			buildSettings = {
				CODE_SIGN_STYLE = Automatic;
				DEAD_CODE_STRIPPING = YES;
				ENABLE_HARDENED_RUNTIME = YES;
				PRODUCT_NAME = "$(TARGET_NAME)";
				SWIFT_VERSION = 5.0;
			};
			name = Release;
		};
		A037DC692D17CE8700D8BD71 /* Debug */ = {
			isa = XCBuildConfiguration;
			buildSettings = {
				CODE_SIGN_STYLE = Automatic;
				ENABLE_HARDENED_RUNTIME = YES;
				PRODUCT_NAME = "$(TARGET_NAME)";
				SWIFT_VERSION = 5.0;
			};
			name = Debug;
		};
		A037DC6A2D17CE8700D8BD71 /* Release */ = {
			isa = XCBuildConfiguration;
			buildSettings = {
				CODE_SIGN_STYLE = Automatic;
				ENABLE_HARDENED_RUNTIME = YES;
				PRODUCT_NAME = "$(TARGET_NAME)";
				SWIFT_VERSION = 5.0;
			};
			name = Release;
		};
		A03C273C2D040E9C00AA5A8D /* Debug */ = {
			isa = XCBuildConfiguration;
			buildSettings = {
				CODE_SIGN_STYLE = Automatic;
				DEAD_CODE_STRIPPING = YES;
				ENABLE_HARDENED_RUNTIME = YES;
				PRODUCT_NAME = "$(TARGET_NAME)";
				SWIFT_VERSION = 5.0;
			};
			name = Debug;
		};
		A03C273D2D040E9C00AA5A8D /* Release */ = {
			isa = XCBuildConfiguration;
			buildSettings = {
				CODE_SIGN_STYLE = Automatic;
				DEAD_CODE_STRIPPING = YES;
				ENABLE_HARDENED_RUNTIME = YES;
				PRODUCT_NAME = "$(TARGET_NAME)";
				SWIFT_VERSION = 5.0;
			};
			name = Release;
		};
		A05EB3A02CFC89AD00FE96C0 /* Debug */ = {
			isa = XCBuildConfiguration;
			buildSettings = {
				ALWAYS_SEARCH_USER_PATHS = NO;
				ASSETCATALOG_COMPILER_GENERATE_SWIFT_ASSET_SYMBOL_EXTENSIONS = YES;
				CLANG_ANALYZER_NONNULL = YES;
				CLANG_ANALYZER_NUMBER_OBJECT_CONVERSION = YES_AGGRESSIVE;
				CLANG_CXX_LANGUAGE_STANDARD = "gnu++20";
				CLANG_ENABLE_MODULES = YES;
				CLANG_ENABLE_OBJC_ARC = YES;
				CLANG_ENABLE_OBJC_WEAK = YES;
				CLANG_WARN_BLOCK_CAPTURE_AUTORELEASING = YES;
				CLANG_WARN_BOOL_CONVERSION = YES;
				CLANG_WARN_COMMA = YES;
				CLANG_WARN_CONSTANT_CONVERSION = YES;
				CLANG_WARN_DEPRECATED_OBJC_IMPLEMENTATIONS = YES;
				CLANG_WARN_DIRECT_OBJC_ISA_USAGE = YES_ERROR;
				CLANG_WARN_DOCUMENTATION_COMMENTS = YES;
				CLANG_WARN_EMPTY_BODY = YES;
				CLANG_WARN_ENUM_CONVERSION = YES;
				CLANG_WARN_INFINITE_RECURSION = YES;
				CLANG_WARN_INT_CONVERSION = YES;
				CLANG_WARN_NON_LITERAL_NULL_CONVERSION = YES;
				CLANG_WARN_OBJC_IMPLICIT_RETAIN_SELF = YES;
				CLANG_WARN_OBJC_LITERAL_CONVERSION = YES;
				CLANG_WARN_OBJC_ROOT_CLASS = YES_ERROR;
				CLANG_WARN_QUOTED_INCLUDE_IN_FRAMEWORK_HEADER = YES;
				CLANG_WARN_RANGE_LOOP_ANALYSIS = YES;
				CLANG_WARN_STRICT_PROTOTYPES = YES;
				CLANG_WARN_SUSPICIOUS_MOVE = YES;
				CLANG_WARN_UNGUARDED_AVAILABILITY = YES_AGGRESSIVE;
				CLANG_WARN_UNREACHABLE_CODE = YES;
				CLANG_WARN__DUPLICATE_METHOD_MATCH = YES;
				COPY_PHASE_STRIP = NO;
				DEAD_CODE_STRIPPING = YES;
				DEBUG_INFORMATION_FORMAT = dwarf;
				DEVELOPMENT_TEAM = 27888865CT;
				ENABLE_STRICT_OBJC_MSGSEND = YES;
				ENABLE_TESTABILITY = YES;
				ENABLE_USER_SCRIPT_SANDBOXING = YES;
				GCC_C_LANGUAGE_STANDARD = gnu17;
				GCC_DYNAMIC_NO_PIC = NO;
				GCC_NO_COMMON_BLOCKS = YES;
				GCC_OPTIMIZATION_LEVEL = 0;
				GCC_PREPROCESSOR_DEFINITIONS = (
					"DEBUG=1",
					"$(inherited)",
				);
				GCC_WARN_64_TO_32_BIT_CONVERSION = YES;
				GCC_WARN_ABOUT_RETURN_TYPE = YES_ERROR;
				GCC_WARN_UNDECLARED_SELECTOR = YES;
				GCC_WARN_UNINITIALIZED_AUTOS = YES_AGGRESSIVE;
				GCC_WARN_UNUSED_FUNCTION = YES;
				GCC_WARN_UNUSED_VARIABLE = YES;
				LOCALIZATION_PREFERS_STRING_CATALOGS = YES;
				MACOSX_DEPLOYMENT_TARGET = 15.1;
				MTL_ENABLE_DEBUG_INFO = INCLUDE_SOURCE;
				MTL_FAST_MATH = YES;
				ONLY_ACTIVE_ARCH = YES;
				SDKROOT = macosx;
				SWIFT_ACTIVE_COMPILATION_CONDITIONS = "DEBUG $(inherited)";
				SWIFT_OPTIMIZATION_LEVEL = "-Onone";
			};
			name = Debug;
		};
		A05EB3A12CFC89AD00FE96C0 /* Release */ = {
			isa = XCBuildConfiguration;
			buildSettings = {
				ALWAYS_SEARCH_USER_PATHS = NO;
				ASSETCATALOG_COMPILER_GENERATE_SWIFT_ASSET_SYMBOL_EXTENSIONS = YES;
				CLANG_ANALYZER_NONNULL = YES;
				CLANG_ANALYZER_NUMBER_OBJECT_CONVERSION = YES_AGGRESSIVE;
				CLANG_CXX_LANGUAGE_STANDARD = "gnu++20";
				CLANG_ENABLE_MODULES = YES;
				CLANG_ENABLE_OBJC_ARC = YES;
				CLANG_ENABLE_OBJC_WEAK = YES;
				CLANG_WARN_BLOCK_CAPTURE_AUTORELEASING = YES;
				CLANG_WARN_BOOL_CONVERSION = YES;
				CLANG_WARN_COMMA = YES;
				CLANG_WARN_CONSTANT_CONVERSION = YES;
				CLANG_WARN_DEPRECATED_OBJC_IMPLEMENTATIONS = YES;
				CLANG_WARN_DIRECT_OBJC_ISA_USAGE = YES_ERROR;
				CLANG_WARN_DOCUMENTATION_COMMENTS = YES;
				CLANG_WARN_EMPTY_BODY = YES;
				CLANG_WARN_ENUM_CONVERSION = YES;
				CLANG_WARN_INFINITE_RECURSION = YES;
				CLANG_WARN_INT_CONVERSION = YES;
				CLANG_WARN_NON_LITERAL_NULL_CONVERSION = YES;
				CLANG_WARN_OBJC_IMPLICIT_RETAIN_SELF = YES;
				CLANG_WARN_OBJC_LITERAL_CONVERSION = YES;
				CLANG_WARN_OBJC_ROOT_CLASS = YES_ERROR;
				CLANG_WARN_QUOTED_INCLUDE_IN_FRAMEWORK_HEADER = YES;
				CLANG_WARN_RANGE_LOOP_ANALYSIS = YES;
				CLANG_WARN_STRICT_PROTOTYPES = YES;
				CLANG_WARN_SUSPICIOUS_MOVE = YES;
				CLANG_WARN_UNGUARDED_AVAILABILITY = YES_AGGRESSIVE;
				CLANG_WARN_UNREACHABLE_CODE = YES;
				CLANG_WARN__DUPLICATE_METHOD_MATCH = YES;
				COPY_PHASE_STRIP = NO;
				DEAD_CODE_STRIPPING = YES;
				DEBUG_INFORMATION_FORMAT = "dwarf-with-dsym";
				DEVELOPMENT_TEAM = 27888865CT;
				ENABLE_NS_ASSERTIONS = NO;
				ENABLE_STRICT_OBJC_MSGSEND = YES;
				ENABLE_USER_SCRIPT_SANDBOXING = YES;
				GCC_C_LANGUAGE_STANDARD = gnu17;
				GCC_NO_COMMON_BLOCKS = YES;
				GCC_WARN_64_TO_32_BIT_CONVERSION = YES;
				GCC_WARN_ABOUT_RETURN_TYPE = YES_ERROR;
				GCC_WARN_UNDECLARED_SELECTOR = YES;
				GCC_WARN_UNINITIALIZED_AUTOS = YES_AGGRESSIVE;
				GCC_WARN_UNUSED_FUNCTION = YES;
				GCC_WARN_UNUSED_VARIABLE = YES;
				LOCALIZATION_PREFERS_STRING_CATALOGS = YES;
				MACOSX_DEPLOYMENT_TARGET = 15.1;
				MTL_ENABLE_DEBUG_INFO = NO;
				MTL_FAST_MATH = YES;
				SDKROOT = macosx;
				SWIFT_COMPILATION_MODE = wholemodule;
			};
			name = Release;
		};
		A075BFD22CFE0B0000D32068 /* Debug */ = {
			isa = XCBuildConfiguration;
			buildSettings = {
				CODE_SIGN_STYLE = Automatic;
				DEAD_CODE_STRIPPING = YES;
				ENABLE_HARDENED_RUNTIME = YES;
				PRODUCT_NAME = "$(TARGET_NAME)";
				SWIFT_VERSION = 5.0;
			};
			name = Debug;
		};
		A075BFD32CFE0B0000D32068 /* Release */ = {
			isa = XCBuildConfiguration;
			buildSettings = {
				CODE_SIGN_STYLE = Automatic;
				DEAD_CODE_STRIPPING = YES;
				ENABLE_HARDENED_RUNTIME = YES;
				PRODUCT_NAME = "$(TARGET_NAME)";
				SWIFT_VERSION = 5.0;
			};
			name = Release;
		};
		A08831892D0BC95F00C9CA31 /* Debug */ = {
			isa = XCBuildConfiguration;
			buildSettings = {
				CODE_SIGN_STYLE = Automatic;
				DEAD_CODE_STRIPPING = YES;
				ENABLE_HARDENED_RUNTIME = YES;
				PRODUCT_NAME = "$(TARGET_NAME)";
				SWIFT_VERSION = 5.0;
			};
			name = Debug;
		};
		A088318A2D0BC95F00C9CA31 /* Release */ = {
			isa = XCBuildConfiguration;
			buildSettings = {
				CODE_SIGN_STYLE = Automatic;
				DEAD_CODE_STRIPPING = YES;
				ENABLE_HARDENED_RUNTIME = YES;
				PRODUCT_NAME = "$(TARGET_NAME)";
				SWIFT_VERSION = 5.0;
			};
			name = Release;
		};
		A0EBDB662D0CF77E00053B82 /* Debug */ = {
			isa = XCBuildConfiguration;
			buildSettings = {
				CODE_SIGN_STYLE = Automatic;
				DEAD_CODE_STRIPPING = YES;
				ENABLE_HARDENED_RUNTIME = YES;
				PRODUCT_NAME = "$(TARGET_NAME)";
				SWIFT_VERSION = 5.0;
			};
			name = Debug;
		};
		A0EBDB672D0CF77E00053B82 /* Release */ = {
			isa = XCBuildConfiguration;
			buildSettings = {
				CODE_SIGN_STYLE = Automatic;
				DEAD_CODE_STRIPPING = YES;
				ENABLE_HARDENED_RUNTIME = YES;
				PRODUCT_NAME = "$(TARGET_NAME)";
				SWIFT_VERSION = 5.0;
			};
			name = Release;
		};
		A0EBDB772D0F79A800053B82 /* Debug */ = {
			isa = XCBuildConfiguration;
			buildSettings = {
				CODE_SIGN_STYLE = Automatic;
				ENABLE_HARDENED_RUNTIME = YES;
				PRODUCT_NAME = "$(TARGET_NAME)";
				SWIFT_VERSION = 5.0;
			};
			name = Debug;
		};
		A0EBDB782D0F79A800053B82 /* Release */ = {
			isa = XCBuildConfiguration;
			buildSettings = {
				CODE_SIGN_STYLE = Automatic;
				ENABLE_HARDENED_RUNTIME = YES;
				PRODUCT_NAME = "$(TARGET_NAME)";
				SWIFT_VERSION = 5.0;
			};
			name = Release;
		};
		A0EE5DCA2D0699FB0060F774 /* Debug */ = {
			isa = XCBuildConfiguration;
			buildSettings = {
				CODE_SIGN_STYLE = Automatic;
				DEAD_CODE_STRIPPING = YES;
				ENABLE_HARDENED_RUNTIME = YES;
				PRODUCT_NAME = "$(TARGET_NAME)";
				SWIFT_VERSION = 5.0;
			};
			name = Debug;
		};
		A0EE5DCB2D0699FB0060F774 /* Release */ = {
			isa = XCBuildConfiguration;
			buildSettings = {
				CODE_SIGN_STYLE = Automatic;
				DEAD_CODE_STRIPPING = YES;
				ENABLE_HARDENED_RUNTIME = YES;
				PRODUCT_NAME = "$(TARGET_NAME)";
				SWIFT_VERSION = 5.0;
			};
			name = Release;
		};
		A0EE5DDD2D06AEA10060F774 /* Debug */ = {
			isa = XCBuildConfiguration;
			buildSettings = {
				CODE_SIGN_STYLE = Automatic;
				DEAD_CODE_STRIPPING = YES;
				ENABLE_HARDENED_RUNTIME = YES;
				PRODUCT_NAME = "$(TARGET_NAME)";
				SWIFT_VERSION = 5.0;
			};
			name = Debug;
		};
		A0EE5DDE2D06AEA10060F774 /* Release */ = {
			isa = XCBuildConfiguration;
			buildSettings = {
				CODE_SIGN_STYLE = Automatic;
				DEAD_CODE_STRIPPING = YES;
				ENABLE_HARDENED_RUNTIME = YES;
				PRODUCT_NAME = "$(TARGET_NAME)";
				SWIFT_VERSION = 5.0;
			};
			name = Release;
		};
		A0EFDBCA2CFC89F8006B6AD2 /* Debug */ = {
			isa = XCBuildConfiguration;
			buildSettings = {
				CODE_SIGN_STYLE = Automatic;
				DEAD_CODE_STRIPPING = YES;
				ENABLE_HARDENED_RUNTIME = YES;
				PRODUCT_NAME = "$(TARGET_NAME)";
				SWIFT_VERSION = 5.0;
			};
			name = Debug;
		};
		A0EFDBCB2CFC89F8006B6AD2 /* Release */ = {
			isa = XCBuildConfiguration;
			buildSettings = {
				CODE_SIGN_STYLE = Automatic;
				DEAD_CODE_STRIPPING = YES;
				ENABLE_HARDENED_RUNTIME = YES;
				PRODUCT_NAME = "$(TARGET_NAME)";
				SWIFT_VERSION = 5.0;
			};
			name = Release;
		};
		A0F050772D176DF400719B4B /* Debug */ = {
			isa = XCBuildConfiguration;
			buildSettings = {
				CODE_SIGN_STYLE = Automatic;
				ENABLE_HARDENED_RUNTIME = YES;
				PRODUCT_NAME = "$(TARGET_NAME)";
				SWIFT_VERSION = 5.0;
			};
			name = Debug;
		};
		A0F050782D176DF400719B4B /* Release */ = {
			isa = XCBuildConfiguration;
			buildSettings = {
				CODE_SIGN_STYLE = Automatic;
				ENABLE_HARDENED_RUNTIME = YES;
				PRODUCT_NAME = "$(TARGET_NAME)";
				SWIFT_VERSION = 5.0;
			};
			name = Release;
		};
		A0FE7DA32CFEC7DC003F233C /* Debug */ = {
			isa = XCBuildConfiguration;
			buildSettings = {
				CODE_SIGN_STYLE = Automatic;
				DEAD_CODE_STRIPPING = YES;
				ENABLE_HARDENED_RUNTIME = YES;
				PRODUCT_NAME = "$(TARGET_NAME)";
				SWIFT_VERSION = 5.0;
			};
			name = Debug;
		};
		A0FE7DA42CFEC7DC003F233C /* Release */ = {
			isa = XCBuildConfiguration;
			buildSettings = {
				CODE_SIGN_STYLE = Automatic;
				DEAD_CODE_STRIPPING = YES;
				ENABLE_HARDENED_RUNTIME = YES;
				PRODUCT_NAME = "$(TARGET_NAME)";
				SWIFT_VERSION = 5.0;
			};
			name = Release;
		};
/* End XCBuildConfiguration section */

/* Begin XCConfigurationList section */
		A005FD922D0A0D61002BAF19 /* Build configuration list for PBXNativeTarget "Day 11" */ = {
			isa = XCConfigurationList;
			buildConfigurations = (
				A005FD902D0A0D61002BAF19 /* Debug */,
				A005FD912D0A0D61002BAF19 /* Release */,
			);
			defaultConfigurationIsVisible = 0;
			defaultConfigurationName = Release;
		};
		A009171A2DDA694000561AD0 /* Build configuration list for PBXNativeTarget "Day 18" */ = {
			isa = XCConfigurationList;
			buildConfigurations = (
				A00917182DDA694000561AD0 /* Debug */,
				A00917192DDA694000561AD0 /* Release */,
			);
			defaultConfigurationIsVisible = 0;
			defaultConfigurationName = Release;
		};
		A00A46BA2D12331700CB4A60 /* Build configuration list for PBXNativeTarget "Day 15" */ = {
			isa = XCConfigurationList;
			buildConfigurations = (
				A00A46B82D12331700CB4A60 /* Debug */,
				A00A46B92D12331700CB4A60 /* Release */,
			);
			defaultConfigurationIsVisible = 0;
			defaultConfigurationName = Release;
		};
		A0238D492D016D660064B042 /* Build configuration list for PBXNativeTarget "Day 5" */ = {
			isa = XCConfigurationList;
			buildConfigurations = (
				A0238D472D016D660064B042 /* Debug */,
				A0238D482D016D660064B042 /* Release */,
			);
			defaultConfigurationIsVisible = 0;
			defaultConfigurationName = Release;
		};
		A024B6F92D08EDDE00D676C2 /* Build configuration list for PBXNativeTarget "Day 10" */ = {
			isa = XCConfigurationList;
			buildConfigurations = (
				A024B6F72D08EDDE00D676C2 /* Debug */,
				A024B6F82D08EDDE00D676C2 /* Release */,
			);
			defaultConfigurationIsVisible = 0;
			defaultConfigurationName = Release;
		};
		A02526232D00B04D00B0FB1F /* Build configuration list for PBXNativeTarget "Day 4" */ = {
			isa = XCConfigurationList;
			buildConfigurations = (
				A02526212D00B04D00B0FB1F /* Debug */,
				A02526222D00B04D00B0FB1F /* Release */,
			);
			defaultConfigurationIsVisible = 0;
			defaultConfigurationName = Release;
		};
		A028C5062D02C75100470FD0 /* Build configuration list for PBXNativeTarget "Day 6" */ = {
			isa = XCConfigurationList;
			buildConfigurations = (
				A028C5042D02C75100470FD0 /* Debug */,
				A028C5052D02C75100470FD0 /* Release */,
			);
			defaultConfigurationIsVisible = 0;
			defaultConfigurationName = Release;
		};
		A037DC682D17CE8700D8BD71 /* Build configuration list for PBXNativeTarget "Day 17" */ = {
			isa = XCConfigurationList;
			buildConfigurations = (
				A037DC692D17CE8700D8BD71 /* Debug */,
				A037DC6A2D17CE8700D8BD71 /* Release */,
			);
			defaultConfigurationIsVisible = 0;
			defaultConfigurationName = Release;
		};
		A03C273E2D040E9C00AA5A8D /* Build configuration list for PBXNativeTarget "Day 7" */ = {
			isa = XCConfigurationList;
			buildConfigurations = (
				A03C273C2D040E9C00AA5A8D /* Debug */,
				A03C273D2D040E9C00AA5A8D /* Release */,
			);
			defaultConfigurationIsVisible = 0;
			defaultConfigurationName = Release;
		};
		A05EB3962CFC89AD00FE96C0 /* Build configuration list for PBXProject "Advent of Code 2024" */ = {
			isa = XCConfigurationList;
			buildConfigurations = (
				A05EB3A02CFC89AD00FE96C0 /* Debug */,
				A05EB3A12CFC89AD00FE96C0 /* Release */,
			);
			defaultConfigurationIsVisible = 0;
			defaultConfigurationName = Release;
		};
		A075BFD42CFE0B0000D32068 /* Build configuration list for PBXNativeTarget "Day 2" */ = {
			isa = XCConfigurationList;
			buildConfigurations = (
				A075BFD22CFE0B0000D32068 /* Debug */,
				A075BFD32CFE0B0000D32068 /* Release */,
			);
			defaultConfigurationIsVisible = 0;
			defaultConfigurationName = Release;
		};
		A088318B2D0BC95F00C9CA31 /* Build configuration list for PBXNativeTarget "Day 12" */ = {
			isa = XCConfigurationList;
			buildConfigurations = (
				A08831892D0BC95F00C9CA31 /* Debug */,
				A088318A2D0BC95F00C9CA31 /* Release */,
			);
			defaultConfigurationIsVisible = 0;
			defaultConfigurationName = Release;
		};
		A0EBDB682D0CF77E00053B82 /* Build configuration list for PBXNativeTarget "Day 13" */ = {
			isa = XCConfigurationList;
			buildConfigurations = (
				A0EBDB662D0CF77E00053B82 /* Debug */,
				A0EBDB672D0CF77E00053B82 /* Release */,
			);
			defaultConfigurationIsVisible = 0;
			defaultConfigurationName = Release;
		};
		A0EBDB762D0F79A800053B82 /* Build configuration list for PBXNativeTarget "Day 14" */ = {
			isa = XCConfigurationList;
			buildConfigurations = (
				A0EBDB772D0F79A800053B82 /* Debug */,
				A0EBDB782D0F79A800053B82 /* Release */,
			);
			defaultConfigurationIsVisible = 0;
			defaultConfigurationName = Release;
		};
		A0EE5DCC2D0699FB0060F774 /* Build configuration list for PBXNativeTarget "Day 8" */ = {
			isa = XCConfigurationList;
			buildConfigurations = (
				A0EE5DCA2D0699FB0060F774 /* Debug */,
				A0EE5DCB2D0699FB0060F774 /* Release */,
			);
			defaultConfigurationIsVisible = 0;
			defaultConfigurationName = Release;
		};
		A0EE5DDC2D06AEA10060F774 /* Build configuration list for PBXNativeTarget "Day 9" */ = {
			isa = XCConfigurationList;
			buildConfigurations = (
				A0EE5DDD2D06AEA10060F774 /* Debug */,
				A0EE5DDE2D06AEA10060F774 /* Release */,
			);
			defaultConfigurationIsVisible = 0;
			defaultConfigurationName = Release;
		};
		A0EFDBC92CFC89F8006B6AD2 /* Build configuration list for PBXNativeTarget "Day 1" */ = {
			isa = XCConfigurationList;
			buildConfigurations = (
				A0EFDBCA2CFC89F8006B6AD2 /* Debug */,
				A0EFDBCB2CFC89F8006B6AD2 /* Release */,
			);
			defaultConfigurationIsVisible = 0;
			defaultConfigurationName = Release;
		};
		A0F050762D176DF400719B4B /* Build configuration list for PBXNativeTarget "Day 16" */ = {
			isa = XCConfigurationList;
			buildConfigurations = (
				A0F050772D176DF400719B4B /* Debug */,
				A0F050782D176DF400719B4B /* Release */,
			);
			defaultConfigurationIsVisible = 0;
			defaultConfigurationName = Release;
		};
		A0FE7DA52CFEC7DC003F233C /* Build configuration list for PBXNativeTarget "Day 3" */ = {
			isa = XCConfigurationList;
			buildConfigurations = (
				A0FE7DA32CFEC7DC003F233C /* Debug */,
				A0FE7DA42CFEC7DC003F233C /* Release */,
			);
			defaultConfigurationIsVisible = 0;
			defaultConfigurationName = Release;
		};
/* End XCConfigurationList section */

/* Begin XCRemoteSwiftPackageReference section */
		A0F0507B2D17776000719B4B /* XCRemoteSwiftPackageReference "swift-collections" */ = {
			isa = XCRemoteSwiftPackageReference;
			repositoryURL = "https://github.com/apple/swift-collections.git";
			requirement = {
				kind = upToNextMajorVersion;
				minimumVersion = 1.1.4;
			};
		};
/* End XCRemoteSwiftPackageReference section */

/* Begin XCSwiftPackageProductDependency section */
		A00917212DDA763800561AD0 /* DequeModule */ = {
			isa = XCSwiftPackageProductDependency;
			package = A0F0507B2D17776000719B4B /* XCRemoteSwiftPackageReference "swift-collections" */;
			productName = DequeModule;
		};
		A0F0507C2D17776000719B4B /* HeapModule */ = {
			isa = XCSwiftPackageProductDependency;
			package = A0F0507B2D17776000719B4B /* XCRemoteSwiftPackageReference "swift-collections" */;
			productName = HeapModule;
		};
/* End XCSwiftPackageProductDependency section */
	};
	rootObject = A05EB3932CFC89AD00FE96C0 /* Project object */;
}
