// !$*UTF8*$!
{
	archiveVersion = 1;
	classes = {
	};
	objectVersion = 56;
	objects = {

/* Begin PBXBuildFile section */
		A00AD6F42B2035910033F3AE /* main.swift in Sources */ = {isa = PBXBuildFile; fileRef = A00AD6F32B2035910033F3AE /* main.swift */; };
		A00AD6F92B2037800033F3AE /* input.txt in CopyFiles */ = {isa = PBXBuildFile; fileRef = A00AD6F82B2035AF0033F3AE /* input.txt */; };
		A00AD7012B203CE40033F3AE /* main.swift in Sources */ = {isa = PBXBuildFile; fileRef = A00AD7002B203CE40033F3AE /* main.swift */; };
		A00AD7072B203D290033F3AE /* input.txt in CopyFiles */ = {isa = PBXBuildFile; fileRef = A00AD7052B203D0C0033F3AE /* input.txt */; };
		A0108EA32B27814E0002FE01 /* main.swift in Sources */ = {isa = PBXBuildFile; fileRef = A0108EA22B27814E0002FE01 /* main.swift */; };
		A0108EAB2B2787E70002FE01 /* input.txt in CopyFiles */ = {isa = PBXBuildFile; fileRef = A0108EAA2B2781A90002FE01 /* input.txt */; };
		A0108EAC2B2787E70002FE01 /* spec.txt in CopyFiles */ = {isa = PBXBuildFile; fileRef = A0108EA82B2781730002FE01 /* spec.txt */; };
		A0108EAD2B2787E70002FE01 /* spec_2.txt in CopyFiles */ = {isa = PBXBuildFile; fileRef = A0108EA92B27817F0002FE01 /* spec_2.txt */; };
		A0108EB12B278D1E0002FE01 /* spec_3.txt in CopyFiles */ = {isa = PBXBuildFile; fileRef = A0108EAE2B278BC20002FE01 /* spec_3.txt */; };
		A0108EB22B278D1E0002FE01 /* spec_4.txt in CopyFiles */ = {isa = PBXBuildFile; fileRef = A0108EAF2B278BD40002FE01 /* spec_4.txt */; };
		A0108EB32B278D1E0002FE01 /* spec_5.txt in CopyFiles */ = {isa = PBXBuildFile; fileRef = A0108EB02B278C190002FE01 /* spec_5.txt */; };
		A01721062B1C1E25009C653D /* main.swift in Sources */ = {isa = PBXBuildFile; fileRef = A01721052B1C1E25009C653D /* main.swift */; };
		A017210D2B1C1EED009C653D /* input.txt in CopyFiles */ = {isa = PBXBuildFile; fileRef = A017210C2B1C1EE2009C653D /* input.txt */; };
		A026089B2B2A9C730053C63D /* main.swift in Sources */ = {isa = PBXBuildFile; fileRef = A026089A2B2A9C730053C63D /* main.swift */; };
		A02608A12B2A9CCF0053C63D /* input.txt in CopyFiles */ = {isa = PBXBuildFile; fileRef = A02608A02B2A9CBF0053C63D /* input.txt */; };
		A02608A22B2A9CCF0053C63D /* spec.txt in CopyFiles */ = {isa = PBXBuildFile; fileRef = A026089F2B2A9C8E0053C63D /* spec.txt */; };
		A0299C6A2B24436B00E5F095 /* main.swift in Sources */ = {isa = PBXBuildFile; fileRef = A0299C692B24436B00E5F095 /* main.swift */; };
		A0299C6F2B2443AB00E5F095 /* input.txt in CopyFiles */ = {isa = PBXBuildFile; fileRef = A0299C6E2B2443A300E5F095 /* input.txt */; };
		A0299C712B244C8000E5F095 /* spec.txt in CopyFiles */ = {isa = PBXBuildFile; fileRef = A0299C702B244C7500E5F095 /* spec.txt */; };
		A03CC9B42B22AF8F0052766D /* main.swift in Sources */ = {isa = PBXBuildFile; fileRef = A03CC9B32B22AF8F0052766D /* main.swift */; };
		A03CC9B92B22AFAC0052766D /* input.txt in CopyFiles */ = {isa = PBXBuildFile; fileRef = A03CC9B82B22AFA50052766D /* input.txt */; };
		A03CC9BC2B22B74E0052766D /* spec.txt in CopyFiles */ = {isa = PBXBuildFile; fileRef = A03CC9BB2B22B7100052766D /* spec.txt */; };
		A056DE042B2675590051FF79 /* input.txt in CopyFiles */ = {isa = PBXBuildFile; fileRef = A056DE032B2675540051FF79 /* input.txt */; };
		A056DE0C2B2675620051FF79 /* main.swift in Sources */ = {isa = PBXBuildFile; fileRef = A056DE0B2B2675620051FF79 /* main.swift */; };
		A056DE122B2677630051FF79 /* input.txt in CopyFiles */ = {isa = PBXBuildFile; fileRef = A056DE112B26758B0051FF79 /* input.txt */; };
		A056DE132B2677630051FF79 /* spec.txt in CopyFiles */ = {isa = PBXBuildFile; fileRef = A056DE102B2675780051FF79 /* spec.txt */; };
		A07DE65B2B1D9678005FC356 /* main.swift in Sources */ = {isa = PBXBuildFile; fileRef = A07DE65A2B1D9678005FC356 /* main.swift */; };
		A07DE6602B1D994F005FC356 /* input.txt in CopyFiles */ = {isa = PBXBuildFile; fileRef = A07DE65F2B1D967C005FC356 /* input.txt */; };
		A07DE6682B1D9BF9005FC356 /* main.swift in Sources */ = {isa = PBXBuildFile; fileRef = A07DE6672B1D9BF9005FC356 /* main.swift */; };
		A07DE6702B1D9C39005FC356 /* input.txt in CopyFiles */ = {isa = PBXBuildFile; fileRef = A07DE66F2B1D9C35005FC356 /* input.txt */; };
		A0C797802B296928007EB8F7 /* spec_clean.txt in CopyFiles */ = {isa = PBXBuildFile; fileRef = A0C7977F2B29691E007EB8F7 /* spec_clean.txt */; };
		A0E1ACA12B2196E6005C298D /* spec.txt in CopyFiles */ = {isa = PBXBuildFile; fileRef = A0E1ACA02B2196B7005C298D /* spec.txt */; };
		A0E794202B253CFA0078D744 /* main.swift in Sources */ = {isa = PBXBuildFile; fileRef = A0E7941F2B253CFA0078D744 /* main.swift */; };
		A0E794282B253ECB0078D744 /* spec_1.txt in CopyFiles */ = {isa = PBXBuildFile; fileRef = A0E794252B253EAF0078D744 /* spec_1.txt */; };
		A0E794292B253ECB0078D744 /* spec_2.txt in CopyFiles */ = {isa = PBXBuildFile; fileRef = A0E794262B253EC00078D744 /* spec_2.txt */; };
		A0E7942B2B2543FD0078D744 /* spec_p2.txt in CopyFiles */ = {isa = PBXBuildFile; fileRef = A0E7942A2B2543FA0078D744 /* spec_p2.txt */; };
/* End PBXBuildFile section */

/* Begin PBXCopyFilesBuildPhase section */
		A00AD6EF2B2035910033F3AE /* CopyFiles */ = {
			isa = PBXCopyFilesBuildPhase;
			buildActionMask = 12;
			dstPath = "";
			dstSubfolderSpec = 16;
			files = (
				A00AD6F92B2037800033F3AE /* input.txt in CopyFiles */,
			);
			runOnlyForDeploymentPostprocessing = 0;
		};
		A00AD6FC2B203CE30033F3AE /* CopyFiles */ = {
			isa = PBXCopyFilesBuildPhase;
			buildActionMask = 12;
			dstPath = "";
			dstSubfolderSpec = 16;
			files = (
				A0E1ACA12B2196E6005C298D /* spec.txt in CopyFiles */,
				A00AD7072B203D290033F3AE /* input.txt in CopyFiles */,
			);
			runOnlyForDeploymentPostprocessing = 0;
		};
		A0108E9E2B27814E0002FE01 /* CopyFiles */ = {
			isa = PBXCopyFilesBuildPhase;
			buildActionMask = 12;
			dstPath = "";
			dstSubfolderSpec = 16;
			files = (
				A0C797802B296928007EB8F7 /* spec_clean.txt in CopyFiles */,
				A0108EB12B278D1E0002FE01 /* spec_3.txt in CopyFiles */,
				A0108EB22B278D1E0002FE01 /* spec_4.txt in CopyFiles */,
				A0108EB32B278D1E0002FE01 /* spec_5.txt in CopyFiles */,
				A0108EAB2B2787E70002FE01 /* input.txt in CopyFiles */,
				A0108EAC2B2787E70002FE01 /* spec.txt in CopyFiles */,
				A0108EAD2B2787E70002FE01 /* spec_2.txt in CopyFiles */,
			);
			runOnlyForDeploymentPostprocessing = 0;
		};
		A01721002B1C1E25009C653D /* CopyFiles */ = {
			isa = PBXCopyFilesBuildPhase;
			buildActionMask = 12;
			dstPath = "";
			dstSubfolderSpec = 16;
			files = (
				A017210D2B1C1EED009C653D /* input.txt in CopyFiles */,
			);
			runOnlyForDeploymentPostprocessing = 0;
		};
		A02608962B2A9C730053C63D /* CopyFiles */ = {
			isa = PBXCopyFilesBuildPhase;
			buildActionMask = 12;
			dstPath = "";
			dstSubfolderSpec = 16;
			files = (
				A02608A12B2A9CCF0053C63D /* input.txt in CopyFiles */,
				A02608A22B2A9CCF0053C63D /* spec.txt in CopyFiles */,
			);
			runOnlyForDeploymentPostprocessing = 0;
		};
		A0299C652B24436B00E5F095 /* CopyFiles */ = {
			isa = PBXCopyFilesBuildPhase;
			buildActionMask = 12;
			dstPath = "";
			dstSubfolderSpec = 16;
			files = (
				A0299C712B244C8000E5F095 /* spec.txt in CopyFiles */,
				A0299C6F2B2443AB00E5F095 /* input.txt in CopyFiles */,
			);
			runOnlyForDeploymentPostprocessing = 0;
		};
		A03CC9AF2B22AF8F0052766D /* CopyFiles */ = {
			isa = PBXCopyFilesBuildPhase;
			buildActionMask = 12;
			dstPath = "";
			dstSubfolderSpec = 16;
			files = (
				A03CC9BC2B22B74E0052766D /* spec.txt in CopyFiles */,
				A03CC9B92B22AFAC0052766D /* input.txt in CopyFiles */,
			);
			runOnlyForDeploymentPostprocessing = 0;
		};
		A056DE072B2675620051FF79 /* CopyFiles */ = {
			isa = PBXCopyFilesBuildPhase;
			buildActionMask = 12;
			dstPath = "";
			dstSubfolderSpec = 16;
			files = (
				A056DE122B2677630051FF79 /* input.txt in CopyFiles */,
				A056DE132B2677630051FF79 /* spec.txt in CopyFiles */,
			);
			runOnlyForDeploymentPostprocessing = 0;
		};
		A07DE6562B1D9678005FC356 /* CopyFiles */ = {
			isa = PBXCopyFilesBuildPhase;
			buildActionMask = 12;
			dstPath = "";
			dstSubfolderSpec = 16;
			files = (
				A07DE6602B1D994F005FC356 /* input.txt in CopyFiles */,
			);
			runOnlyForDeploymentPostprocessing = 0;
		};
		A07DE6632B1D9BF9005FC356 /* CopyFiles */ = {
			isa = PBXCopyFilesBuildPhase;
			buildActionMask = 12;
			dstPath = "";
			dstSubfolderSpec = 16;
			files = (
				A07DE6702B1D9C39005FC356 /* input.txt in CopyFiles */,
			);
			runOnlyForDeploymentPostprocessing = 0;
		};
		A0E7941B2B253CFA0078D744 /* CopyFiles */ = {
			isa = PBXCopyFilesBuildPhase;
			buildActionMask = 12;
			dstPath = "";
			dstSubfolderSpec = 16;
			files = (
				A056DE042B2675590051FF79 /* input.txt in CopyFiles */,
				A0E7942B2B2543FD0078D744 /* spec_p2.txt in CopyFiles */,
				A0E794282B253ECB0078D744 /* spec_1.txt in CopyFiles */,
				A0E794292B253ECB0078D744 /* spec_2.txt in CopyFiles */,
			);
			runOnlyForDeploymentPostprocessing = 0;
		};
/* End PBXCopyFilesBuildPhase section */

/* Begin PBXFileReference section */
		A00AD6F12B2035910033F3AE /* Day 4 */ = {isa = PBXFileReference; explicitFileType = "compiled.mach-o.executable"; includeInIndex = 0; path = "Day 4"; sourceTree = BUILT_PRODUCTS_DIR; };
		A00AD6F32B2035910033F3AE /* main.swift */ = {isa = PBXFileReference; lastKnownFileType = sourcecode.swift; path = main.swift; sourceTree = "<group>"; };
		A00AD6F82B2035AF0033F3AE /* input.txt */ = {isa = PBXFileReference; fileEncoding = 4; lastKnownFileType = text; path = input.txt; sourceTree = "<group>"; };
		A00AD6FE2B203CE30033F3AE /* Day 5 */ = {isa = PBXFileReference; explicitFileType = "compiled.mach-o.executable"; includeInIndex = 0; path = "Day 5"; sourceTree = BUILT_PRODUCTS_DIR; };
		A00AD7002B203CE40033F3AE /* main.swift */ = {isa = PBXFileReference; lastKnownFileType = sourcecode.swift; path = main.swift; sourceTree = "<group>"; };
		A00AD7052B203D0C0033F3AE /* input.txt */ = {isa = PBXFileReference; fileEncoding = 4; lastKnownFileType = text; path = input.txt; sourceTree = "<group>"; };
		A0108EA02B27814E0002FE01 /* Day 10 */ = {isa = PBXFileReference; explicitFileType = "compiled.mach-o.executable"; includeInIndex = 0; path = "Day 10"; sourceTree = BUILT_PRODUCTS_DIR; };
		A0108EA22B27814E0002FE01 /* main.swift */ = {isa = PBXFileReference; lastKnownFileType = sourcecode.swift; path = main.swift; sourceTree = "<group>"; };
		A0108EA82B2781730002FE01 /* spec.txt */ = {isa = PBXFileReference; lastKnownFileType = text; path = spec.txt; sourceTree = "<group>"; };
		A0108EA92B27817F0002FE01 /* spec_2.txt */ = {isa = PBXFileReference; lastKnownFileType = text; path = spec_2.txt; sourceTree = "<group>"; };
		A0108EAA2B2781A90002FE01 /* input.txt */ = {isa = PBXFileReference; fileEncoding = 4; lastKnownFileType = text; path = input.txt; sourceTree = "<group>"; };
		A0108EAE2B278BC20002FE01 /* spec_3.txt */ = {isa = PBXFileReference; lastKnownFileType = text; path = spec_3.txt; sourceTree = "<group>"; };
		A0108EAF2B278BD40002FE01 /* spec_4.txt */ = {isa = PBXFileReference; lastKnownFileType = text; path = spec_4.txt; sourceTree = "<group>"; };
		A0108EB02B278C190002FE01 /* spec_5.txt */ = {isa = PBXFileReference; lastKnownFileType = text; path = spec_5.txt; sourceTree = "<group>"; };
		A01721022B1C1E25009C653D /* Day 1 */ = {isa = PBXFileReference; explicitFileType = "compiled.mach-o.executable"; includeInIndex = 0; path = "Day 1"; sourceTree = BUILT_PRODUCTS_DIR; };
		A01721052B1C1E25009C653D /* main.swift */ = {isa = PBXFileReference; lastKnownFileType = sourcecode.swift; path = main.swift; sourceTree = "<group>"; };
		A017210C2B1C1EE2009C653D /* input.txt */ = {isa = PBXFileReference; fileEncoding = 4; lastKnownFileType = text; path = input.txt; sourceTree = "<group>"; };
		A017210E2B1C2CFC009C653D /* README.md */ = {isa = PBXFileReference; lastKnownFileType = net.daringfireball.markdown; path = README.md; sourceTree = "<group>"; };
		A02608982B2A9C730053C63D /* Day 11 */ = {isa = PBXFileReference; explicitFileType = "compiled.mach-o.executable"; includeInIndex = 0; path = "Day 11"; sourceTree = BUILT_PRODUCTS_DIR; };
		A026089A2B2A9C730053C63D /* main.swift */ = {isa = PBXFileReference; lastKnownFileType = sourcecode.swift; path = main.swift; sourceTree = "<group>"; };
		A026089F2B2A9C8E0053C63D /* spec.txt */ = {isa = PBXFileReference; lastKnownFileType = text; path = spec.txt; sourceTree = "<group>"; };
		A02608A02B2A9CBF0053C63D /* input.txt */ = {isa = PBXFileReference; lastKnownFileType = text; path = input.txt; sourceTree = "<group>"; };
		A0299C672B24436B00E5F095 /* Day 7 */ = {isa = PBXFileReference; explicitFileType = "compiled.mach-o.executable"; includeInIndex = 0; path = "Day 7"; sourceTree = BUILT_PRODUCTS_DIR; };
		A0299C692B24436B00E5F095 /* main.swift */ = {isa = PBXFileReference; lastKnownFileType = sourcecode.swift; path = main.swift; sourceTree = "<group>"; };
		A0299C6E2B2443A300E5F095 /* input.txt */ = {isa = PBXFileReference; fileEncoding = 4; lastKnownFileType = text; path = input.txt; sourceTree = "<group>"; };
		A0299C702B244C7500E5F095 /* spec.txt */ = {isa = PBXFileReference; lastKnownFileType = text; path = spec.txt; sourceTree = "<group>"; };
		A03CC9B12B22AF8F0052766D /* Day 6 */ = {isa = PBXFileReference; explicitFileType = "compiled.mach-o.executable"; includeInIndex = 0; path = "Day 6"; sourceTree = BUILT_PRODUCTS_DIR; };
		A03CC9B32B22AF8F0052766D /* main.swift */ = {isa = PBXFileReference; lastKnownFileType = sourcecode.swift; path = main.swift; sourceTree = "<group>"; };
		A03CC9B82B22AFA50052766D /* input.txt */ = {isa = PBXFileReference; fileEncoding = 4; lastKnownFileType = text; path = input.txt; sourceTree = "<group>"; };
		A03CC9BB2B22B7100052766D /* spec.txt */ = {isa = PBXFileReference; lastKnownFileType = text; path = spec.txt; sourceTree = "<group>"; };
		A056DE032B2675540051FF79 /* input.txt */ = {isa = PBXFileReference; fileEncoding = 4; lastKnownFileType = text; path = input.txt; sourceTree = "<group>"; };
		A056DE092B2675620051FF79 /* Day 9 */ = {isa = PBXFileReference; explicitFileType = "compiled.mach-o.executable"; includeInIndex = 0; path = "Day 9"; sourceTree = BUILT_PRODUCTS_DIR; };
		A056DE0B2B2675620051FF79 /* main.swift */ = {isa = PBXFileReference; lastKnownFileType = sourcecode.swift; path = main.swift; sourceTree = "<group>"; };
		A056DE102B2675780051FF79 /* spec.txt */ = {isa = PBXFileReference; lastKnownFileType = text; path = spec.txt; sourceTree = "<group>"; };
		A056DE112B26758B0051FF79 /* input.txt */ = {isa = PBXFileReference; fileEncoding = 4; lastKnownFileType = text; path = input.txt; sourceTree = "<group>"; };
		A07DE6582B1D9678005FC356 /* Day 2 */ = {isa = PBXFileReference; explicitFileType = "compiled.mach-o.executable"; includeInIndex = 0; path = "Day 2"; sourceTree = BUILT_PRODUCTS_DIR; };
		A07DE65A2B1D9678005FC356 /* main.swift */ = {isa = PBXFileReference; lastKnownFileType = sourcecode.swift; path = main.swift; sourceTree = "<group>"; };
		A07DE65F2B1D967C005FC356 /* input.txt */ = {isa = PBXFileReference; lastKnownFileType = text; path = input.txt; sourceTree = "<group>"; };
		A07DE6652B1D9BF9005FC356 /* Day 3 */ = {isa = PBXFileReference; explicitFileType = "compiled.mach-o.executable"; includeInIndex = 0; path = "Day 3"; sourceTree = BUILT_PRODUCTS_DIR; };
		A07DE6672B1D9BF9005FC356 /* main.swift */ = {isa = PBXFileReference; lastKnownFileType = sourcecode.swift; path = main.swift; sourceTree = "<group>"; };
		A07DE66F2B1D9C35005FC356 /* input.txt */ = {isa = PBXFileReference; fileEncoding = 4; lastKnownFileType = text; path = input.txt; sourceTree = "<group>"; };
		A0C7977F2B29691E007EB8F7 /* spec_clean.txt */ = {isa = PBXFileReference; lastKnownFileType = text; path = spec_clean.txt; sourceTree = "<group>"; };
		A0E1ACA02B2196B7005C298D /* spec.txt */ = {isa = PBXFileReference; fileEncoding = 4; lastKnownFileType = text; path = spec.txt; sourceTree = "<group>"; };
		A0E7941D2B253CFA0078D744 /* Day 8 */ = {isa = PBXFileReference; explicitFileType = "compiled.mach-o.executable"; includeInIndex = 0; path = "Day 8"; sourceTree = BUILT_PRODUCTS_DIR; };
		A0E7941F2B253CFA0078D744 /* main.swift */ = {isa = PBXFileReference; lastKnownFileType = sourcecode.swift; path = main.swift; sourceTree = "<group>"; };
		A0E794252B253EAF0078D744 /* spec_1.txt */ = {isa = PBXFileReference; lastKnownFileType = text; path = spec_1.txt; sourceTree = "<group>"; };
		A0E794262B253EC00078D744 /* spec_2.txt */ = {isa = PBXFileReference; lastKnownFileType = text; path = spec_2.txt; sourceTree = "<group>"; };
		A0E7942A2B2543FA0078D744 /* spec_p2.txt */ = {isa = PBXFileReference; lastKnownFileType = text; path = spec_p2.txt; sourceTree = "<group>"; };
/* End PBXFileReference section */

/* Begin PBXFrameworksBuildPhase section */
		A00AD6EE2B2035910033F3AE /* Frameworks */ = {
			isa = PBXFrameworksBuildPhase;
			buildActionMask = 2147483647;
			files = (
			);
			runOnlyForDeploymentPostprocessing = 0;
		};
		A00AD6FB2B203CE30033F3AE /* Frameworks */ = {
			isa = PBXFrameworksBuildPhase;
			buildActionMask = 2147483647;
			files = (
			);
			runOnlyForDeploymentPostprocessing = 0;
		};
		A0108E9D2B27814E0002FE01 /* Frameworks */ = {
			isa = PBXFrameworksBuildPhase;
			buildActionMask = 2147483647;
			files = (
			);
			runOnlyForDeploymentPostprocessing = 0;
		};
		A01720FF2B1C1E25009C653D /* Frameworks */ = {
			isa = PBXFrameworksBuildPhase;
			buildActionMask = 2147483647;
			files = (
			);
			runOnlyForDeploymentPostprocessing = 0;
		};
		A02608952B2A9C730053C63D /* Frameworks */ = {
			isa = PBXFrameworksBuildPhase;
			buildActionMask = 2147483647;
			files = (
			);
			runOnlyForDeploymentPostprocessing = 0;
		};
		A0299C642B24436B00E5F095 /* Frameworks */ = {
			isa = PBXFrameworksBuildPhase;
			buildActionMask = 2147483647;
			files = (
			);
			runOnlyForDeploymentPostprocessing = 0;
		};
		A03CC9AE2B22AF8F0052766D /* Frameworks */ = {
			isa = PBXFrameworksBuildPhase;
			buildActionMask = 2147483647;
			files = (
			);
			runOnlyForDeploymentPostprocessing = 0;
		};
		A056DE062B2675620051FF79 /* Frameworks */ = {
			isa = PBXFrameworksBuildPhase;
			buildActionMask = 2147483647;
			files = (
			);
			runOnlyForDeploymentPostprocessing = 0;
		};
		A07DE6552B1D9678005FC356 /* Frameworks */ = {
			isa = PBXFrameworksBuildPhase;
			buildActionMask = 2147483647;
			files = (
			);
			runOnlyForDeploymentPostprocessing = 0;
		};
		A07DE6622B1D9BF9005FC356 /* Frameworks */ = {
			isa = PBXFrameworksBuildPhase;
			buildActionMask = 2147483647;
			files = (
			);
			runOnlyForDeploymentPostprocessing = 0;
		};
		A0E7941A2B253CFA0078D744 /* Frameworks */ = {
			isa = PBXFrameworksBuildPhase;
			buildActionMask = 2147483647;
			files = (
			);
			runOnlyForDeploymentPostprocessing = 0;
		};
/* End PBXFrameworksBuildPhase section */

/* Begin PBXGroup section */
		A00AD6F22B2035910033F3AE /* Day 4 */ = {
			isa = PBXGroup;
			children = (
				A00AD6F32B2035910033F3AE /* main.swift */,
				A00AD6F82B2035AF0033F3AE /* input.txt */,
			);
			path = "Day 4";
			sourceTree = "<group>";
		};
		A00AD6FF2B203CE40033F3AE /* Day 5 */ = {
			isa = PBXGroup;
			children = (
				A00AD7002B203CE40033F3AE /* main.swift */,
				A00AD7052B203D0C0033F3AE /* input.txt */,
				A0E1ACA02B2196B7005C298D /* spec.txt */,
			);
			path = "Day 5";
			sourceTree = "<group>";
		};
		A0108EA12B27814E0002FE01 /* Day 10 */ = {
			isa = PBXGroup;
			children = (
				A0108EAA2B2781A90002FE01 /* input.txt */,
				A0108EA22B27814E0002FE01 /* main.swift */,
				A0108EA82B2781730002FE01 /* spec.txt */,
				A0108EA92B27817F0002FE01 /* spec_2.txt */,
				A0108EAE2B278BC20002FE01 /* spec_3.txt */,
				A0108EAF2B278BD40002FE01 /* spec_4.txt */,
				A0108EB02B278C190002FE01 /* spec_5.txt */,
				A0C7977F2B29691E007EB8F7 /* spec_clean.txt */,
			);
			path = "Day 10";
			sourceTree = "<group>";
		};
		A01720F92B1C1E24009C653D = {
			isa = PBXGroup;
			children = (
				A017210E2B1C2CFC009C653D /* README.md */,
				A01721042B1C1E25009C653D /* Day 1 */,
				A07DE6592B1D9678005FC356 /* Day 2 */,
				A07DE6662B1D9BF9005FC356 /* Day 3 */,
				A00AD6F22B2035910033F3AE /* Day 4 */,
				A00AD6FF2B203CE40033F3AE /* Day 5 */,
				A03CC9B22B22AF8F0052766D /* Day 6 */,
				A0299C682B24436B00E5F095 /* Day 7 */,
				A0E7941E2B253CFA0078D744 /* Day 8 */,
				A056DE0A2B2675620051FF79 /* Day 9 */,
				A0108EA12B27814E0002FE01 /* Day 10 */,
				A02608992B2A9C730053C63D /* Day 11 */,
				A01721032B1C1E25009C653D /* Products */,
			);
			sourceTree = "<group>";
		};
		A01721032B1C1E25009C653D /* Products */ = {
			isa = PBXGroup;
			children = (
				A01721022B1C1E25009C653D /* Day 1 */,
				A07DE6582B1D9678005FC356 /* Day 2 */,
				A07DE6652B1D9BF9005FC356 /* Day 3 */,
				A00AD6F12B2035910033F3AE /* Day 4 */,
				A00AD6FE2B203CE30033F3AE /* Day 5 */,
				A03CC9B12B22AF8F0052766D /* Day 6 */,
				A0299C672B24436B00E5F095 /* Day 7 */,
				A0E7941D2B253CFA0078D744 /* Day 8 */,
				A056DE092B2675620051FF79 /* Day 9 */,
				A0108EA02B27814E0002FE01 /* Day 10 */,
				A02608982B2A9C730053C63D /* Day 11 */,
			);
			name = Products;
			sourceTree = "<group>";
		};
		A01721042B1C1E25009C653D /* Day 1 */ = {
			isa = PBXGroup;
			children = (
				A01721052B1C1E25009C653D /* main.swift */,
				A017210C2B1C1EE2009C653D /* input.txt */,
			);
			path = "Day 1";
			sourceTree = "<group>";
		};
		A02608992B2A9C730053C63D /* Day 11 */ = {
			isa = PBXGroup;
			children = (
				A02608A02B2A9CBF0053C63D /* input.txt */,
				A026089A2B2A9C730053C63D /* main.swift */,
				A026089F2B2A9C8E0053C63D /* spec.txt */,
			);
			path = "Day 11";
			sourceTree = "<group>";
		};
		A0299C682B24436B00E5F095 /* Day 7 */ = {
			isa = PBXGroup;
			children = (
				A0299C6E2B2443A300E5F095 /* input.txt */,
				A0299C692B24436B00E5F095 /* main.swift */,
				A0299C702B244C7500E5F095 /* spec.txt */,
			);
			path = "Day 7";
			sourceTree = "<group>";
		};
		A03CC9B22B22AF8F0052766D /* Day 6 */ = {
			isa = PBXGroup;
			children = (
				A03CC9B32B22AF8F0052766D /* main.swift */,
				A03CC9B82B22AFA50052766D /* input.txt */,
				A03CC9BB2B22B7100052766D /* spec.txt */,
			);
			path = "Day 6";
			sourceTree = "<group>";
		};
		A056DE0A2B2675620051FF79 /* Day 9 */ = {
			isa = PBXGroup;
			children = (
				A056DE112B26758B0051FF79 /* input.txt */,
				A056DE0B2B2675620051FF79 /* main.swift */,
				A056DE102B2675780051FF79 /* spec.txt */,
			);
			path = "Day 9";
			sourceTree = "<group>";
		};
		A07DE6592B1D9678005FC356 /* Day 2 */ = {
			isa = PBXGroup;
			children = (
				A07DE65F2B1D967C005FC356 /* input.txt */,
				A07DE65A2B1D9678005FC356 /* main.swift */,
			);
			path = "Day 2";
			sourceTree = "<group>";
		};
		A07DE6662B1D9BF9005FC356 /* Day 3 */ = {
			isa = PBXGroup;
			children = (
				A07DE66F2B1D9C35005FC356 /* input.txt */,
				A07DE6672B1D9BF9005FC356 /* main.swift */,
			);
			path = "Day 3";
			sourceTree = "<group>";
		};
		A0E7941E2B253CFA0078D744 /* Day 8 */ = {
			isa = PBXGroup;
			children = (
				A056DE032B2675540051FF79 /* input.txt */,
				A0E7941F2B253CFA0078D744 /* main.swift */,
				A0E794252B253EAF0078D744 /* spec_1.txt */,
				A0E794262B253EC00078D744 /* spec_2.txt */,
				A0E7942A2B2543FA0078D744 /* spec_p2.txt */,
			);
			path = "Day 8";
			sourceTree = "<group>";
		};
/* End PBXGroup section */

/* Begin PBXNativeTarget section */
		A00AD6F02B2035910033F3AE /* Day 4 */ = {
			isa = PBXNativeTarget;
			buildConfigurationList = A00AD6F52B2035910033F3AE /* Build configuration list for PBXNativeTarget "Day 4" */;
			buildPhases = (
				A00AD6ED2B2035910033F3AE /* Sources */,
				A00AD6EE2B2035910033F3AE /* Frameworks */,
				A00AD6EF2B2035910033F3AE /* CopyFiles */,
			);
			buildRules = (
			);
			dependencies = (
			);
			name = "Day 4";
			productName = "Day 4";
			productReference = A00AD6F12B2035910033F3AE /* Day 4 */;
			productType = "com.apple.product-type.tool";
		};
		A00AD6FD2B203CE30033F3AE /* Day 5 */ = {
			isa = PBXNativeTarget;
			buildConfigurationList = A00AD7022B203CE40033F3AE /* Build configuration list for PBXNativeTarget "Day 5" */;
			buildPhases = (
				A00AD6FA2B203CE30033F3AE /* Sources */,
				A00AD6FB2B203CE30033F3AE /* Frameworks */,
				A00AD6FC2B203CE30033F3AE /* CopyFiles */,
			);
			buildRules = (
			);
			dependencies = (
			);
			name = "Day 5";
			productName = "Day 5";
			productReference = A00AD6FE2B203CE30033F3AE /* Day 5 */;
			productType = "com.apple.product-type.tool";
		};
		A0108E9F2B27814E0002FE01 /* Day 10 */ = {
			isa = PBXNativeTarget;
			buildConfigurationList = A0108EA62B27814E0002FE01 /* Build configuration list for PBXNativeTarget "Day 10" */;
			buildPhases = (
				A0108E9C2B27814E0002FE01 /* Sources */,
				A0108E9D2B27814E0002FE01 /* Frameworks */,
				A0108E9E2B27814E0002FE01 /* CopyFiles */,
			);
			buildRules = (
			);
			dependencies = (
			);
			name = "Day 10";
			productName = "Day 10";
			productReference = A0108EA02B27814E0002FE01 /* Day 10 */;
			productType = "com.apple.product-type.tool";
		};
		A01721012B1C1E25009C653D /* Day 1 */ = {
			isa = PBXNativeTarget;
			buildConfigurationList = A01721092B1C1E25009C653D /* Build configuration list for PBXNativeTarget "Day 1" */;
			buildPhases = (
				A01720FE2B1C1E25009C653D /* Sources */,
				A01720FF2B1C1E25009C653D /* Frameworks */,
				A01721002B1C1E25009C653D /* CopyFiles */,
			);
			buildRules = (
			);
			dependencies = (
			);
			name = "Day 1";
			productName = "Advent of Code 2023";
			productReference = A01721022B1C1E25009C653D /* Day 1 */;
			productType = "com.apple.product-type.tool";
		};
		A02608972B2A9C730053C63D /* Day 11 */ = {
			isa = PBXNativeTarget;
			buildConfigurationList = A026089E2B2A9C730053C63D /* Build configuration list for PBXNativeTarget "Day 11" */;
			buildPhases = (
				A02608942B2A9C730053C63D /* Sources */,
				A02608952B2A9C730053C63D /* Frameworks */,
				A02608962B2A9C730053C63D /* CopyFiles */,
			);
			buildRules = (
			);
			dependencies = (
			);
			name = "Day 11";
			productName = "Day 11";
			productReference = A02608982B2A9C730053C63D /* Day 11 */;
			productType = "com.apple.product-type.tool";
		};
		A0299C662B24436B00E5F095 /* Day 7 */ = {
			isa = PBXNativeTarget;
			buildConfigurationList = A0299C6D2B24436B00E5F095 /* Build configuration list for PBXNativeTarget "Day 7" */;
			buildPhases = (
				A0299C632B24436B00E5F095 /* Sources */,
				A0299C642B24436B00E5F095 /* Frameworks */,
				A0299C652B24436B00E5F095 /* CopyFiles */,
			);
			buildRules = (
			);
			dependencies = (
			);
			name = "Day 7";
			productName = "Day 7";
			productReference = A0299C672B24436B00E5F095 /* Day 7 */;
			productType = "com.apple.product-type.tool";
		};
		A03CC9B02B22AF8F0052766D /* Day 6 */ = {
			isa = PBXNativeTarget;
			buildConfigurationList = A03CC9B72B22AF8F0052766D /* Build configuration list for PBXNativeTarget "Day 6" */;
			buildPhases = (
				A03CC9AD2B22AF8F0052766D /* Sources */,
				A03CC9AE2B22AF8F0052766D /* Frameworks */,
				A03CC9AF2B22AF8F0052766D /* CopyFiles */,
			);
			buildRules = (
			);
			dependencies = (
			);
			name = "Day 6";
			productName = "Day 6";
			productReference = A03CC9B12B22AF8F0052766D /* Day 6 */;
			productType = "com.apple.product-type.tool";
		};
		A056DE082B2675620051FF79 /* Day 9 */ = {
			isa = PBXNativeTarget;
			buildConfigurationList = A056DE0D2B2675620051FF79 /* Build configuration list for PBXNativeTarget "Day 9" */;
			buildPhases = (
				A056DE052B2675620051FF79 /* Sources */,
				A056DE062B2675620051FF79 /* Frameworks */,
				A056DE072B2675620051FF79 /* CopyFiles */,
			);
			buildRules = (
			);
			dependencies = (
			);
			name = "Day 9";
			productName = "Day 9";
			productReference = A056DE092B2675620051FF79 /* Day 9 */;
			productType = "com.apple.product-type.tool";
		};
		A07DE6572B1D9678005FC356 /* Day 2 */ = {
			isa = PBXNativeTarget;
			buildConfigurationList = A07DE65C2B1D9678005FC356 /* Build configuration list for PBXNativeTarget "Day 2" */;
			buildPhases = (
				A07DE6542B1D9678005FC356 /* Sources */,
				A07DE6552B1D9678005FC356 /* Frameworks */,
				A07DE6562B1D9678005FC356 /* CopyFiles */,
			);
			buildRules = (
			);
			dependencies = (
			);
			name = "Day 2";
			productName = "Day 2";
			productReference = A07DE6582B1D9678005FC356 /* Day 2 */;
			productType = "com.apple.product-type.tool";
		};
		A07DE6642B1D9BF9005FC356 /* Day 3 */ = {
			isa = PBXNativeTarget;
			buildConfigurationList = A07DE6692B1D9BF9005FC356 /* Build configuration list for PBXNativeTarget "Day 3" */;
			buildPhases = (
				A07DE6612B1D9BF9005FC356 /* Sources */,
				A07DE6622B1D9BF9005FC356 /* Frameworks */,
				A07DE6632B1D9BF9005FC356 /* CopyFiles */,
			);
			buildRules = (
			);
			dependencies = (
			);
			name = "Day 3";
			productName = "Day 3";
			productReference = A07DE6652B1D9BF9005FC356 /* Day 3 */;
			productType = "com.apple.product-type.tool";
		};
		A0E7941C2B253CFA0078D744 /* Day 8 */ = {
			isa = PBXNativeTarget;
			buildConfigurationList = A0E794232B253CFA0078D744 /* Build configuration list for PBXNativeTarget "Day 8" */;
			buildPhases = (
				A0E794192B253CFA0078D744 /* Sources */,
				A0E7941A2B253CFA0078D744 /* Frameworks */,
				A0E7941B2B253CFA0078D744 /* CopyFiles */,
			);
			buildRules = (
			);
			dependencies = (
			);
			name = "Day 8";
			productName = "Day 8";
			productReference = A0E7941D2B253CFA0078D744 /* Day 8 */;
			productType = "com.apple.product-type.tool";
		};
/* End PBXNativeTarget section */

/* Begin PBXProject section */
		A01720FA2B1C1E24009C653D /* Project object */ = {
			isa = PBXProject;
			attributes = {
				BuildIndependentTargetsInParallel = 1;
				LastSwiftUpdateCheck = 1510;
				LastUpgradeCheck = 1510;
				TargetAttributes = {
					A00AD6F02B2035910033F3AE = {
						CreatedOnToolsVersion = 15.0.1;
					};
					A00AD6FD2B203CE30033F3AE = {
						CreatedOnToolsVersion = 15.0.1;
					};
					A0108E9F2B27814E0002FE01 = {
						CreatedOnToolsVersion = 15.0.1;
					};
					A01721012B1C1E25009C653D = {
						CreatedOnToolsVersion = 15.0.1;
					};
					A02608972B2A9C730053C63D = {
						CreatedOnToolsVersion = 15.1;
					};
					A0299C662B24436B00E5F095 = {
						CreatedOnToolsVersion = 15.0.1;
					};
					A03CC9B02B22AF8F0052766D = {
						CreatedOnToolsVersion = 15.0.1;
					};
					A056DE082B2675620051FF79 = {
						CreatedOnToolsVersion = 15.0.1;
					};
					A07DE6572B1D9678005FC356 = {
						CreatedOnToolsVersion = 15.0.1;
					};
					A07DE6642B1D9BF9005FC356 = {
						CreatedOnToolsVersion = 15.0.1;
					};
					A0E7941C2B253CFA0078D744 = {
						CreatedOnToolsVersion = 15.0.1;
					};
				};
			};
			buildConfigurationList = A01720FD2B1C1E24009C653D /* Build configuration list for PBXProject "Advent of Code 2023" */;
			compatibilityVersion = "Xcode 14.0";
			developmentRegion = en;
			hasScannedForEncodings = 0;
			knownRegions = (
				en,
				Base,
			);
			mainGroup = A01720F92B1C1E24009C653D;
			productRefGroup = A01721032B1C1E25009C653D /* Products */;
			projectDirPath = "";
			projectRoot = "";
			targets = (
				A01721012B1C1E25009C653D /* Day 1 */,
				A07DE6572B1D9678005FC356 /* Day 2 */,
				A07DE6642B1D9BF9005FC356 /* Day 3 */,
				A00AD6F02B2035910033F3AE /* Day 4 */,
				A00AD6FD2B203CE30033F3AE /* Day 5 */,
				A03CC9B02B22AF8F0052766D /* Day 6 */,
				A0299C662B24436B00E5F095 /* Day 7 */,
				A0E7941C2B253CFA0078D744 /* Day 8 */,
				A056DE082B2675620051FF79 /* Day 9 */,
				A0108E9F2B27814E0002FE01 /* Day 10 */,
				A02608972B2A9C730053C63D /* Day 11 */,
			);
		};
/* End PBXProject section */

/* Begin PBXSourcesBuildPhase section */
		A00AD6ED2B2035910033F3AE /* Sources */ = {
			isa = PBXSourcesBuildPhase;
			buildActionMask = 2147483647;
			files = (
				A00AD6F42B2035910033F3AE /* main.swift in Sources */,
			);
			runOnlyForDeploymentPostprocessing = 0;
		};
		A00AD6FA2B203CE30033F3AE /* Sources */ = {
			isa = PBXSourcesBuildPhase;
			buildActionMask = 2147483647;
			files = (
				A00AD7012B203CE40033F3AE /* main.swift in Sources */,
			);
			runOnlyForDeploymentPostprocessing = 0;
		};
		A0108E9C2B27814E0002FE01 /* Sources */ = {
			isa = PBXSourcesBuildPhase;
			buildActionMask = 2147483647;
			files = (
				A0108EA32B27814E0002FE01 /* main.swift in Sources */,
			);
			runOnlyForDeploymentPostprocessing = 0;
		};
		A01720FE2B1C1E25009C653D /* Sources */ = {
			isa = PBXSourcesBuildPhase;
			buildActionMask = 2147483647;
			files = (
				A01721062B1C1E25009C653D /* main.swift in Sources */,
			);
			runOnlyForDeploymentPostprocessing = 0;
		};
		A02608942B2A9C730053C63D /* Sources */ = {
			isa = PBXSourcesBuildPhase;
			buildActionMask = 2147483647;
			files = (
				A026089B2B2A9C730053C63D /* main.swift in Sources */,
			);
			runOnlyForDeploymentPostprocessing = 0;
		};
		A0299C632B24436B00E5F095 /* Sources */ = {
			isa = PBXSourcesBuildPhase;
			buildActionMask = 2147483647;
			files = (
				A0299C6A2B24436B00E5F095 /* main.swift in Sources */,
			);
			runOnlyForDeploymentPostprocessing = 0;
		};
		A03CC9AD2B22AF8F0052766D /* Sources */ = {
			isa = PBXSourcesBuildPhase;
			buildActionMask = 2147483647;
			files = (
				A03CC9B42B22AF8F0052766D /* main.swift in Sources */,
			);
			runOnlyForDeploymentPostprocessing = 0;
		};
		A056DE052B2675620051FF79 /* Sources */ = {
			isa = PBXSourcesBuildPhase;
			buildActionMask = 2147483647;
			files = (
				A056DE0C2B2675620051FF79 /* main.swift in Sources */,
			);
			runOnlyForDeploymentPostprocessing = 0;
		};
		A07DE6542B1D9678005FC356 /* Sources */ = {
			isa = PBXSourcesBuildPhase;
			buildActionMask = 2147483647;
			files = (
				A07DE65B2B1D9678005FC356 /* main.swift in Sources */,
			);
			runOnlyForDeploymentPostprocessing = 0;
		};
		A07DE6612B1D9BF9005FC356 /* Sources */ = {
			isa = PBXSourcesBuildPhase;
			buildActionMask = 2147483647;
			files = (
				A07DE6682B1D9BF9005FC356 /* main.swift in Sources */,
			);
			runOnlyForDeploymentPostprocessing = 0;
		};
		A0E794192B253CFA0078D744 /* Sources */ = {
			isa = PBXSourcesBuildPhase;
			buildActionMask = 2147483647;
			files = (
				A0E794202B253CFA0078D744 /* main.swift in Sources */,
			);
			runOnlyForDeploymentPostprocessing = 0;
		};
/* End PBXSourcesBuildPhase section */

/* Begin XCBuildConfiguration section */
		A00AD6F62B2035910033F3AE /* Debug */ = {
			isa = XCBuildConfiguration;
			buildSettings = {
				CODE_SIGN_STYLE = Automatic;
				DEAD_CODE_STRIPPING = YES;
				DEVELOPMENT_TEAM = 27888865CT;
				ENABLE_HARDENED_RUNTIME = YES;
				PRODUCT_NAME = "$(TARGET_NAME)";
				SWIFT_VERSION = 5.0;
			};
			name = Debug;
		};
		A00AD6F72B2035910033F3AE /* Release */ = {
			isa = XCBuildConfiguration;
			buildSettings = {
				CODE_SIGN_STYLE = Automatic;
				DEAD_CODE_STRIPPING = YES;
				DEVELOPMENT_TEAM = 27888865CT;
				ENABLE_HARDENED_RUNTIME = YES;
				PRODUCT_NAME = "$(TARGET_NAME)";
				SWIFT_VERSION = 5.0;
			};
			name = Release;
		};
		A00AD7032B203CE40033F3AE /* Debug */ = {
			isa = XCBuildConfiguration;
			buildSettings = {
				CODE_SIGN_STYLE = Automatic;
				DEAD_CODE_STRIPPING = YES;
				DEVELOPMENT_TEAM = 27888865CT;
				ENABLE_HARDENED_RUNTIME = YES;
				PRODUCT_NAME = "$(TARGET_NAME)";
				SWIFT_VERSION = 5.0;
			};
			name = Debug;
		};
		A00AD7042B203CE40033F3AE /* Release */ = {
			isa = XCBuildConfiguration;
			buildSettings = {
				CODE_SIGN_STYLE = Automatic;
				DEAD_CODE_STRIPPING = YES;
				DEVELOPMENT_TEAM = 27888865CT;
				ENABLE_HARDENED_RUNTIME = YES;
				PRODUCT_NAME = "$(TARGET_NAME)";
				SWIFT_VERSION = 5.0;
			};
			name = Release;
		};
		A0108EA42B27814E0002FE01 /* Debug */ = {
			isa = XCBuildConfiguration;
			buildSettings = {
				CODE_SIGN_STYLE = Automatic;
				DEAD_CODE_STRIPPING = YES;
				DEVELOPMENT_TEAM = 27888865CT;
				ENABLE_HARDENED_RUNTIME = YES;
				PRODUCT_NAME = "$(TARGET_NAME)";
				SWIFT_VERSION = 5.0;
			};
			name = Debug;
		};
		A0108EA52B27814E0002FE01 /* Release */ = {
			isa = XCBuildConfiguration;
			buildSettings = {
				CODE_SIGN_STYLE = Automatic;
				DEAD_CODE_STRIPPING = YES;
				DEVELOPMENT_TEAM = 27888865CT;
				ENABLE_HARDENED_RUNTIME = YES;
				PRODUCT_NAME = "$(TARGET_NAME)";
				SWIFT_VERSION = 5.0;
			};
			name = Release;
		};
		A01721072B1C1E25009C653D /* Debug */ = {
			isa = XCBuildConfiguration;
			buildSettings = {
				ALWAYS_SEARCH_USER_PATHS = NO;
				ASSETCATALOG_COMPILER_GENERATE_SWIFT_ASSET_SYMBOL_EXTENSIONS = YES;
				CLANG_ANALYZER_NONNULL = YES;
				CLANG_ANALYZER_NUMBER_OBJECT_CONVERSION = YES_AGGRESSIVE;
				CLANG_CXX_LANGUAGE_STANDARD = "gnu++20";
				CLANG_ENABLE_MODULES = YES;
				CLANG_ENABLE_OBJC_ARC = YES;
				CLANG_ENABLE_OBJC_WEAK = YES;
				CLANG_WARN_BLOCK_CAPTURE_AUTORELEASING = YES;
				CLANG_WARN_BOOL_CONVERSION = YES;
				CLANG_WARN_COMMA = YES;
				CLANG_WARN_CONSTANT_CONVERSION = YES;
				CLANG_WARN_DEPRECATED_OBJC_IMPLEMENTATIONS = YES;
				CLANG_WARN_DIRECT_OBJC_ISA_USAGE = YES_ERROR;
				CLANG_WARN_DOCUMENTATION_COMMENTS = YES;
				CLANG_WARN_EMPTY_BODY = YES;
				CLANG_WARN_ENUM_CONVERSION = YES;
				CLANG_WARN_INFINITE_RECURSION = YES;
				CLANG_WARN_INT_CONVERSION = YES;
				CLANG_WARN_NON_LITERAL_NULL_CONVERSION = YES;
				CLANG_WARN_OBJC_IMPLICIT_RETAIN_SELF = YES;
				CLANG_WARN_OBJC_LITERAL_CONVERSION = YES;
				CLANG_WARN_OBJC_ROOT_CLASS = YES_ERROR;
				CLANG_WARN_QUOTED_INCLUDE_IN_FRAMEWORK_HEADER = YES;
				CLANG_WARN_RANGE_LOOP_ANALYSIS = YES;
				CLANG_WARN_STRICT_PROTOTYPES = YES;
				CLANG_WARN_SUSPICIOUS_MOVE = YES;
				CLANG_WARN_UNGUARDED_AVAILABILITY = YES_AGGRESSIVE;
				CLANG_WARN_UNREACHABLE_CODE = YES;
				CLANG_WARN__DUPLICATE_METHOD_MATCH = YES;
				COPY_PHASE_STRIP = NO;
				DEAD_CODE_STRIPPING = YES;
				DEBUG_INFORMATION_FORMAT = dwarf;
				ENABLE_STRICT_OBJC_MSGSEND = YES;
				ENABLE_TESTABILITY = YES;
				ENABLE_USER_SCRIPT_SANDBOXING = YES;
				GCC_C_LANGUAGE_STANDARD = gnu17;
				GCC_DYNAMIC_NO_PIC = NO;
				GCC_NO_COMMON_BLOCKS = YES;
				GCC_OPTIMIZATION_LEVEL = 0;
				GCC_PREPROCESSOR_DEFINITIONS = (
					"DEBUG=1",
					"$(inherited)",
				);
				GCC_WARN_64_TO_32_BIT_CONVERSION = YES;
				GCC_WARN_ABOUT_RETURN_TYPE = YES_ERROR;
				GCC_WARN_UNDECLARED_SELECTOR = YES;
				GCC_WARN_UNINITIALIZED_AUTOS = YES_AGGRESSIVE;
				GCC_WARN_UNUSED_FUNCTION = YES;
				GCC_WARN_UNUSED_VARIABLE = YES;
				LOCALIZATION_PREFERS_STRING_CATALOGS = YES;
				MACOSX_DEPLOYMENT_TARGET = 14.0;
				MTL_ENABLE_DEBUG_INFO = INCLUDE_SOURCE;
				MTL_FAST_MATH = YES;
				ONLY_ACTIVE_ARCH = YES;
				SDKROOT = macosx;
				SWIFT_ACTIVE_COMPILATION_CONDITIONS = "DEBUG $(inherited)";
				SWIFT_OPTIMIZATION_LEVEL = "-Onone";
			};
			name = Debug;
		};
		A01721082B1C1E25009C653D /* Release */ = {
			isa = XCBuildConfiguration;
			buildSettings = {
				ALWAYS_SEARCH_USER_PATHS = NO;
				ASSETCATALOG_COMPILER_GENERATE_SWIFT_ASSET_SYMBOL_EXTENSIONS = YES;
				CLANG_ANALYZER_NONNULL = YES;
				CLANG_ANALYZER_NUMBER_OBJECT_CONVERSION = YES_AGGRESSIVE;
				CLANG_CXX_LANGUAGE_STANDARD = "gnu++20";
				CLANG_ENABLE_MODULES = YES;
				CLANG_ENABLE_OBJC_ARC = YES;
				CLANG_ENABLE_OBJC_WEAK = YES;
				CLANG_WARN_BLOCK_CAPTURE_AUTORELEASING = YES;
				CLANG_WARN_BOOL_CONVERSION = YES;
				CLANG_WARN_COMMA = YES;
				CLANG_WARN_CONSTANT_CONVERSION = YES;
				CLANG_WARN_DEPRECATED_OBJC_IMPLEMENTATIONS = YES;
				CLANG_WARN_DIRECT_OBJC_ISA_USAGE = YES_ERROR;
				CLANG_WARN_DOCUMENTATION_COMMENTS = YES;
				CLANG_WARN_EMPTY_BODY = YES;
				CLANG_WARN_ENUM_CONVERSION = YES;
				CLANG_WARN_INFINITE_RECURSION = YES;
				CLANG_WARN_INT_CONVERSION = YES;
				CLANG_WARN_NON_LITERAL_NULL_CONVERSION = YES;
				CLANG_WARN_OBJC_IMPLICIT_RETAIN_SELF = YES;
				CLANG_WARN_OBJC_LITERAL_CONVERSION = YES;
				CLANG_WARN_OBJC_ROOT_CLASS = YES_ERROR;
				CLANG_WARN_QUOTED_INCLUDE_IN_FRAMEWORK_HEADER = YES;
				CLANG_WARN_RANGE_LOOP_ANALYSIS = YES;
				CLANG_WARN_STRICT_PROTOTYPES = YES;
				CLANG_WARN_SUSPICIOUS_MOVE = YES;
				CLANG_WARN_UNGUARDED_AVAILABILITY = YES_AGGRESSIVE;
				CLANG_WARN_UNREACHABLE_CODE = YES;
				CLANG_WARN__DUPLICATE_METHOD_MATCH = YES;
				COPY_PHASE_STRIP = NO;
				DEAD_CODE_STRIPPING = YES;
				DEBUG_INFORMATION_FORMAT = "dwarf-with-dsym";
				ENABLE_NS_ASSERTIONS = NO;
				ENABLE_STRICT_OBJC_MSGSEND = YES;
				ENABLE_USER_SCRIPT_SANDBOXING = YES;
				GCC_C_LANGUAGE_STANDARD = gnu17;
				GCC_NO_COMMON_BLOCKS = YES;
				GCC_WARN_64_TO_32_BIT_CONVERSION = YES;
				GCC_WARN_ABOUT_RETURN_TYPE = YES_ERROR;
				GCC_WARN_UNDECLARED_SELECTOR = YES;
				GCC_WARN_UNINITIALIZED_AUTOS = YES_AGGRESSIVE;
				GCC_WARN_UNUSED_FUNCTION = YES;
				GCC_WARN_UNUSED_VARIABLE = YES;
				LOCALIZATION_PREFERS_STRING_CATALOGS = YES;
				MACOSX_DEPLOYMENT_TARGET = 14.0;
				MTL_ENABLE_DEBUG_INFO = NO;
				MTL_FAST_MATH = YES;
				SDKROOT = macosx;
				SWIFT_COMPILATION_MODE = wholemodule;
			};
			name = Release;
		};
		A017210A2B1C1E25009C653D /* Debug */ = {
			isa = XCBuildConfiguration;
			buildSettings = {
				CODE_SIGN_STYLE = Automatic;
				DEAD_CODE_STRIPPING = YES;
				DEVELOPMENT_TEAM = 27888865CT;
				ENABLE_HARDENED_RUNTIME = YES;
				PRODUCT_NAME = "$(TARGET_NAME)";
				SWIFT_VERSION = 5.0;
			};
			name = Debug;
		};
		A017210B2B1C1E25009C653D /* Release */ = {
			isa = XCBuildConfiguration;
			buildSettings = {
				CODE_SIGN_STYLE = Automatic;
				DEAD_CODE_STRIPPING = YES;
				DEVELOPMENT_TEAM = 27888865CT;
				ENABLE_HARDENED_RUNTIME = YES;
				PRODUCT_NAME = "$(TARGET_NAME)";
				SWIFT_VERSION = 5.0;
			};
			name = Release;
		};
		A026089C2B2A9C730053C63D /* Debug */ = {
			isa = XCBuildConfiguration;
			buildSettings = {
				CODE_SIGN_STYLE = Automatic;
				DEVELOPMENT_TEAM = 27888865CT;
				ENABLE_HARDENED_RUNTIME = YES;
				MACOSX_DEPLOYMENT_TARGET = 14.1;
				PRODUCT_NAME = "$(TARGET_NAME)";
				SWIFT_VERSION = 5.0;
			};
			name = Debug;
		};
		A026089D2B2A9C730053C63D /* Release */ = {
			isa = XCBuildConfiguration;
			buildSettings = {
				CODE_SIGN_STYLE = Automatic;
				DEVELOPMENT_TEAM = 27888865CT;
				ENABLE_HARDENED_RUNTIME = YES;
				MACOSX_DEPLOYMENT_TARGET = 14.1;
				PRODUCT_NAME = "$(TARGET_NAME)";
				SWIFT_VERSION = 5.0;
			};
			name = Release;
		};
		A0299C6B2B24436B00E5F095 /* Debug */ = {
			isa = XCBuildConfiguration;
			buildSettings = {
				CODE_SIGN_STYLE = Automatic;
				DEAD_CODE_STRIPPING = YES;
				DEVELOPMENT_TEAM = 27888865CT;
				ENABLE_HARDENED_RUNTIME = YES;
				PRODUCT_NAME = "$(TARGET_NAME)";
				SWIFT_VERSION = 5.0;
			};
			name = Debug;
		};
		A0299C6C2B24436B00E5F095 /* Release */ = {
			isa = XCBuildConfiguration;
			buildSettings = {
				CODE_SIGN_STYLE = Automatic;
				DEAD_CODE_STRIPPING = YES;
				DEVELOPMENT_TEAM = 27888865CT;
				ENABLE_HARDENED_RUNTIME = YES;
				PRODUCT_NAME = "$(TARGET_NAME)";
				SWIFT_VERSION = 5.0;
			};
			name = Release;
		};
		A03CC9B52B22AF8F0052766D /* Debug */ = {
			isa = XCBuildConfiguration;
			buildSettings = {
				CODE_SIGN_STYLE = Automatic;
				DEAD_CODE_STRIPPING = YES;
				DEVELOPMENT_TEAM = 27888865CT;
				ENABLE_HARDENED_RUNTIME = YES;
				PRODUCT_NAME = "$(TARGET_NAME)";
				SWIFT_VERSION = 5.0;
			};
			name = Debug;
		};
		A03CC9B62B22AF8F0052766D /* Release */ = {
			isa = XCBuildConfiguration;
			buildSettings = {
				CODE_SIGN_STYLE = Automatic;
				DEAD_CODE_STRIPPING = YES;
				DEVELOPMENT_TEAM = 27888865CT;
				ENABLE_HARDENED_RUNTIME = YES;
				PRODUCT_NAME = "$(TARGET_NAME)";
				SWIFT_VERSION = 5.0;
			};
			name = Release;
		};
		A056DE0E2B2675620051FF79 /* Debug */ = {
			isa = XCBuildConfiguration;
			buildSettings = {
				CODE_SIGN_STYLE = Automatic;
				DEAD_CODE_STRIPPING = YES;
				DEVELOPMENT_TEAM = 27888865CT;
				ENABLE_HARDENED_RUNTIME = YES;
				PRODUCT_NAME = "$(TARGET_NAME)";
				SWIFT_VERSION = 5.0;
			};
			name = Debug;
		};
		A056DE0F2B2675620051FF79 /* Release */ = {
			isa = XCBuildConfiguration;
			buildSettings = {
				CODE_SIGN_STYLE = Automatic;
				DEAD_CODE_STRIPPING = YES;
				DEVELOPMENT_TEAM = 27888865CT;
				ENABLE_HARDENED_RUNTIME = YES;
				PRODUCT_NAME = "$(TARGET_NAME)";
				SWIFT_VERSION = 5.0;
			};
			name = Release;
		};
		A07DE65D2B1D9678005FC356 /* Debug */ = {
			isa = XCBuildConfiguration;
			buildSettings = {
				CODE_SIGN_STYLE = Automatic;
				DEAD_CODE_STRIPPING = YES;
				DEVELOPMENT_TEAM = 27888865CT;
				ENABLE_HARDENED_RUNTIME = YES;
				PRODUCT_NAME = "$(TARGET_NAME)";
				SWIFT_VERSION = 5.0;
			};
			name = Debug;
		};
		A07DE65E2B1D9678005FC356 /* Release */ = {
			isa = XCBuildConfiguration;
			buildSettings = {
				CODE_SIGN_STYLE = Automatic;
				DEAD_CODE_STRIPPING = YES;
				DEVELOPMENT_TEAM = 27888865CT;
				ENABLE_HARDENED_RUNTIME = YES;
				PRODUCT_NAME = "$(TARGET_NAME)";
				SWIFT_VERSION = 5.0;
			};
			name = Release;
		};
		A07DE66A2B1D9BF9005FC356 /* Debug */ = {
			isa = XCBuildConfiguration;
			buildSettings = {
				CODE_SIGN_STYLE = Automatic;
				DEAD_CODE_STRIPPING = YES;
				DEVELOPMENT_TEAM = 27888865CT;
				ENABLE_HARDENED_RUNTIME = YES;
				PRODUCT_NAME = "$(TARGET_NAME)";
				SWIFT_VERSION = 5.0;
			};
			name = Debug;
		};
		A07DE66B2B1D9BF9005FC356 /* Release */ = {
			isa = XCBuildConfiguration;
			buildSettings = {
				CODE_SIGN_STYLE = Automatic;
				DEAD_CODE_STRIPPING = YES;
				DEVELOPMENT_TEAM = 27888865CT;
				ENABLE_HARDENED_RUNTIME = YES;
				PRODUCT_NAME = "$(TARGET_NAME)";
				SWIFT_VERSION = 5.0;
			};
			name = Release;
		};
		A0E794212B253CFA0078D744 /* Debug */ = {
			isa = XCBuildConfiguration;
			buildSettings = {
				CODE_SIGN_STYLE = Automatic;
				DEAD_CODE_STRIPPING = YES;
				DEVELOPMENT_TEAM = 27888865CT;
				ENABLE_HARDENED_RUNTIME = YES;
				PRODUCT_NAME = "$(TARGET_NAME)";
				SWIFT_VERSION = 5.0;
			};
			name = Debug;
		};
		A0E794222B253CFA0078D744 /* Release */ = {
			isa = XCBuildConfiguration;
			buildSettings = {
				CODE_SIGN_STYLE = Automatic;
				DEAD_CODE_STRIPPING = YES;
				DEVELOPMENT_TEAM = 27888865CT;
				ENABLE_HARDENED_RUNTIME = YES;
				PRODUCT_NAME = "$(TARGET_NAME)";
				SWIFT_VERSION = 5.0;
			};
			name = Release;
		};
/* End XCBuildConfiguration section */

/* Begin XCConfigurationList section */
		A00AD6F52B2035910033F3AE /* Build configuration list for PBXNativeTarget "Day 4" */ = {
			isa = XCConfigurationList;
			buildConfigurations = (
				A00AD6F62B2035910033F3AE /* Debug */,
				A00AD6F72B2035910033F3AE /* Release */,
			);
			defaultConfigurationIsVisible = 0;
			defaultConfigurationName = Release;
		};
		A00AD7022B203CE40033F3AE /* Build configuration list for PBXNativeTarget "Day 5" */ = {
			isa = XCConfigurationList;
			buildConfigurations = (
				A00AD7032B203CE40033F3AE /* Debug */,
				A00AD7042B203CE40033F3AE /* Release */,
			);
			defaultConfigurationIsVisible = 0;
			defaultConfigurationName = Release;
		};
		A0108EA62B27814E0002FE01 /* Build configuration list for PBXNativeTarget "Day 10" */ = {
			isa = XCConfigurationList;
			buildConfigurations = (
				A0108EA42B27814E0002FE01 /* Debug */,
				A0108EA52B27814E0002FE01 /* Release */,
			);
			defaultConfigurationIsVisible = 0;
			defaultConfigurationName = Release;
		};
		A01720FD2B1C1E24009C653D /* Build configuration list for PBXProject "Advent of Code 2023" */ = {
			isa = XCConfigurationList;
			buildConfigurations = (
				A01721072B1C1E25009C653D /* Debug */,
				A01721082B1C1E25009C653D /* Release */,
			);
			defaultConfigurationIsVisible = 0;
			defaultConfigurationName = Release;
		};
		A01721092B1C1E25009C653D /* Build configuration list for PBXNativeTarget "Day 1" */ = {
			isa = XCConfigurationList;
			buildConfigurations = (
				A017210A2B1C1E25009C653D /* Debug */,
				A017210B2B1C1E25009C653D /* Release */,
			);
			defaultConfigurationIsVisible = 0;
			defaultConfigurationName = Release;
		};
		A026089E2B2A9C730053C63D /* Build configuration list for PBXNativeTarget "Day 11" */ = {
			isa = XCConfigurationList;
			buildConfigurations = (
				A026089C2B2A9C730053C63D /* Debug */,
				A026089D2B2A9C730053C63D /* Release */,
			);
			defaultConfigurationIsVisible = 0;
			defaultConfigurationName = Release;
		};
		A0299C6D2B24436B00E5F095 /* Build configuration list for PBXNativeTarget "Day 7" */ = {
			isa = XCConfigurationList;
			buildConfigurations = (
				A0299C6B2B24436B00E5F095 /* Debug */,
				A0299C6C2B24436B00E5F095 /* Release */,
			);
			defaultConfigurationIsVisible = 0;
			defaultConfigurationName = Release;
		};
		A03CC9B72B22AF8F0052766D /* Build configuration list for PBXNativeTarget "Day 6" */ = {
			isa = XCConfigurationList;
			buildConfigurations = (
				A03CC9B52B22AF8F0052766D /* Debug */,
				A03CC9B62B22AF8F0052766D /* Release */,
			);
			defaultConfigurationIsVisible = 0;
			defaultConfigurationName = Release;
		};
		A056DE0D2B2675620051FF79 /* Build configuration list for PBXNativeTarget "Day 9" */ = {
			isa = XCConfigurationList;
			buildConfigurations = (
				A056DE0E2B2675620051FF79 /* Debug */,
				A056DE0F2B2675620051FF79 /* Release */,
			);
			defaultConfigurationIsVisible = 0;
			defaultConfigurationName = Release;
		};
		A07DE65C2B1D9678005FC356 /* Build configuration list for PBXNativeTarget "Day 2" */ = {
			isa = XCConfigurationList;
			buildConfigurations = (
				A07DE65D2B1D9678005FC356 /* Debug */,
				A07DE65E2B1D9678005FC356 /* Release */,
			);
			defaultConfigurationIsVisible = 0;
			defaultConfigurationName = Release;
		};
		A07DE6692B1D9BF9005FC356 /* Build configuration list for PBXNativeTarget "Day 3" */ = {
			isa = XCConfigurationList;
			buildConfigurations = (
				A07DE66A2B1D9BF9005FC356 /* Debug */,
				A07DE66B2B1D9BF9005FC356 /* Release */,
			);
			defaultConfigurationIsVisible = 0;
			defaultConfigurationName = Release;
		};
		A0E794232B253CFA0078D744 /* Build configuration list for PBXNativeTarget "Day 8" */ = {
			isa = XCConfigurationList;
			buildConfigurations = (
				A0E794212B253CFA0078D744 /* Debug */,
				A0E794222B253CFA0078D744 /* Release */,
			);
			defaultConfigurationIsVisible = 0;
			defaultConfigurationName = Release;
		};
/* End XCConfigurationList section */
	};
	rootObject = A01720FA2B1C1E24009C653D /* Project object */;
}
